
Microsoft Visual Studio Solution File, Format Version 12.00
# Visual Studio 15
VisualStudioVersion = 15.0.27428.2037
MinimumVisualStudioVersion = 10.0.40219.1
Project("{FAE04EC0-301F-11D3-BF4B-00C04F79EFBC}") = "XAMLmarkupExtensions.Android", "XAMLmarkupExtensions\XAMLmarkupExtensions.Android\XAMLmarkupExtensions.Android.csproj", "{2D299F48-91D0-4867-AF0E-0CCF0AFB421C}"
EndProject
Project("{FAE04EC0-301F-11D3-BF4B-00C04F79EFBC}") = "XAMLmarkupExtensions.iOS", "XAMLmarkupExtensions\XAMLmarkupExtensions.iOS\XAMLmarkupExtensions.iOS.csproj", "{644FE022-D38A-424A-971A-06E77A23B77D}"
EndProject
Project("{FAE04EC0-301F-11D3-BF4B-00C04F79EFBC}") = "XAMLmarkupExtensions.UWP", "XAMLmarkupExtensions\XAMLmarkupExtensions.UWP\XAMLmarkupExtensions.UWP.csproj", "{F7B3DFD5-203E-4998-82CA-9376F99245D9}"
EndProject
Project("{FAE04EC0-301F-11D3-BF4B-00C04F79EFBC}") = "XAMLmarkupExtensions", "XAMLmarkupExtensions\XAMLmarkupExtensions\XAMLmarkupExtensions.csproj", "{00D16196-50B9-4603-AC58-EB4D480A0E30}"
EndProject
Global
	GlobalSection(SolutionConfigurationPlatforms) = preSolution
		Ad-Hoc|Any CPU = Ad-Hoc|Any CPU
		Ad-Hoc|ARM = Ad-Hoc|ARM
		Ad-Hoc|iPhone = Ad-Hoc|iPhone
		Ad-Hoc|iPhoneSimulator = Ad-Hoc|iPhoneSimulator
		Ad-Hoc|x64 = Ad-Hoc|x64
		Ad-Hoc|x86 = Ad-Hoc|x86
		AppStore|Any CPU = AppStore|Any CPU
		AppStore|ARM = AppStore|ARM
		AppStore|iPhone = AppStore|iPhone
		AppStore|iPhoneSimulator = AppStore|iPhoneSimulator
		AppStore|x64 = AppStore|x64
		AppStore|x86 = AppStore|x86
		Debug|Any CPU = Debug|Any CPU
		Debug|ARM = Debug|ARM
		Debug|iPhone = Debug|iPhone
		Debug|iPhoneSimulator = Debug|iPhoneSimulator
		Debug|x64 = Debug|x64
		Debug|x86 = Debug|x86
		Release|Any CPU = Release|Any CPU
		Release|ARM = Release|ARM
		Release|iPhone = Release|iPhone
		Release|iPhoneSimulator = Release|iPhoneSimulator
		Release|x64 = Release|x64
		Release|x86 = Release|x86
	EndGlobalSection
	GlobalSection(ProjectConfigurationPlatforms) = postSolution
		{2D299F48-91D0-4867-AF0E-0CCF0AFB421C}.Ad-Hoc|Any CPU.ActiveCfg = Release|Any CPU
		{2D299F48-91D0-4867-AF0E-0CCF0AFB421C}.Ad-Hoc|Any CPU.Build.0 = Release|Any CPU
		{2D299F48-91D0-4867-AF0E-0CCF0AFB421C}.Ad-Hoc|Any CPU.Deploy.0 = Release|Any CPU
		{2D299F48-91D0-4867-AF0E-0CCF0AFB421C}.Ad-Hoc|ARM.ActiveCfg = Release|Any CPU
		{2D299F48-91D0-4867-AF0E-0CCF0AFB421C}.Ad-Hoc|ARM.Build.0 = Release|Any CPU
		{2D299F48-91D0-4867-AF0E-0CCF0AFB421C}.Ad-Hoc|ARM.Deploy.0 = Release|Any CPU
		{2D299F48-91D0-4867-AF0E-0CCF0AFB421C}.Ad-Hoc|iPhone.ActiveCfg = Release|Any CPU
		{2D299F48-91D0-4867-AF0E-0CCF0AFB421C}.Ad-Hoc|iPhone.Build.0 = Release|Any CPU
		{2D299F48-91D0-4867-AF0E-0CCF0AFB421C}.Ad-Hoc|iPhone.Deploy.0 = Release|Any CPU
		{2D299F48-91D0-4867-AF0E-0CCF0AFB421C}.Ad-Hoc|iPhoneSimulator.ActiveCfg = Release|Any CPU
		{2D299F48-91D0-4867-AF0E-0CCF0AFB421C}.Ad-Hoc|iPhoneSimulator.Build.0 = Release|Any CPU
		{2D299F48-91D0-4867-AF0E-0CCF0AFB421C}.Ad-Hoc|iPhoneSimulator.Deploy.0 = Release|Any CPU
		{2D299F48-91D0-4867-AF0E-0CCF0AFB421C}.Ad-Hoc|x64.ActiveCfg = Release|Any CPU
		{2D299F48-91D0-4867-AF0E-0CCF0AFB421C}.Ad-Hoc|x64.Build.0 = Release|Any CPU
		{2D299F48-91D0-4867-AF0E-0CCF0AFB421C}.Ad-Hoc|x64.Deploy.0 = Release|Any CPU
		{2D299F48-91D0-4867-AF0E-0CCF0AFB421C}.Ad-Hoc|x86.ActiveCfg = Release|Any CPU
		{2D299F48-91D0-4867-AF0E-0CCF0AFB421C}.Ad-Hoc|x86.Build.0 = Release|Any CPU
		{2D299F48-91D0-4867-AF0E-0CCF0AFB421C}.Ad-Hoc|x86.Deploy.0 = Release|Any CPU
		{2D299F48-91D0-4867-AF0E-0CCF0AFB421C}.AppStore|Any CPU.ActiveCfg = Release|Any CPU
		{2D299F48-91D0-4867-AF0E-0CCF0AFB421C}.AppStore|Any CPU.Build.0 = Release|Any CPU
		{2D299F48-91D0-4867-AF0E-0CCF0AFB421C}.AppStore|Any CPU.Deploy.0 = Release|Any CPU
		{2D299F48-91D0-4867-AF0E-0CCF0AFB421C}.AppStore|ARM.ActiveCfg = Release|Any CPU
		{2D299F48-91D0-4867-AF0E-0CCF0AFB421C}.AppStore|ARM.Build.0 = Release|Any CPU
		{2D299F48-91D0-4867-AF0E-0CCF0AFB421C}.AppStore|ARM.Deploy.0 = Release|Any CPU
		{2D299F48-91D0-4867-AF0E-0CCF0AFB421C}.AppStore|iPhone.ActiveCfg = Release|Any CPU
		{2D299F48-91D0-4867-AF0E-0CCF0AFB421C}.AppStore|iPhone.Build.0 = Release|Any CPU
		{2D299F48-91D0-4867-AF0E-0CCF0AFB421C}.AppStore|iPhone.Deploy.0 = Release|Any CPU
		{2D299F48-91D0-4867-AF0E-0CCF0AFB421C}.AppStore|iPhoneSimulator.ActiveCfg = Release|Any CPU
		{2D299F48-91D0-4867-AF0E-0CCF0AFB421C}.AppStore|iPhoneSimulator.Build.0 = Release|Any CPU
		{2D299F48-91D0-4867-AF0E-0CCF0AFB421C}.AppStore|iPhoneSimulator.Deploy.0 = Release|Any CPU
		{2D299F48-91D0-4867-AF0E-0CCF0AFB421C}.AppStore|x64.ActiveCfg = Release|Any CPU
		{2D299F48-91D0-4867-AF0E-0CCF0AFB421C}.AppStore|x64.Build.0 = Release|Any CPU
		{2D299F48-91D0-4867-AF0E-0CCF0AFB421C}.AppStore|x64.Deploy.0 = Release|Any CPU
		{2D299F48-91D0-4867-AF0E-0CCF0AFB421C}.AppStore|x86.ActiveCfg = Release|Any CPU
		{2D299F48-91D0-4867-AF0E-0CCF0AFB421C}.AppStore|x86.Build.0 = Release|Any CPU
		{2D299F48-91D0-4867-AF0E-0CCF0AFB421C}.AppStore|x86.Deploy.0 = Release|Any CPU
		{2D299F48-91D0-4867-AF0E-0CCF0AFB421C}.Debug|Any CPU.ActiveCfg = Debug|Any CPU
		{2D299F48-91D0-4867-AF0E-0CCF0AFB421C}.Debug|Any CPU.Build.0 = Debug|Any CPU
		{2D299F48-91D0-4867-AF0E-0CCF0AFB421C}.Debug|Any CPU.Deploy.0 = Debug|Any CPU
		{2D299F48-91D0-4867-AF0E-0CCF0AFB421C}.Debug|ARM.ActiveCfg = Debug|Any CPU
		{2D299F48-91D0-4867-AF0E-0CCF0AFB421C}.Debug|ARM.Build.0 = Debug|Any CPU
		{2D299F48-91D0-4867-AF0E-0CCF0AFB421C}.Debug|ARM.Deploy.0 = Debug|Any CPU
		{2D299F48-91D0-4867-AF0E-0CCF0AFB421C}.Debug|iPhone.ActiveCfg = Debug|Any CPU
		{2D299F48-91D0-4867-AF0E-0CCF0AFB421C}.Debug|iPhone.Build.0 = Debug|Any CPU
		{2D299F48-91D0-4867-AF0E-0CCF0AFB421C}.Debug|iPhone.Deploy.0 = Debug|Any CPU
		{2D299F48-91D0-4867-AF0E-0CCF0AFB421C}.Debug|iPhoneSimulator.ActiveCfg = Debug|Any CPU
		{2D299F48-91D0-4867-AF0E-0CCF0AFB421C}.Debug|iPhoneSimulator.Build.0 = Debug|Any CPU
		{2D299F48-91D0-4867-AF0E-0CCF0AFB421C}.Debug|iPhoneSimulator.Deploy.0 = Debug|Any CPU
		{2D299F48-91D0-4867-AF0E-0CCF0AFB421C}.Debug|x64.ActiveCfg = Debug|Any CPU
		{2D299F48-91D0-4867-AF0E-0CCF0AFB421C}.Debug|x64.Build.0 = Debug|Any CPU
		{2D299F48-91D0-4867-AF0E-0CCF0AFB421C}.Debug|x64.Deploy.0 = Debug|Any CPU
		{2D299F48-91D0-4867-AF0E-0CCF0AFB421C}.Debug|x86.ActiveCfg = Debug|Any CPU
		{2D299F48-91D0-4867-AF0E-0CCF0AFB421C}.Debug|x86.Build.0 = Debug|Any CPU
		{2D299F48-91D0-4867-AF0E-0CCF0AFB421C}.Debug|x86.Deploy.0 = Debug|Any CPU
		{2D299F48-91D0-4867-AF0E-0CCF0AFB421C}.Release|Any CPU.ActiveCfg = Release|Any CPU
		{2D299F48-91D0-4867-AF0E-0CCF0AFB421C}.Release|Any CPU.Build.0 = Release|Any CPU
		{2D299F48-91D0-4867-AF0E-0CCF0AFB421C}.Release|Any CPU.Deploy.0 = Release|Any CPU
		{2D299F48-91D0-4867-AF0E-0CCF0AFB421C}.Release|ARM.ActiveCfg = Release|Any CPU
		{2D299F48-91D0-4867-AF0E-0CCF0AFB421C}.Release|ARM.Build.0 = Release|Any CPU
		{2D299F48-91D0-4867-AF0E-0CCF0AFB421C}.Release|ARM.Deploy.0 = Release|Any CPU
		{2D299F48-91D0-4867-AF0E-0CCF0AFB421C}.Release|iPhone.ActiveCfg = Release|Any CPU
		{2D299F48-91D0-4867-AF0E-0CCF0AFB421C}.Release|iPhone.Build.0 = Release|Any CPU
		{2D299F48-91D0-4867-AF0E-0CCF0AFB421C}.Release|iPhone.Deploy.0 = Release|Any CPU
		{2D299F48-91D0-4867-AF0E-0CCF0AFB421C}.Release|iPhoneSimulator.ActiveCfg = Release|Any CPU
		{2D299F48-91D0-4867-AF0E-0CCF0AFB421C}.Release|iPhoneSimulator.Build.0 = Release|Any CPU
		{2D299F48-91D0-4867-AF0E-0CCF0AFB421C}.Release|iPhoneSimulator.Deploy.0 = Release|Any CPU
		{2D299F48-91D0-4867-AF0E-0CCF0AFB421C}.Release|x64.ActiveCfg = Release|Any CPU
		{2D299F48-91D0-4867-AF0E-0CCF0AFB421C}.Release|x64.Build.0 = Release|Any CPU
		{2D299F48-91D0-4867-AF0E-0CCF0AFB421C}.Release|x64.Deploy.0 = Release|Any CPU
		{2D299F48-91D0-4867-AF0E-0CCF0AFB421C}.Release|x86.ActiveCfg = Release|Any CPU
		{2D299F48-91D0-4867-AF0E-0CCF0AFB421C}.Release|x86.Build.0 = Release|Any CPU
		{2D299F48-91D0-4867-AF0E-0CCF0AFB421C}.Release|x86.Deploy.0 = Release|Any CPU
		{644FE022-D38A-424A-971A-06E77A23B77D}.Ad-Hoc|Any CPU.ActiveCfg = Ad-Hoc|iPhone
		{644FE022-D38A-424A-971A-06E77A23B77D}.Ad-Hoc|ARM.ActiveCfg = Ad-Hoc|iPhone
		{644FE022-D38A-424A-971A-06E77A23B77D}.Ad-Hoc|iPhone.ActiveCfg = Ad-Hoc|iPhone
		{644FE022-D38A-424A-971A-06E77A23B77D}.Ad-Hoc|iPhone.Build.0 = Ad-Hoc|iPhone
		{644FE022-D38A-424A-971A-06E77A23B77D}.Ad-Hoc|iPhoneSimulator.ActiveCfg = Ad-Hoc|iPhoneSimulator
		{644FE022-D38A-424A-971A-06E77A23B77D}.Ad-Hoc|iPhoneSimulator.Build.0 = Ad-Hoc|iPhoneSimulator
		{644FE022-D38A-424A-971A-06E77A23B77D}.Ad-Hoc|x64.ActiveCfg = Ad-Hoc|iPhone
		{644FE022-D38A-424A-971A-06E77A23B77D}.Ad-Hoc|x86.ActiveCfg = Ad-Hoc|iPhone
		{644FE022-D38A-424A-971A-06E77A23B77D}.AppStore|Any CPU.ActiveCfg = AppStore|iPhone
		{644FE022-D38A-424A-971A-06E77A23B77D}.AppStore|ARM.ActiveCfg = AppStore|iPhone
		{644FE022-D38A-424A-971A-06E77A23B77D}.AppStore|iPhone.ActiveCfg = AppStore|iPhone
		{644FE022-D38A-424A-971A-06E77A23B77D}.AppStore|iPhone.Build.0 = AppStore|iPhone
		{644FE022-D38A-424A-971A-06E77A23B77D}.AppStore|iPhoneSimulator.ActiveCfg = AppStore|iPhoneSimulator
		{644FE022-D38A-424A-971A-06E77A23B77D}.AppStore|iPhoneSimulator.Build.0 = AppStore|iPhoneSimulator
		{644FE022-D38A-424A-971A-06E77A23B77D}.AppStore|x64.ActiveCfg = AppStore|iPhone
		{644FE022-D38A-424A-971A-06E77A23B77D}.AppStore|x86.ActiveCfg = AppStore|iPhone
		{644FE022-D38A-424A-971A-06E77A23B77D}.Debug|Any CPU.ActiveCfg = Debug|iPhone
		{644FE022-D38A-424A-971A-06E77A23B77D}.Debug|ARM.ActiveCfg = Debug|iPhone
		{644FE022-D38A-424A-971A-06E77A23B77D}.Debug|iPhone.ActiveCfg = Debug|iPhone
		{644FE022-D38A-424A-971A-06E77A23B77D}.Debug|iPhone.Build.0 = Debug|iPhone
		{644FE022-D38A-424A-971A-06E77A23B77D}.Debug|iPhoneSimulator.ActiveCfg = Debug|iPhoneSimulator
		{644FE022-D38A-424A-971A-06E77A23B77D}.Debug|iPhoneSimulator.Build.0 = Debug|iPhoneSimulator
		{644FE022-D38A-424A-971A-06E77A23B77D}.Debug|x64.ActiveCfg = Debug|iPhone
		{644FE022-D38A-424A-971A-06E77A23B77D}.Debug|x86.ActiveCfg = Debug|iPhone
		{644FE022-D38A-424A-971A-06E77A23B77D}.Release|Any CPU.ActiveCfg = Release|iPhone
		{644FE022-D38A-424A-971A-06E77A23B77D}.Release|ARM.ActiveCfg = Release|iPhone
		{644FE022-D38A-424A-971A-06E77A23B77D}.Release|iPhone.ActiveCfg = Release|iPhone
		{644FE022-D38A-424A-971A-06E77A23B77D}.Release|iPhone.Build.0 = Release|iPhone
		{644FE022-D38A-424A-971A-06E77A23B77D}.Release|iPhoneSimulator.ActiveCfg = Release|iPhoneSimulator
		{644FE022-D38A-424A-971A-06E77A23B77D}.Release|iPhoneSimulator.Build.0 = Release|iPhoneSimulator
		{644FE022-D38A-424A-971A-06E77A23B77D}.Release|x64.ActiveCfg = Release|iPhone
		{644FE022-D38A-424A-971A-06E77A23B77D}.Release|x86.ActiveCfg = Release|iPhone
		{F7B3DFD5-203E-4998-82CA-9376F99245D9}.Ad-Hoc|Any CPU.ActiveCfg = Release|x86
		{F7B3DFD5-203E-4998-82CA-9376F99245D9}.Ad-Hoc|Any CPU.Build.0 = Release|x86
		{F7B3DFD5-203E-4998-82CA-9376F99245D9}.Ad-Hoc|Any CPU.Deploy.0 = Release|x86
		{F7B3DFD5-203E-4998-82CA-9376F99245D9}.Ad-Hoc|ARM.ActiveCfg = Release|ARM
		{F7B3DFD5-203E-4998-82CA-9376F99245D9}.Ad-Hoc|ARM.Build.0 = Release|ARM
		{F7B3DFD5-203E-4998-82CA-9376F99245D9}.Ad-Hoc|ARM.Deploy.0 = Release|ARM
		{F7B3DFD5-203E-4998-82CA-9376F99245D9}.Ad-Hoc|iPhone.ActiveCfg = Release|x86
		{F7B3DFD5-203E-4998-82CA-9376F99245D9}.Ad-Hoc|iPhone.Build.0 = Release|x86
		{F7B3DFD5-203E-4998-82CA-9376F99245D9}.Ad-Hoc|iPhone.Deploy.0 = Release|x86
		{F7B3DFD5-203E-4998-82CA-9376F99245D9}.Ad-Hoc|iPhoneSimulator.ActiveCfg = Release|x86
		{F7B3DFD5-203E-4998-82CA-9376F99245D9}.Ad-Hoc|iPhoneSimulator.Build.0 = Release|x86
		{F7B3DFD5-203E-4998-82CA-9376F99245D9}.Ad-Hoc|iPhoneSimulator.Deploy.0 = Release|x86
		{F7B3DFD5-203E-4998-82CA-9376F99245D9}.Ad-Hoc|x64.ActiveCfg = Release|x64
		{F7B3DFD5-203E-4998-82CA-9376F99245D9}.Ad-Hoc|x64.Build.0 = Release|x64
		{F7B3DFD5-203E-4998-82CA-9376F99245D9}.Ad-Hoc|x64.Deploy.0 = Release|x64
		{F7B3DFD5-203E-4998-82CA-9376F99245D9}.Ad-Hoc|x86.ActiveCfg = Release|x86
		{F7B3DFD5-203E-4998-82CA-9376F99245D9}.Ad-Hoc|x86.Build.0 = Release|x86
		{F7B3DFD5-203E-4998-82CA-9376F99245D9}.Ad-Hoc|x86.Deploy.0 = Release|x86
		{F7B3DFD5-203E-4998-82CA-9376F99245D9}.AppStore|Any CPU.ActiveCfg = Release|x86
		{F7B3DFD5-203E-4998-82CA-9376F99245D9}.AppStore|Any CPU.Build.0 = Release|x86
		{F7B3DFD5-203E-4998-82CA-9376F99245D9}.AppStore|Any CPU.Deploy.0 = Release|x86
		{F7B3DFD5-203E-4998-82CA-9376F99245D9}.AppStore|ARM.ActiveCfg = Release|ARM
		{F7B3DFD5-203E-4998-82CA-9376F99245D9}.AppStore|ARM.Build.0 = Release|ARM
		{F7B3DFD5-203E-4998-82CA-9376F99245D9}.AppStore|ARM.Deploy.0 = Release|ARM
		{F7B3DFD5-203E-4998-82CA-9376F99245D9}.AppStore|iPhone.ActiveCfg = Release|x86
		{F7B3DFD5-203E-4998-82CA-9376F99245D9}.AppStore|iPhone.Build.0 = Release|x86
		{F7B3DFD5-203E-4998-82CA-9376F99245D9}.AppStore|iPhone.Deploy.0 = Release|x86
		{F7B3DFD5-203E-4998-82CA-9376F99245D9}.AppStore|iPhoneSimulator.ActiveCfg = Release|x86
		{F7B3DFD5-203E-4998-82CA-9376F99245D9}.AppStore|iPhoneSimulator.Build.0 = Release|x86
		{F7B3DFD5-203E-4998-82CA-9376F99245D9}.AppStore|iPhoneSimulator.Deploy.0 = Release|x86
		{F7B3DFD5-203E-4998-82CA-9376F99245D9}.AppStore|x64.ActiveCfg = Release|x64
		{F7B3DFD5-203E-4998-82CA-9376F99245D9}.AppStore|x64.Build.0 = Release|x64
		{F7B3DFD5-203E-4998-82CA-9376F99245D9}.AppStore|x64.Deploy.0 = Release|x64
		{F7B3DFD5-203E-4998-82CA-9376F99245D9}.AppStore|x86.ActiveCfg = Release|x86
		{F7B3DFD5-203E-4998-82CA-9376F99245D9}.AppStore|x86.Build.0 = Release|x86
		{F7B3DFD5-203E-4998-82CA-9376F99245D9}.AppStore|x86.Deploy.0 = Release|x86
		{F7B3DFD5-203E-4998-82CA-9376F99245D9}.Debug|Any CPU.ActiveCfg = Debug|x86
		{F7B3DFD5-203E-4998-82CA-9376F99245D9}.Debug|ARM.ActiveCfg = Debug|ARM
		{F7B3DFD5-203E-4998-82CA-9376F99245D9}.Debug|ARM.Build.0 = Debug|ARM
		{F7B3DFD5-203E-4998-82CA-9376F99245D9}.Debug|ARM.Deploy.0 = Debug|ARM
		{F7B3DFD5-203E-4998-82CA-9376F99245D9}.Debug|iPhone.ActiveCfg = Debug|x86
		{F7B3DFD5-203E-4998-82CA-9376F99245D9}.Debug|iPhoneSimulator.ActiveCfg = Debug|x86
		{F7B3DFD5-203E-4998-82CA-9376F99245D9}.Debug|x64.ActiveCfg = Debug|x64
		{F7B3DFD5-203E-4998-82CA-9376F99245D9}.Debug|x64.Build.0 = Debug|x64
		{F7B3DFD5-203E-4998-82CA-9376F99245D9}.Debug|x64.Deploy.0 = Debug|x64
		{F7B3DFD5-203E-4998-82CA-9376F99245D9}.Debug|x86.ActiveCfg = Debug|x86
		{F7B3DFD5-203E-4998-82CA-9376F99245D9}.Debug|x86.Build.0 = Debug|x86
		{F7B3DFD5-203E-4998-82CA-9376F99245D9}.Debug|x86.Deploy.0 = Debug|x86
		{F7B3DFD5-203E-4998-82CA-9376F99245D9}.Release|Any CPU.ActiveCfg = Release|x86
		{F7B3DFD5-203E-4998-82CA-9376F99245D9}.Release|ARM.ActiveCfg = Release|ARM
		{F7B3DFD5-203E-4998-82CA-9376F99245D9}.Release|ARM.Build.0 = Release|ARM
		{F7B3DFD5-203E-4998-82CA-9376F99245D9}.Release|ARM.Deploy.0 = Release|ARM
		{F7B3DFD5-203E-4998-82CA-9376F99245D9}.Release|iPhone.ActiveCfg = Release|x86
		{F7B3DFD5-203E-4998-82CA-9376F99245D9}.Release|iPhoneSimulator.ActiveCfg = Release|x86
		{F7B3DFD5-203E-4998-82CA-9376F99245D9}.Release|x64.ActiveCfg = Release|x64
		{F7B3DFD5-203E-4998-82CA-9376F99245D9}.Release|x64.Build.0 = Release|x64
		{F7B3DFD5-203E-4998-82CA-9376F99245D9}.Release|x64.Deploy.0 = Release|x64
		{F7B3DFD5-203E-4998-82CA-9376F99245D9}.Release|x86.ActiveCfg = Release|x86
		{F7B3DFD5-203E-4998-82CA-9376F99245D9}.Release|x86.Build.0 = Release|x86
		{F7B3DFD5-203E-4998-82CA-9376F99245D9}.Release|x86.Deploy.0 = Release|x86
		{00D16196-50B9-4603-AC58-EB4D480A0E30}.Ad-Hoc|Any CPU.ActiveCfg = Debug|Any CPU
		{00D16196-50B9-4603-AC58-EB4D480A0E30}.Ad-Hoc|Any CPU.Build.0 = Debug|Any CPU
		{00D16196-50B9-4603-AC58-EB4D480A0E30}.Ad-Hoc|ARM.ActiveCfg = Debug|Any CPU
		{00D16196-50B9-4603-AC58-EB4D480A0E30}.Ad-Hoc|ARM.Build.0 = Debug|Any CPU
		{00D16196-50B9-4603-AC58-EB4D480A0E30}.Ad-Hoc|iPhone.ActiveCfg = Debug|Any CPU
		{00D16196-50B9-4603-AC58-EB4D480A0E30}.Ad-Hoc|iPhone.Build.0 = Debug|Any CPU
		{00D16196-50B9-4603-AC58-EB4D480A0E30}.Ad-Hoc|iPhoneSimulator.ActiveCfg = Debug|Any CPU
		{00D16196-50B9-4603-AC58-EB4D480A0E30}.Ad-Hoc|iPhoneSimulator.Build.0 = Debug|Any CPU
		{00D16196-50B9-4603-AC58-EB4D480A0E30}.Ad-Hoc|x64.ActiveCfg = Debug|Any CPU
		{00D16196-50B9-4603-AC58-EB4D480A0E30}.Ad-Hoc|x64.Build.0 = Debug|Any CPU
		{00D16196-50B9-4603-AC58-EB4D480A0E30}.Ad-Hoc|x86.ActiveCfg = Debug|Any CPU
		{00D16196-50B9-4603-AC58-EB4D480A0E30}.Ad-Hoc|x86.Build.0 = Debug|Any CPU
		{00D16196-50B9-4603-AC58-EB4D480A0E30}.AppStore|Any CPU.ActiveCfg = Debug|Any CPU
		{00D16196-50B9-4603-AC58-EB4D480A0E30}.AppStore|Any CPU.Build.0 = Debug|Any CPU
		{00D16196-50B9-4603-AC58-EB4D480A0E30}.AppStore|ARM.ActiveCfg = Debug|Any CPU
		{00D16196-50B9-4603-AC58-EB4D480A0E30}.AppStore|ARM.Build.0 = Debug|Any CPU
		{00D16196-50B9-4603-AC58-EB4D480A0E30}.AppStore|iPhone.ActiveCfg = Debug|Any CPU
		{00D16196-50B9-4603-AC58-EB4D480A0E30}.AppStore|iPhone.Build.0 = Debug|Any CPU
		{00D16196-50B9-4603-AC58-EB4D480A0E30}.AppStore|iPhoneSimulator.ActiveCfg = Debug|Any CPU
		{00D16196-50B9-4603-AC58-EB4D480A0E30}.AppStore|iPhoneSimulator.Build.0 = Debug|Any CPU
		{00D16196-50B9-4603-AC58-EB4D480A0E30}.AppStore|x64.ActiveCfg = Debug|Any CPU
		{00D16196-50B9-4603-AC58-EB4D480A0E30}.AppStore|x64.Build.0 = Debug|Any CPU
		{00D16196-50B9-4603-AC58-EB4D480A0E30}.AppStore|x86.ActiveCfg = Debug|Any CPU
		{00D16196-50B9-4603-AC58-EB4D480A0E30}.AppStore|x86.Build.0 = Debug|Any CPU
		{00D16196-50B9-4603-AC58-EB4D480A0E30}.Debug|Any CPU.ActiveCfg = Debug|Any CPU
		{00D16196-50B9-4603-AC58-EB4D480A0E30}.Debug|Any CPU.Build.0 = Debug|Any CPU
		{00D16196-50B9-4603-AC58-EB4D480A0E30}.Debug|ARM.ActiveCfg = Debug|Any CPU
		{00D16196-50B9-4603-AC58-EB4D480A0E30}.Debug|ARM.Build.0 = Debug|Any CPU
		{00D16196-50B9-4603-AC58-EB4D480A0E30}.Debug|iPhone.ActiveCfg = Debug|Any CPU
		{00D16196-50B9-4603-AC58-EB4D480A0E30}.Debug|iPhone.Build.0 = Debug|Any CPU
		{00D16196-50B9-4603-AC58-EB4D480A0E30}.Debug|iPhoneSimulator.ActiveCfg = Debug|Any CPU
		{00D16196-50B9-4603-AC58-EB4D480A0E30}.Debug|iPhoneSimulator.Build.0 = Debug|Any CPU
		{00D16196-50B9-4603-AC58-EB4D480A0E30}.Debug|x64.ActiveCfg = Debug|Any CPU
		{00D16196-50B9-4603-AC58-EB4D480A0E30}.Debug|x64.Build.0 = Debug|Any CPU
		{00D16196-50B9-4603-AC58-EB4D480A0E30}.Debug|x86.ActiveCfg = Debug|Any CPU
		{00D16196-50B9-4603-AC58-EB4D480A0E30}.Debug|x86.Build.0 = Debug|Any CPU
		{00D16196-50B9-4603-AC58-EB4D480A0E30}.Release|Any CPU.ActiveCfg = Release|Any CPU
		{00D16196-50B9-4603-AC58-EB4D480A0E30}.Release|Any CPU.Build.0 = Release|Any CPU
		{00D16196-50B9-4603-AC58-EB4D480A0E30}.Release|ARM.ActiveCfg = Release|Any CPU
		{00D16196-50B9-4603-AC58-EB4D480A0E30}.Release|ARM.Build.0 = Release|Any CPU
		{00D16196-50B9-4603-AC58-EB4D480A0E30}.Release|iPhone.ActiveCfg = Release|Any CPU
		{00D16196-50B9-4603-AC58-EB4D480A0E30}.Release|iPhone.Build.0 = Release|Any CPU
		{00D16196-50B9-4603-AC58-EB4D480A0E30}.Release|iPhoneSimulator.ActiveCfg = Release|Any CPU
		{00D16196-50B9-4603-AC58-EB4D480A0E30}.Release|iPhoneSimulator.Build.0 = Release|Any CPU
		{00D16196-50B9-4603-AC58-EB4D480A0E30}.Release|x64.ActiveCfg = Release|Any CPU
		{00D16196-50B9-4603-AC58-EB4D480A0E30}.Release|x64.Build.0 = Release|Any CPU
		{00D16196-50B9-4603-AC58-EB4D480A0E30}.Release|x86.ActiveCfg = Release|Any CPU
		{00D16196-50B9-4603-AC58-EB4D480A0E30}.Release|x86.Build.0 = Release|Any CPU
	EndGlobalSection
	GlobalSection(SolutionProperties) = preSolution
		HideSolutionNode = FALSE
	EndGlobalSection
	GlobalSection(ExtensibilityGlobals) = postSolution
		SolutionGuid = {D1F29343-B3D6-448C-A5A2-8675C1ACA423}
	EndGlobalSection
EndGlobal
