
Microsoft Visual Studio Solution File, Format Version 12.00
# Visual Studio 15
VisualStudioVersion = 15.0.27703.2042
MinimumVisualStudioVersion = 10.0.40219.1
Project("{FAE04EC0-301F-11D3-BF4B-00C04F79EFBC}") = "CollectionViews.Android", "CollectionViews\CollectionViews.Android\CollectionViews.Android.csproj", "{71847966-35A8-4A9C-AAB1-1BBCCE70B2E5}"
EndProject
Project("{FAE04EC0-301F-11D3-BF4B-00C04F79EFBC}") = "CollectionViews.iOS", "CollectionViews\CollectionViews.iOS\CollectionViews.iOS.csproj", "{9F173390-6E42-484B-8F62-E3ED729B3A57}"
EndProject
Project("{FAE04EC0-301F-11D3-BF4B-00C04F79EFBC}") = "CollectionViews.UWP", "CollectionViews\CollectionViews.UWP\CollectionViews.UWP.csproj", "{33393E4E-FAD8-4BB8-B7CB-FA6F22AC0854}"
EndProject
Project("{9A19103F-16F7-4668-BE54-9A1E7A4F7556}") = "CollectionViews", "CollectionViews\CollectionViews\CollectionViews.csproj", "{E1D39F1D-92DF-47CA-B58F-94426C0F9137}"
EndProject
Project("{FAE04EC0-301F-11D3-BF4B-00C04F79EFBC}") = "Xamarin.Forms.Toolkit", "Xamarin.Forms.Toolkit\Xamarin.Forms.Toolkit.csproj", "{490D2AD6-BCEB-4EB7-BF17-E6EAD490CAD5}"
EndProject
Global
	GlobalSection(SolutionConfigurationPlatforms) = preSolution
		Ad-Hoc|Any CPU = Ad-Hoc|Any CPU
		Ad-Hoc|ARM = Ad-Hoc|ARM
		Ad-Hoc|iPhone = Ad-Hoc|iPhone
		Ad-Hoc|iPhoneSimulator = Ad-Hoc|iPhoneSimulator
		Ad-Hoc|x64 = Ad-Hoc|x64
		Ad-Hoc|x86 = Ad-Hoc|x86
		AppStore|Any CPU = AppStore|Any CPU
		AppStore|ARM = AppStore|ARM
		AppStore|iPhone = AppStore|iPhone
		AppStore|iPhoneSimulator = AppStore|iPhoneSimulator
		AppStore|x64 = AppStore|x64
		AppStore|x86 = AppStore|x86
		Debug|Any CPU = Debug|Any CPU
		Debug|ARM = Debug|ARM
		Debug|iPhone = Debug|iPhone
		Debug|iPhoneSimulator = Debug|iPhoneSimulator
		Debug|x64 = Debug|x64
		Debug|x86 = Debug|x86
		Release|Any CPU = Release|Any CPU
		Release|ARM = Release|ARM
		Release|iPhone = Release|iPhone
		Release|iPhoneSimulator = Release|iPhoneSimulator
		Release|x64 = Release|x64
		Release|x86 = Release|x86
	EndGlobalSection
	GlobalSection(ProjectConfigurationPlatforms) = postSolution
		{71847966-35A8-4A9C-AAB1-1BBCCE70B2E5}.Ad-Hoc|Any CPU.ActiveCfg = Release|Any CPU
		{71847966-35A8-4A9C-AAB1-1BBCCE70B2E5}.Ad-Hoc|Any CPU.Build.0 = Release|Any CPU
		{71847966-35A8-4A9C-AAB1-1BBCCE70B2E5}.Ad-Hoc|Any CPU.Deploy.0 = Release|Any CPU
		{71847966-35A8-4A9C-AAB1-1BBCCE70B2E5}.Ad-Hoc|ARM.ActiveCfg = Release|Any CPU
		{71847966-35A8-4A9C-AAB1-1BBCCE70B2E5}.Ad-Hoc|ARM.Build.0 = Release|Any CPU
		{71847966-35A8-4A9C-AAB1-1BBCCE70B2E5}.Ad-Hoc|ARM.Deploy.0 = Release|Any CPU
		{71847966-35A8-4A9C-AAB1-1BBCCE70B2E5}.Ad-Hoc|iPhone.ActiveCfg = Release|Any CPU
		{71847966-35A8-4A9C-AAB1-1BBCCE70B2E5}.Ad-Hoc|iPhone.Build.0 = Release|Any CPU
		{71847966-35A8-4A9C-AAB1-1BBCCE70B2E5}.Ad-Hoc|iPhone.Deploy.0 = Release|Any CPU
		{71847966-35A8-4A9C-AAB1-1BBCCE70B2E5}.Ad-Hoc|iPhoneSimulator.ActiveCfg = Release|Any CPU
		{71847966-35A8-4A9C-AAB1-1BBCCE70B2E5}.Ad-Hoc|iPhoneSimulator.Build.0 = Release|Any CPU
		{71847966-35A8-4A9C-AAB1-1BBCCE70B2E5}.Ad-Hoc|iPhoneSimulator.Deploy.0 = Release|Any CPU
		{71847966-35A8-4A9C-AAB1-1BBCCE70B2E5}.Ad-Hoc|x64.ActiveCfg = Release|Any CPU
		{71847966-35A8-4A9C-AAB1-1BBCCE70B2E5}.Ad-Hoc|x64.Build.0 = Release|Any CPU
		{71847966-35A8-4A9C-AAB1-1BBCCE70B2E5}.Ad-Hoc|x64.Deploy.0 = Release|Any CPU
		{71847966-35A8-4A9C-AAB1-1BBCCE70B2E5}.Ad-Hoc|x86.ActiveCfg = Release|Any CPU
		{71847966-35A8-4A9C-AAB1-1BBCCE70B2E5}.Ad-Hoc|x86.Build.0 = Release|Any CPU
		{71847966-35A8-4A9C-AAB1-1BBCCE70B2E5}.Ad-Hoc|x86.Deploy.0 = Release|Any CPU
		{71847966-35A8-4A9C-AAB1-1BBCCE70B2E5}.AppStore|Any CPU.ActiveCfg = Release|Any CPU
		{71847966-35A8-4A9C-AAB1-1BBCCE70B2E5}.AppStore|Any CPU.Build.0 = Release|Any CPU
		{71847966-35A8-4A9C-AAB1-1BBCCE70B2E5}.AppStore|Any CPU.Deploy.0 = Release|Any CPU
		{71847966-35A8-4A9C-AAB1-1BBCCE70B2E5}.AppStore|ARM.ActiveCfg = Release|Any CPU
		{71847966-35A8-4A9C-AAB1-1BBCCE70B2E5}.AppStore|ARM.Build.0 = Release|Any CPU
		{71847966-35A8-4A9C-AAB1-1BBCCE70B2E5}.AppStore|ARM.Deploy.0 = Release|Any CPU
		{71847966-35A8-4A9C-AAB1-1BBCCE70B2E5}.AppStore|iPhone.ActiveCfg = Release|Any CPU
		{71847966-35A8-4A9C-AAB1-1BBCCE70B2E5}.AppStore|iPhone.Build.0 = Release|Any CPU
		{71847966-35A8-4A9C-AAB1-1BBCCE70B2E5}.AppStore|iPhone.Deploy.0 = Release|Any CPU
		{71847966-35A8-4A9C-AAB1-1BBCCE70B2E5}.AppStore|iPhoneSimulator.ActiveCfg = Release|Any CPU
		{71847966-35A8-4A9C-AAB1-1BBCCE70B2E5}.AppStore|iPhoneSimulator.Build.0 = Release|Any CPU
		{71847966-35A8-4A9C-AAB1-1BBCCE70B2E5}.AppStore|iPhoneSimulator.Deploy.0 = Release|Any CPU
		{71847966-35A8-4A9C-AAB1-1BBCCE70B2E5}.AppStore|x64.ActiveCfg = Release|Any CPU
		{71847966-35A8-4A9C-AAB1-1BBCCE70B2E5}.AppStore|x64.Build.0 = Release|Any CPU
		{71847966-35A8-4A9C-AAB1-1BBCCE70B2E5}.AppStore|x64.Deploy.0 = Release|Any CPU
		{71847966-35A8-4A9C-AAB1-1BBCCE70B2E5}.AppStore|x86.ActiveCfg = Release|Any CPU
		{71847966-35A8-4A9C-AAB1-1BBCCE70B2E5}.AppStore|x86.Build.0 = Release|Any CPU
		{71847966-35A8-4A9C-AAB1-1BBCCE70B2E5}.AppStore|x86.Deploy.0 = Release|Any CPU
		{71847966-35A8-4A9C-AAB1-1BBCCE70B2E5}.Debug|Any CPU.ActiveCfg = Debug|Any CPU
		{71847966-35A8-4A9C-AAB1-1BBCCE70B2E5}.Debug|Any CPU.Build.0 = Debug|Any CPU
		{71847966-35A8-4A9C-AAB1-1BBCCE70B2E5}.Debug|Any CPU.Deploy.0 = Debug|Any CPU
		{71847966-35A8-4A9C-AAB1-1BBCCE70B2E5}.Debug|ARM.ActiveCfg = Debug|Any CPU
		{71847966-35A8-4A9C-AAB1-1BBCCE70B2E5}.Debug|ARM.Build.0 = Debug|Any CPU
		{71847966-35A8-4A9C-AAB1-1BBCCE70B2E5}.Debug|ARM.Deploy.0 = Debug|Any CPU
		{71847966-35A8-4A9C-AAB1-1BBCCE70B2E5}.Debug|iPhone.ActiveCfg = Debug|Any CPU
		{71847966-35A8-4A9C-AAB1-1BBCCE70B2E5}.Debug|iPhone.Build.0 = Debug|Any CPU
		{71847966-35A8-4A9C-AAB1-1BBCCE70B2E5}.Debug|iPhone.Deploy.0 = Debug|Any CPU
		{71847966-35A8-4A9C-AAB1-1BBCCE70B2E5}.Debug|iPhoneSimulator.ActiveCfg = Debug|Any CPU
		{71847966-35A8-4A9C-AAB1-1BBCCE70B2E5}.Debug|iPhoneSimulator.Build.0 = Debug|Any CPU
		{71847966-35A8-4A9C-AAB1-1BBCCE70B2E5}.Debug|iPhoneSimulator.Deploy.0 = Debug|Any CPU
		{71847966-35A8-4A9C-AAB1-1BBCCE70B2E5}.Debug|x64.ActiveCfg = Debug|Any CPU
		{71847966-35A8-4A9C-AAB1-1BBCCE70B2E5}.Debug|x64.Build.0 = Debug|Any CPU
		{71847966-35A8-4A9C-AAB1-1BBCCE70B2E5}.Debug|x64.Deploy.0 = Debug|Any CPU
		{71847966-35A8-4A9C-AAB1-1BBCCE70B2E5}.Debug|x86.ActiveCfg = Debug|Any CPU
		{71847966-35A8-4A9C-AAB1-1BBCCE70B2E5}.Debug|x86.Build.0 = Debug|Any CPU
		{71847966-35A8-4A9C-AAB1-1BBCCE70B2E5}.Debug|x86.Deploy.0 = Debug|Any CPU
		{71847966-35A8-4A9C-AAB1-1BBCCE70B2E5}.Release|Any CPU.ActiveCfg = Release|Any CPU
		{71847966-35A8-4A9C-AAB1-1BBCCE70B2E5}.Release|Any CPU.Build.0 = Release|Any CPU
		{71847966-35A8-4A9C-AAB1-1BBCCE70B2E5}.Release|Any CPU.Deploy.0 = Release|Any CPU
		{71847966-35A8-4A9C-AAB1-1BBCCE70B2E5}.Release|ARM.ActiveCfg = Release|Any CPU
		{71847966-35A8-4A9C-AAB1-1BBCCE70B2E5}.Release|ARM.Build.0 = Release|Any CPU
		{71847966-35A8-4A9C-AAB1-1BBCCE70B2E5}.Release|ARM.Deploy.0 = Release|Any CPU
		{71847966-35A8-4A9C-AAB1-1BBCCE70B2E5}.Release|iPhone.ActiveCfg = Release|Any CPU
		{71847966-35A8-4A9C-AAB1-1BBCCE70B2E5}.Release|iPhone.Build.0 = Release|Any CPU
		{71847966-35A8-4A9C-AAB1-1BBCCE70B2E5}.Release|iPhone.Deploy.0 = Release|Any CPU
		{71847966-35A8-4A9C-AAB1-1BBCCE70B2E5}.Release|iPhoneSimulator.ActiveCfg = Release|Any CPU
		{71847966-35A8-4A9C-AAB1-1BBCCE70B2E5}.Release|iPhoneSimulator.Build.0 = Release|Any CPU
		{71847966-35A8-4A9C-AAB1-1BBCCE70B2E5}.Release|iPhoneSimulator.Deploy.0 = Release|Any CPU
		{71847966-35A8-4A9C-AAB1-1BBCCE70B2E5}.Release|x64.ActiveCfg = Release|Any CPU
		{71847966-35A8-4A9C-AAB1-1BBCCE70B2E5}.Release|x64.Build.0 = Release|Any CPU
		{71847966-35A8-4A9C-AAB1-1BBCCE70B2E5}.Release|x64.Deploy.0 = Release|Any CPU
		{71847966-35A8-4A9C-AAB1-1BBCCE70B2E5}.Release|x86.ActiveCfg = Release|Any CPU
		{71847966-35A8-4A9C-AAB1-1BBCCE70B2E5}.Release|x86.Build.0 = Release|Any CPU
		{71847966-35A8-4A9C-AAB1-1BBCCE70B2E5}.Release|x86.Deploy.0 = Release|Any CPU
		{9F173390-6E42-484B-8F62-E3ED729B3A57}.Ad-Hoc|Any CPU.ActiveCfg = Ad-Hoc|iPhone
		{9F173390-6E42-484B-8F62-E3ED729B3A57}.Ad-Hoc|Any CPU.Build.0 = Ad-Hoc|iPhone
		{9F173390-6E42-484B-8F62-E3ED729B3A57}.Ad-Hoc|Any CPU.Deploy.0 = Ad-Hoc|iPhone
		{9F173390-6E42-484B-8F62-E3ED729B3A57}.Ad-Hoc|ARM.ActiveCfg = Ad-Hoc|iPhone
		{9F173390-6E42-484B-8F62-E3ED729B3A57}.Ad-Hoc|ARM.Build.0 = Ad-Hoc|iPhone
		{9F173390-6E42-484B-8F62-E3ED729B3A57}.Ad-Hoc|ARM.Deploy.0 = Ad-Hoc|iPhone
		{9F173390-6E42-484B-8F62-E3ED729B3A57}.Ad-Hoc|iPhone.ActiveCfg = Ad-Hoc|iPhone
		{9F173390-6E42-484B-8F62-E3ED729B3A57}.Ad-Hoc|iPhone.Build.0 = Ad-Hoc|iPhone
		{9F173390-6E42-484B-8F62-E3ED729B3A57}.Ad-Hoc|iPhone.Deploy.0 = Ad-Hoc|iPhone
		{9F173390-6E42-484B-8F62-E3ED729B3A57}.Ad-Hoc|iPhoneSimulator.ActiveCfg = Ad-Hoc|iPhoneSimulator
		{9F173390-6E42-484B-8F62-E3ED729B3A57}.Ad-Hoc|iPhoneSimulator.Build.0 = Ad-Hoc|iPhoneSimulator
		{9F173390-6E42-484B-8F62-E3ED729B3A57}.Ad-Hoc|iPhoneSimulator.Deploy.0 = Ad-Hoc|iPhoneSimulator
		{9F173390-6E42-484B-8F62-E3ED729B3A57}.Ad-Hoc|x64.ActiveCfg = Ad-Hoc|iPhone
		{9F173390-6E42-484B-8F62-E3ED729B3A57}.Ad-Hoc|x64.Build.0 = Ad-Hoc|iPhone
		{9F173390-6E42-484B-8F62-E3ED729B3A57}.Ad-Hoc|x64.Deploy.0 = Ad-Hoc|iPhone
		{9F173390-6E42-484B-8F62-E3ED729B3A57}.Ad-Hoc|x86.ActiveCfg = Ad-Hoc|iPhone
		{9F173390-6E42-484B-8F62-E3ED729B3A57}.Ad-Hoc|x86.Build.0 = Ad-Hoc|iPhone
		{9F173390-6E42-484B-8F62-E3ED729B3A57}.Ad-Hoc|x86.Deploy.0 = Ad-Hoc|iPhone
		{9F173390-6E42-484B-8F62-E3ED729B3A57}.AppStore|Any CPU.ActiveCfg = AppStore|iPhone
		{9F173390-6E42-484B-8F62-E3ED729B3A57}.AppStore|Any CPU.Build.0 = AppStore|iPhone
		{9F173390-6E42-484B-8F62-E3ED729B3A57}.AppStore|Any CPU.Deploy.0 = AppStore|iPhone
		{9F173390-6E42-484B-8F62-E3ED729B3A57}.AppStore|ARM.ActiveCfg = AppStore|iPhone
		{9F173390-6E42-484B-8F62-E3ED729B3A57}.AppStore|ARM.Build.0 = AppStore|iPhone
		{9F173390-6E42-484B-8F62-E3ED729B3A57}.AppStore|ARM.Deploy.0 = AppStore|iPhone
		{9F173390-6E42-484B-8F62-E3ED729B3A57}.AppStore|iPhone.ActiveCfg = AppStore|iPhone
		{9F173390-6E42-484B-8F62-E3ED729B3A57}.AppStore|iPhone.Build.0 = AppStore|iPhone
		{9F173390-6E42-484B-8F62-E3ED729B3A57}.AppStore|iPhone.Deploy.0 = AppStore|iPhone
		{9F173390-6E42-484B-8F62-E3ED729B3A57}.AppStore|iPhoneSimulator.ActiveCfg = AppStore|iPhoneSimulator
		{9F173390-6E42-484B-8F62-E3ED729B3A57}.AppStore|iPhoneSimulator.Build.0 = AppStore|iPhoneSimulator
		{9F173390-6E42-484B-8F62-E3ED729B3A57}.AppStore|iPhoneSimulator.Deploy.0 = AppStore|iPhoneSimulator
		{9F173390-6E42-484B-8F62-E3ED729B3A57}.AppStore|x64.ActiveCfg = AppStore|iPhone
		{9F173390-6E42-484B-8F62-E3ED729B3A57}.AppStore|x64.Build.0 = AppStore|iPhone
		{9F173390-6E42-484B-8F62-E3ED729B3A57}.AppStore|x64.Deploy.0 = AppStore|iPhone
		{9F173390-6E42-484B-8F62-E3ED729B3A57}.AppStore|x86.ActiveCfg = AppStore|iPhone
		{9F173390-6E42-484B-8F62-E3ED729B3A57}.AppStore|x86.Build.0 = AppStore|iPhone
		{9F173390-6E42-484B-8F62-E3ED729B3A57}.AppStore|x86.Deploy.0 = AppStore|iPhone
		{9F173390-6E42-484B-8F62-E3ED729B3A57}.Debug|Any CPU.ActiveCfg = Debug|iPhoneSimulator
		{9F173390-6E42-484B-8F62-E3ED729B3A57}.Debug|Any CPU.Build.0 = Debug|iPhoneSimulator
		{9F173390-6E42-484B-8F62-E3ED729B3A57}.Debug|Any CPU.Deploy.0 = Debug|iPhoneSimulator
		{9F173390-6E42-484B-8F62-E3ED729B3A57}.Debug|ARM.ActiveCfg = Debug|iPhone
		{9F173390-6E42-484B-8F62-E3ED729B3A57}.Debug|ARM.Build.0 = Debug|iPhone
		{9F173390-6E42-484B-8F62-E3ED729B3A57}.Debug|ARM.Deploy.0 = Debug|iPhone
		{9F173390-6E42-484B-8F62-E3ED729B3A57}.Debug|iPhone.ActiveCfg = Debug|iPhone
		{9F173390-6E42-484B-8F62-E3ED729B3A57}.Debug|iPhone.Build.0 = Debug|iPhone
		{9F173390-6E42-484B-8F62-E3ED729B3A57}.Debug|iPhone.Deploy.0 = Debug|iPhone
		{9F173390-6E42-484B-8F62-E3ED729B3A57}.Debug|iPhoneSimulator.ActiveCfg = Debug|iPhoneSimulator
		{9F173390-6E42-484B-8F62-E3ED729B3A57}.Debug|iPhoneSimulator.Build.0 = Debug|iPhoneSimulator
		{9F173390-6E42-484B-8F62-E3ED729B3A57}.Debug|iPhoneSimulator.Deploy.0 = Debug|iPhoneSimulator
		{9F173390-6E42-484B-8F62-E3ED729B3A57}.Debug|x64.ActiveCfg = Debug|iPhone
		{9F173390-6E42-484B-8F62-E3ED729B3A57}.Debug|x64.Build.0 = Debug|iPhone
		{9F173390-6E42-484B-8F62-E3ED729B3A57}.Debug|x64.Deploy.0 = Debug|iPhone
		{9F173390-6E42-484B-8F62-E3ED729B3A57}.Debug|x86.ActiveCfg = Debug|iPhone
		{9F173390-6E42-484B-8F62-E3ED729B3A57}.Debug|x86.Build.0 = Debug|iPhone
		{9F173390-6E42-484B-8F62-E3ED729B3A57}.Debug|x86.Deploy.0 = Debug|iPhone
		{9F173390-6E42-484B-8F62-E3ED729B3A57}.Release|Any CPU.ActiveCfg = Release|iPhone
		{9F173390-6E42-484B-8F62-E3ED729B3A57}.Release|Any CPU.Build.0 = Release|iPhone
		{9F173390-6E42-484B-8F62-E3ED729B3A57}.Release|Any CPU.Deploy.0 = Release|iPhone
		{9F173390-6E42-484B-8F62-E3ED729B3A57}.Release|ARM.ActiveCfg = Release|iPhone
		{9F173390-6E42-484B-8F62-E3ED729B3A57}.Release|ARM.Build.0 = Release|iPhone
		{9F173390-6E42-484B-8F62-E3ED729B3A57}.Release|ARM.Deploy.0 = Release|iPhone
		{9F173390-6E42-484B-8F62-E3ED729B3A57}.Release|iPhone.ActiveCfg = Release|iPhone
		{9F173390-6E42-484B-8F62-E3ED729B3A57}.Release|iPhone.Build.0 = Release|iPhone
		{9F173390-6E42-484B-8F62-E3ED729B3A57}.Release|iPhone.Deploy.0 = Release|iPhone
		{9F173390-6E42-484B-8F62-E3ED729B3A57}.Release|iPhoneSimulator.ActiveCfg = Release|iPhoneSimulator
		{9F173390-6E42-484B-8F62-E3ED729B3A57}.Release|iPhoneSimulator.Build.0 = Release|iPhoneSimulator
		{9F173390-6E42-484B-8F62-E3ED729B3A57}.Release|iPhoneSimulator.Deploy.0 = Release|iPhoneSimulator
		{9F173390-6E42-484B-8F62-E3ED729B3A57}.Release|x64.ActiveCfg = Release|iPhone
		{9F173390-6E42-484B-8F62-E3ED729B3A57}.Release|x64.Build.0 = Release|iPhone
		{9F173390-6E42-484B-8F62-E3ED729B3A57}.Release|x64.Deploy.0 = Release|iPhone
		{9F173390-6E42-484B-8F62-E3ED729B3A57}.Release|x86.ActiveCfg = Release|iPhone
		{9F173390-6E42-484B-8F62-E3ED729B3A57}.Release|x86.Build.0 = Release|iPhone
		{9F173390-6E42-484B-8F62-E3ED729B3A57}.Release|x86.Deploy.0 = Release|iPhone
		{33393E4E-FAD8-4BB8-B7CB-FA6F22AC0854}.Ad-Hoc|Any CPU.ActiveCfg = Release|x86
		{33393E4E-FAD8-4BB8-B7CB-FA6F22AC0854}.Ad-Hoc|Any CPU.Build.0 = Release|x86
		{33393E4E-FAD8-4BB8-B7CB-FA6F22AC0854}.Ad-Hoc|Any CPU.Deploy.0 = Release|x86
		{33393E4E-FAD8-4BB8-B7CB-FA6F22AC0854}.Ad-Hoc|ARM.ActiveCfg = Release|ARM
		{33393E4E-FAD8-4BB8-B7CB-FA6F22AC0854}.Ad-Hoc|ARM.Build.0 = Release|ARM
		{33393E4E-FAD8-4BB8-B7CB-FA6F22AC0854}.Ad-Hoc|ARM.Deploy.0 = Release|ARM
		{33393E4E-FAD8-4BB8-B7CB-FA6F22AC0854}.Ad-Hoc|iPhone.ActiveCfg = Release|x86
		{33393E4E-FAD8-4BB8-B7CB-FA6F22AC0854}.Ad-Hoc|iPhone.Build.0 = Release|x86
		{33393E4E-FAD8-4BB8-B7CB-FA6F22AC0854}.Ad-Hoc|iPhone.Deploy.0 = Release|x86
		{33393E4E-FAD8-4BB8-B7CB-FA6F22AC0854}.Ad-Hoc|iPhoneSimulator.ActiveCfg = Release|x86
		{33393E4E-FAD8-4BB8-B7CB-FA6F22AC0854}.Ad-Hoc|iPhoneSimulator.Build.0 = Release|x86
		{33393E4E-FAD8-4BB8-B7CB-FA6F22AC0854}.Ad-Hoc|iPhoneSimulator.Deploy.0 = Release|x86
		{33393E4E-FAD8-4BB8-B7CB-FA6F22AC0854}.Ad-Hoc|x64.ActiveCfg = Release|x64
		{33393E4E-FAD8-4BB8-B7CB-FA6F22AC0854}.Ad-Hoc|x64.Build.0 = Release|x64
		{33393E4E-FAD8-4BB8-B7CB-FA6F22AC0854}.Ad-Hoc|x64.Deploy.0 = Release|x64
		{33393E4E-FAD8-4BB8-B7CB-FA6F22AC0854}.Ad-Hoc|x86.ActiveCfg = Release|x86
		{33393E4E-FAD8-4BB8-B7CB-FA6F22AC0854}.Ad-Hoc|x86.Build.0 = Release|x86
		{33393E4E-FAD8-4BB8-B7CB-FA6F22AC0854}.Ad-Hoc|x86.Deploy.0 = Release|x86
		{33393E4E-FAD8-4BB8-B7CB-FA6F22AC0854}.AppStore|Any CPU.ActiveCfg = Release|x86
		{33393E4E-FAD8-4BB8-B7CB-FA6F22AC0854}.AppStore|Any CPU.Build.0 = Release|x86
		{33393E4E-FAD8-4BB8-B7CB-FA6F22AC0854}.AppStore|Any CPU.Deploy.0 = Release|x86
		{33393E4E-FAD8-4BB8-B7CB-FA6F22AC0854}.AppStore|ARM.ActiveCfg = Release|ARM
		{33393E4E-FAD8-4BB8-B7CB-FA6F22AC0854}.AppStore|ARM.Build.0 = Release|ARM
		{33393E4E-FAD8-4BB8-B7CB-FA6F22AC0854}.AppStore|ARM.Deploy.0 = Release|ARM
		{33393E4E-FAD8-4BB8-B7CB-FA6F22AC0854}.AppStore|iPhone.ActiveCfg = Release|x86
		{33393E4E-FAD8-4BB8-B7CB-FA6F22AC0854}.AppStore|iPhone.Build.0 = Release|x86
		{33393E4E-FAD8-4BB8-B7CB-FA6F22AC0854}.AppStore|iPhone.Deploy.0 = Release|x86
		{33393E4E-FAD8-4BB8-B7CB-FA6F22AC0854}.AppStore|iPhoneSimulator.ActiveCfg = Release|x86
		{33393E4E-FAD8-4BB8-B7CB-FA6F22AC0854}.AppStore|iPhoneSimulator.Build.0 = Release|x86
		{33393E4E-FAD8-4BB8-B7CB-FA6F22AC0854}.AppStore|iPhoneSimulator.Deploy.0 = Release|x86
		{33393E4E-FAD8-4BB8-B7CB-FA6F22AC0854}.AppStore|x64.ActiveCfg = Release|x64
		{33393E4E-FAD8-4BB8-B7CB-FA6F22AC0854}.AppStore|x64.Build.0 = Release|x64
		{33393E4E-FAD8-4BB8-B7CB-FA6F22AC0854}.AppStore|x64.Deploy.0 = Release|x64
		{33393E4E-FAD8-4BB8-B7CB-FA6F22AC0854}.AppStore|x86.ActiveCfg = Release|x86
		{33393E4E-FAD8-4BB8-B7CB-FA6F22AC0854}.AppStore|x86.Build.0 = Release|x86
		{33393E4E-FAD8-4BB8-B7CB-FA6F22AC0854}.AppStore|x86.Deploy.0 = Release|x86
		{33393E4E-FAD8-4BB8-B7CB-FA6F22AC0854}.Debug|Any CPU.ActiveCfg = Debug|x86
		{33393E4E-FAD8-4BB8-B7CB-FA6F22AC0854}.Debug|Any CPU.Build.0 = Debug|x86
		{33393E4E-FAD8-4BB8-B7CB-FA6F22AC0854}.Debug|Any CPU.Deploy.0 = Debug|x86
		{33393E4E-FAD8-4BB8-B7CB-FA6F22AC0854}.Debug|ARM.ActiveCfg = Debug|ARM
		{33393E4E-FAD8-4BB8-B7CB-FA6F22AC0854}.Debug|ARM.Build.0 = Debug|ARM
		{33393E4E-FAD8-4BB8-B7CB-FA6F22AC0854}.Debug|ARM.Deploy.0 = Debug|ARM
		{33393E4E-FAD8-4BB8-B7CB-FA6F22AC0854}.Debug|iPhone.ActiveCfg = Debug|x86
		{33393E4E-FAD8-4BB8-B7CB-FA6F22AC0854}.Debug|iPhone.Build.0 = Debug|x86
		{33393E4E-FAD8-4BB8-B7CB-FA6F22AC0854}.Debug|iPhone.Deploy.0 = Debug|x86
		{33393E4E-FAD8-4BB8-B7CB-FA6F22AC0854}.Debug|iPhoneSimulator.ActiveCfg = Debug|x86
		{33393E4E-FAD8-4BB8-B7CB-FA6F22AC0854}.Debug|iPhoneSimulator.Build.0 = Debug|x86
		{33393E4E-FAD8-4BB8-B7CB-FA6F22AC0854}.Debug|iPhoneSimulator.Deploy.0 = Debug|x86
		{33393E4E-FAD8-4BB8-B7CB-FA6F22AC0854}.Debug|x64.ActiveCfg = Debug|x64
		{33393E4E-FAD8-4BB8-B7CB-FA6F22AC0854}.Debug|x64.Build.0 = Debug|x64
		{33393E4E-FAD8-4BB8-B7CB-FA6F22AC0854}.Debug|x64.Deploy.0 = Debug|x64
		{33393E4E-FAD8-4BB8-B7CB-FA6F22AC0854}.Debug|x86.ActiveCfg = Debug|x86
		{33393E4E-FAD8-4BB8-B7CB-FA6F22AC0854}.Debug|x86.Build.0 = Debug|x86
		{33393E4E-FAD8-4BB8-B7CB-FA6F22AC0854}.Debug|x86.Deploy.0 = Debug|x86
		{33393E4E-FAD8-4BB8-B7CB-FA6F22AC0854}.Release|Any CPU.ActiveCfg = Release|x86
		{33393E4E-FAD8-4BB8-B7CB-FA6F22AC0854}.Release|Any CPU.Build.0 = Release|x86
		{33393E4E-FAD8-4BB8-B7CB-FA6F22AC0854}.Release|Any CPU.Deploy.0 = Release|x86
		{33393E4E-FAD8-4BB8-B7CB-FA6F22AC0854}.Release|ARM.ActiveCfg = Release|ARM
		{33393E4E-FAD8-4BB8-B7CB-FA6F22AC0854}.Release|ARM.Build.0 = Release|ARM
		{33393E4E-FAD8-4BB8-B7CB-FA6F22AC0854}.Release|ARM.Deploy.0 = Release|ARM
		{33393E4E-FAD8-4BB8-B7CB-FA6F22AC0854}.Release|iPhone.ActiveCfg = Release|x86
		{33393E4E-FAD8-4BB8-B7CB-FA6F22AC0854}.Release|iPhone.Build.0 = Release|x86
		{33393E4E-FAD8-4BB8-B7CB-FA6F22AC0854}.Release|iPhone.Deploy.0 = Release|x86
		{33393E4E-FAD8-4BB8-B7CB-FA6F22AC0854}.Release|iPhoneSimulator.ActiveCfg = Release|x86
		{33393E4E-FAD8-4BB8-B7CB-FA6F22AC0854}.Release|iPhoneSimulator.Build.0 = Release|x86
		{33393E4E-FAD8-4BB8-B7CB-FA6F22AC0854}.Release|iPhoneSimulator.Deploy.0 = Release|x86
		{33393E4E-FAD8-4BB8-B7CB-FA6F22AC0854}.Release|x64.ActiveCfg = Release|x64
		{33393E4E-FAD8-4BB8-B7CB-FA6F22AC0854}.Release|x64.Build.0 = Release|x64
		{33393E4E-FAD8-4BB8-B7CB-FA6F22AC0854}.Release|x64.Deploy.0 = Release|x64
		{33393E4E-FAD8-4BB8-B7CB-FA6F22AC0854}.Release|x86.ActiveCfg = Release|x86
		{33393E4E-FAD8-4BB8-B7CB-FA6F22AC0854}.Release|x86.Build.0 = Release|x86
		{33393E4E-FAD8-4BB8-B7CB-FA6F22AC0854}.Release|x86.Deploy.0 = Release|x86
		{E1D39F1D-92DF-47CA-B58F-94426C0F9137}.Ad-Hoc|Any CPU.ActiveCfg = Debug|Any CPU
		{E1D39F1D-92DF-47CA-B58F-94426C0F9137}.Ad-Hoc|Any CPU.Build.0 = Debug|Any CPU
		{E1D39F1D-92DF-47CA-B58F-94426C0F9137}.Ad-Hoc|Any CPU.Deploy.0 = Debug|Any CPU
		{E1D39F1D-92DF-47CA-B58F-94426C0F9137}.Ad-Hoc|ARM.ActiveCfg = Debug|Any CPU
		{E1D39F1D-92DF-47CA-B58F-94426C0F9137}.Ad-Hoc|ARM.Build.0 = Debug|Any CPU
		{E1D39F1D-92DF-47CA-B58F-94426C0F9137}.Ad-Hoc|ARM.Deploy.0 = Debug|Any CPU
		{E1D39F1D-92DF-47CA-B58F-94426C0F9137}.Ad-Hoc|iPhone.ActiveCfg = Debug|Any CPU
		{E1D39F1D-92DF-47CA-B58F-94426C0F9137}.Ad-Hoc|iPhone.Build.0 = Debug|Any CPU
		{E1D39F1D-92DF-47CA-B58F-94426C0F9137}.Ad-Hoc|iPhone.Deploy.0 = Debug|Any CPU
		{E1D39F1D-92DF-47CA-B58F-94426C0F9137}.Ad-Hoc|iPhoneSimulator.ActiveCfg = Debug|Any CPU
		{E1D39F1D-92DF-47CA-B58F-94426C0F9137}.Ad-Hoc|iPhoneSimulator.Build.0 = Debug|Any CPU
		{E1D39F1D-92DF-47CA-B58F-94426C0F9137}.Ad-Hoc|iPhoneSimulator.Deploy.0 = Debug|Any CPU
		{E1D39F1D-92DF-47CA-B58F-94426C0F9137}.Ad-Hoc|x64.ActiveCfg = Debug|Any CPU
		{E1D39F1D-92DF-47CA-B58F-94426C0F9137}.Ad-Hoc|x64.Build.0 = Debug|Any CPU
		{E1D39F1D-92DF-47CA-B58F-94426C0F9137}.Ad-Hoc|x64.Deploy.0 = Debug|Any CPU
		{E1D39F1D-92DF-47CA-B58F-94426C0F9137}.Ad-Hoc|x86.ActiveCfg = Debug|Any CPU
		{E1D39F1D-92DF-47CA-B58F-94426C0F9137}.Ad-Hoc|x86.Build.0 = Debug|Any CPU
		{E1D39F1D-92DF-47CA-B58F-94426C0F9137}.Ad-Hoc|x86.Deploy.0 = Debug|Any CPU
		{E1D39F1D-92DF-47CA-B58F-94426C0F9137}.AppStore|Any CPU.ActiveCfg = Debug|Any CPU
		{E1D39F1D-92DF-47CA-B58F-94426C0F9137}.AppStore|Any CPU.Build.0 = Debug|Any CPU
		{E1D39F1D-92DF-47CA-B58F-94426C0F9137}.AppStore|Any CPU.Deploy.0 = Debug|Any CPU
		{E1D39F1D-92DF-47CA-B58F-94426C0F9137}.AppStore|ARM.ActiveCfg = Debug|Any CPU
		{E1D39F1D-92DF-47CA-B58F-94426C0F9137}.AppStore|ARM.Build.0 = Debug|Any CPU
		{E1D39F1D-92DF-47CA-B58F-94426C0F9137}.AppStore|ARM.Deploy.0 = Debug|Any CPU
		{E1D39F1D-92DF-47CA-B58F-94426C0F9137}.AppStore|iPhone.ActiveCfg = Debug|Any CPU
		{E1D39F1D-92DF-47CA-B58F-94426C0F9137}.AppStore|iPhone.Build.0 = Debug|Any CPU
		{E1D39F1D-92DF-47CA-B58F-94426C0F9137}.AppStore|iPhone.Deploy.0 = Debug|Any CPU
		{E1D39F1D-92DF-47CA-B58F-94426C0F9137}.AppStore|iPhoneSimulator.ActiveCfg = Debug|Any CPU
		{E1D39F1D-92DF-47CA-B58F-94426C0F9137}.AppStore|iPhoneSimulator.Build.0 = Debug|Any CPU
		{E1D39F1D-92DF-47CA-B58F-94426C0F9137}.AppStore|iPhoneSimulator.Deploy.0 = Debug|Any CPU
		{E1D39F1D-92DF-47CA-B58F-94426C0F9137}.AppStore|x64.ActiveCfg = Debug|Any CPU
		{E1D39F1D-92DF-47CA-B58F-94426C0F9137}.AppStore|x64.Build.0 = Debug|Any CPU
		{E1D39F1D-92DF-47CA-B58F-94426C0F9137}.AppStore|x64.Deploy.0 = Debug|Any CPU
		{E1D39F1D-92DF-47CA-B58F-94426C0F9137}.AppStore|x86.ActiveCfg = Debug|Any CPU
		{E1D39F1D-92DF-47CA-B58F-94426C0F9137}.AppStore|x86.Build.0 = Debug|Any CPU
		{E1D39F1D-92DF-47CA-B58F-94426C0F9137}.AppStore|x86.Deploy.0 = Debug|Any CPU
		{E1D39F1D-92DF-47CA-B58F-94426C0F9137}.Debug|Any CPU.ActiveCfg = Debug|Any CPU
		{E1D39F1D-92DF-47CA-B58F-94426C0F9137}.Debug|Any CPU.Build.0 = Debug|Any CPU
		{E1D39F1D-92DF-47CA-B58F-94426C0F9137}.Debug|Any CPU.Deploy.0 = Debug|Any CPU
		{E1D39F1D-92DF-47CA-B58F-94426C0F9137}.Debug|ARM.ActiveCfg = Debug|Any CPU
		{E1D39F1D-92DF-47CA-B58F-94426C0F9137}.Debug|ARM.Build.0 = Debug|Any CPU
		{E1D39F1D-92DF-47CA-B58F-94426C0F9137}.Debug|ARM.Deploy.0 = Debug|Any CPU
		{E1D39F1D-92DF-47CA-B58F-94426C0F9137}.Debug|iPhone.ActiveCfg = Debug|Any CPU
		{E1D39F1D-92DF-47CA-B58F-94426C0F9137}.Debug|iPhone.Build.0 = Debug|Any CPU
		{E1D39F1D-92DF-47CA-B58F-94426C0F9137}.Debug|iPhone.Deploy.0 = Debug|Any CPU
		{E1D39F1D-92DF-47CA-B58F-94426C0F9137}.Debug|iPhoneSimulator.ActiveCfg = Debug|Any CPU
		{E1D39F1D-92DF-47CA-B58F-94426C0F9137}.Debug|iPhoneSimulator.Build.0 = Debug|Any CPU
		{E1D39F1D-92DF-47CA-B58F-94426C0F9137}.Debug|iPhoneSimulator.Deploy.0 = Debug|Any CPU
		{E1D39F1D-92DF-47CA-B58F-94426C0F9137}.Debug|x64.ActiveCfg = Debug|Any CPU
		{E1D39F1D-92DF-47CA-B58F-94426C0F9137}.Debug|x64.Build.0 = Debug|Any CPU
		{E1D39F1D-92DF-47CA-B58F-94426C0F9137}.Debug|x64.Deploy.0 = Debug|Any CPU
		{E1D39F1D-92DF-47CA-B58F-94426C0F9137}.Debug|x86.ActiveCfg = Debug|Any CPU
		{E1D39F1D-92DF-47CA-B58F-94426C0F9137}.Debug|x86.Build.0 = Debug|Any CPU
		{E1D39F1D-92DF-47CA-B58F-94426C0F9137}.Debug|x86.Deploy.0 = Debug|Any CPU
		{E1D39F1D-92DF-47CA-B58F-94426C0F9137}.Release|Any CPU.ActiveCfg = Release|Any CPU
		{E1D39F1D-92DF-47CA-B58F-94426C0F9137}.Release|Any CPU.Build.0 = Release|Any CPU
		{E1D39F1D-92DF-47CA-B58F-94426C0F9137}.Release|Any CPU.Deploy.0 = Release|Any CPU
		{E1D39F1D-92DF-47CA-B58F-94426C0F9137}.Release|ARM.ActiveCfg = Release|Any CPU
		{E1D39F1D-92DF-47CA-B58F-94426C0F9137}.Release|ARM.Build.0 = Release|Any CPU
		{E1D39F1D-92DF-47CA-B58F-94426C0F9137}.Release|ARM.Deploy.0 = Release|Any CPU
		{E1D39F1D-92DF-47CA-B58F-94426C0F9137}.Release|iPhone.ActiveCfg = Release|Any CPU
		{E1D39F1D-92DF-47CA-B58F-94426C0F9137}.Release|iPhone.Build.0 = Release|Any CPU
		{E1D39F1D-92DF-47CA-B58F-94426C0F9137}.Release|iPhone.Deploy.0 = Release|Any CPU
		{E1D39F1D-92DF-47CA-B58F-94426C0F9137}.Release|iPhoneSimulator.ActiveCfg = Release|Any CPU
		{E1D39F1D-92DF-47CA-B58F-94426C0F9137}.Release|iPhoneSimulator.Build.0 = Release|Any CPU
		{E1D39F1D-92DF-47CA-B58F-94426C0F9137}.Release|iPhoneSimulator.Deploy.0 = Release|Any CPU
		{E1D39F1D-92DF-47CA-B58F-94426C0F9137}.Release|x64.ActiveCfg = Release|Any CPU
		{E1D39F1D-92DF-47CA-B58F-94426C0F9137}.Release|x64.Build.0 = Release|Any CPU
		{E1D39F1D-92DF-47CA-B58F-94426C0F9137}.Release|x64.Deploy.0 = Release|Any CPU
		{E1D39F1D-92DF-47CA-B58F-94426C0F9137}.Release|x86.ActiveCfg = Release|Any CPU
		{E1D39F1D-92DF-47CA-B58F-94426C0F9137}.Release|x86.Build.0 = Release|Any CPU
		{E1D39F1D-92DF-47CA-B58F-94426C0F9137}.Release|x86.Deploy.0 = Release|Any CPU
		{490D2AD6-BCEB-4EB7-BF17-E6EAD490CAD5}.Ad-Hoc|Any CPU.ActiveCfg = Release|Any CPU
		{490D2AD6-BCEB-4EB7-BF17-E6EAD490CAD5}.Ad-Hoc|Any CPU.Build.0 = Release|Any CPU
		{490D2AD6-BCEB-4EB7-BF17-E6EAD490CAD5}.Ad-Hoc|ARM.ActiveCfg = Release|Any CPU
		{490D2AD6-BCEB-4EB7-BF17-E6EAD490CAD5}.Ad-Hoc|ARM.Build.0 = Release|Any CPU
		{490D2AD6-BCEB-4EB7-BF17-E6EAD490CAD5}.Ad-Hoc|iPhone.ActiveCfg = Release|Any CPU
		{490D2AD6-BCEB-4EB7-BF17-E6EAD490CAD5}.Ad-Hoc|iPhone.Build.0 = Release|Any CPU
		{490D2AD6-BCEB-4EB7-BF17-E6EAD490CAD5}.Ad-Hoc|iPhoneSimulator.ActiveCfg = Release|Any CPU
		{490D2AD6-BCEB-4EB7-BF17-E6EAD490CAD5}.Ad-Hoc|iPhoneSimulator.Build.0 = Release|Any CPU
		{490D2AD6-BCEB-4EB7-BF17-E6EAD490CAD5}.Ad-Hoc|x64.ActiveCfg = Release|Any CPU
		{490D2AD6-BCEB-4EB7-BF17-E6EAD490CAD5}.Ad-Hoc|x64.Build.0 = Release|Any CPU
		{490D2AD6-BCEB-4EB7-BF17-E6EAD490CAD5}.Ad-Hoc|x86.ActiveCfg = Release|Any CPU
		{490D2AD6-BCEB-4EB7-BF17-E6EAD490CAD5}.Ad-Hoc|x86.Build.0 = Release|Any CPU
		{490D2AD6-BCEB-4EB7-BF17-E6EAD490CAD5}.AppStore|Any CPU.ActiveCfg = Release|Any CPU
		{490D2AD6-BCEB-4EB7-BF17-E6EAD490CAD5}.AppStore|Any CPU.Build.0 = Release|Any CPU
		{490D2AD6-BCEB-4EB7-BF17-E6EAD490CAD5}.AppStore|ARM.ActiveCfg = Release|Any CPU
		{490D2AD6-BCEB-4EB7-BF17-E6EAD490CAD5}.AppStore|ARM.Build.0 = Release|Any CPU
		{490D2AD6-BCEB-4EB7-BF17-E6EAD490CAD5}.AppStore|iPhone.ActiveCfg = Release|Any CPU
		{490D2AD6-BCEB-4EB7-BF17-E6EAD490CAD5}.AppStore|iPhone.Build.0 = Release|Any CPU
		{490D2AD6-BCEB-4EB7-BF17-E6EAD490CAD5}.AppStore|iPhoneSimulator.ActiveCfg = Release|Any CPU
		{490D2AD6-BCEB-4EB7-BF17-E6EAD490CAD5}.AppStore|iPhoneSimulator.Build.0 = Release|Any CPU
		{490D2AD6-BCEB-4EB7-BF17-E6EAD490CAD5}.AppStore|x64.ActiveCfg = Release|Any CPU
		{490D2AD6-BCEB-4EB7-BF17-E6EAD490CAD5}.AppStore|x64.Build.0 = Release|Any CPU
		{490D2AD6-BCEB-4EB7-BF17-E6EAD490CAD5}.AppStore|x86.ActiveCfg = Release|Any CPU
		{490D2AD6-BCEB-4EB7-BF17-E6EAD490CAD5}.AppStore|x86.Build.0 = Release|Any CPU
		{490D2AD6-BCEB-4EB7-BF17-E6EAD490CAD5}.Debug|Any CPU.ActiveCfg = Debug|Any CPU
		{490D2AD6-BCEB-4EB7-BF17-E6EAD490CAD5}.Debug|Any CPU.Build.0 = Debug|Any CPU
		{490D2AD6-BCEB-4EB7-BF17-E6EAD490CAD5}.Debug|ARM.ActiveCfg = Debug|Any CPU
		{490D2AD6-BCEB-4EB7-BF17-E6EAD490CAD5}.Debug|ARM.Build.0 = Debug|Any CPU
		{490D2AD6-BCEB-4EB7-BF17-E6EAD490CAD5}.Debug|iPhone.ActiveCfg = Debug|Any CPU
		{490D2AD6-BCEB-4EB7-BF17-E6EAD490CAD5}.Debug|iPhone.Build.0 = Debug|Any CPU
		{490D2AD6-BCEB-4EB7-BF17-E6EAD490CAD5}.Debug|iPhoneSimulator.ActiveCfg = Debug|Any CPU
		{490D2AD6-BCEB-4EB7-BF17-E6EAD490CAD5}.Debug|iPhoneSimulator.Build.0 = Debug|Any CPU
		{490D2AD6-BCEB-4EB7-BF17-E6EAD490CAD5}.Debug|x64.ActiveCfg = Debug|Any CPU
		{490D2AD6-BCEB-4EB7-BF17-E6EAD490CAD5}.Debug|x64.Build.0 = Debug|Any CPU
		{490D2AD6-BCEB-4EB7-BF17-E6EAD490CAD5}.Debug|x86.ActiveCfg = Debug|Any CPU
		{490D2AD6-BCEB-4EB7-BF17-E6EAD490CAD5}.Debug|x86.Build.0 = Debug|Any CPU
		{490D2AD6-BCEB-4EB7-BF17-E6EAD490CAD5}.Release|Any CPU.ActiveCfg = Release|Any CPU
		{490D2AD6-BCEB-4EB7-BF17-E6EAD490CAD5}.Release|Any CPU.Build.0 = Release|Any CPU
		{490D2AD6-BCEB-4EB7-BF17-E6EAD490CAD5}.Release|ARM.ActiveCfg = Release|Any CPU
		{490D2AD6-BCEB-4EB7-BF17-E6EAD490CAD5}.Release|ARM.Build.0 = Release|Any CPU
		{490D2AD6-BCEB-4EB7-BF17-E6EAD490CAD5}.Release|iPhone.ActiveCfg = Release|Any CPU
		{490D2AD6-BCEB-4EB7-BF17-E6EAD490CAD5}.Release|iPhone.Build.0 = Release|Any CPU
		{490D2AD6-BCEB-4EB7-BF17-E6EAD490CAD5}.Release|iPhoneSimulator.ActiveCfg = Release|Any CPU
		{490D2AD6-BCEB-4EB7-BF17-E6EAD490CAD5}.Release|iPhoneSimulator.Build.0 = Release|Any CPU
		{490D2AD6-BCEB-4EB7-BF17-E6EAD490CAD5}.Release|x64.ActiveCfg = Release|Any CPU
		{490D2AD6-BCEB-4EB7-BF17-E6EAD490CAD5}.Release|x64.Build.0 = Release|Any CPU
		{490D2AD6-BCEB-4EB7-BF17-E6EAD490CAD5}.Release|x86.ActiveCfg = Release|Any CPU
		{490D2AD6-BCEB-4EB7-BF17-E6EAD490CAD5}.Release|x86.Build.0 = Release|Any CPU
	EndGlobalSection
	GlobalSection(SolutionProperties) = preSolution
		HideSolutionNode = FALSE
	EndGlobalSection
	GlobalSection(ExtensibilityGlobals) = postSolution
		SolutionGuid = {7C752605-03AD-45D6-BF4F-DF5D7B93FC6F}
	EndGlobalSection
EndGlobal
