
Microsoft Visual Studio Solution File, Format Version 12.00
# Visual Studio 15
VisualStudioVersion = 15.0.27428.2011
MinimumVisualStudioVersion = 10.0.40219.1
Project("{FAE04EC0-301F-11D3-BF4B-00C04F79EFBC}") = "CodeAndXamlInHarmony.Android", "CodeAndXamlInHarmony\CodeAndXamlInHarmony.Android\CodeAndXamlInHarmony.Android.csproj", "{EF5CBDE9-4FF6-4910-8440-4545C2EEFA5E}"
EndProject
Project("{FAE04EC0-301F-11D3-BF4B-00C04F79EFBC}") = "CodeAndXamlInHarmony.iOS", "CodeAndXamlInHarmony\CodeAndXamlInHarmony.iOS\CodeAndXamlInHarmony.iOS.csproj", "{00F05FB9-F397-4A34-9530-8D20CA747DD2}"
EndProject
Project("{FAE04EC0-301F-11D3-BF4B-00C04F79EFBC}") = "CodeAndXamlInHarmony", "CodeAndXamlInHarmony\CodeAndXamlInHarmony\CodeAndXamlInHarmony.csproj", "{96B2B78C-CBB4-4BD6-AD0C-0ABED21C2424}"
EndProject
Global
	GlobalSection(SolutionConfigurationPlatforms) = preSolution
		Ad-Hoc|Any CPU = Ad-Hoc|Any CPU
		Ad-Hoc|iPhone = Ad-Hoc|iPhone
		Ad-Hoc|iPhoneSimulator = Ad-Hoc|iPhoneSimulator
		AppStore|Any CPU = AppStore|Any CPU
		AppStore|iPhone = AppStore|iPhone
		AppStore|iPhoneSimulator = AppStore|iPhoneSimulator
		Debug|Any CPU = Debug|Any CPU
		Debug|iPhone = Debug|iPhone
		Debug|iPhoneSimulator = Debug|iPhoneSimulator
		Release|Any CPU = Release|Any CPU
		Release|iPhone = Release|iPhone
		Release|iPhoneSimulator = Release|iPhoneSimulator
	EndGlobalSection
	GlobalSection(ProjectConfigurationPlatforms) = postSolution
		{EF5CBDE9-4FF6-4910-8440-4545C2EEFA5E}.Ad-Hoc|Any CPU.ActiveCfg = Release|Any CPU
		{EF5CBDE9-4FF6-4910-8440-4545C2EEFA5E}.Ad-Hoc|Any CPU.Build.0 = Release|Any CPU
		{EF5CBDE9-4FF6-4910-8440-4545C2EEFA5E}.Ad-Hoc|Any CPU.Deploy.0 = Release|Any CPU
		{EF5CBDE9-4FF6-4910-8440-4545C2EEFA5E}.Ad-Hoc|iPhone.ActiveCfg = Release|Any CPU
		{EF5CBDE9-4FF6-4910-8440-4545C2EEFA5E}.Ad-Hoc|iPhone.Build.0 = Release|Any CPU
		{EF5CBDE9-4FF6-4910-8440-4545C2EEFA5E}.Ad-Hoc|iPhone.Deploy.0 = Release|Any CPU
		{EF5CBDE9-4FF6-4910-8440-4545C2EEFA5E}.Ad-Hoc|iPhoneSimulator.ActiveCfg = Release|Any CPU
		{EF5CBDE9-4FF6-4910-8440-4545C2EEFA5E}.Ad-Hoc|iPhoneSimulator.Build.0 = Release|Any CPU
		{EF5CBDE9-4FF6-4910-8440-4545C2EEFA5E}.Ad-Hoc|iPhoneSimulator.Deploy.0 = Release|Any CPU
		{EF5CBDE9-4FF6-4910-8440-4545C2EEFA5E}.AppStore|Any CPU.ActiveCfg = Release|Any CPU
		{EF5CBDE9-4FF6-4910-8440-4545C2EEFA5E}.AppStore|Any CPU.Build.0 = Release|Any CPU
		{EF5CBDE9-4FF6-4910-8440-4545C2EEFA5E}.AppStore|Any CPU.Deploy.0 = Release|Any CPU
		{EF5CBDE9-4FF6-4910-8440-4545C2EEFA5E}.AppStore|iPhone.ActiveCfg = Release|Any CPU
		{EF5CBDE9-4FF6-4910-8440-4545C2EEFA5E}.AppStore|iPhone.Build.0 = Release|Any CPU
		{EF5CBDE9-4FF6-4910-8440-4545C2EEFA5E}.AppStore|iPhone.Deploy.0 = Release|Any CPU
		{EF5CBDE9-4FF6-4910-8440-4545C2EEFA5E}.AppStore|iPhoneSimulator.ActiveCfg = Release|Any CPU
		{EF5CBDE9-4FF6-4910-8440-4545C2EEFA5E}.AppStore|iPhoneSimulator.Build.0 = Release|Any CPU
		{EF5CBDE9-4FF6-4910-8440-4545C2EEFA5E}.AppStore|iPhoneSimulator.Deploy.0 = Release|Any CPU
		{EF5CBDE9-4FF6-4910-8440-4545C2EEFA5E}.Debug|Any CPU.ActiveCfg = Debug|Any CPU
		{EF5CBDE9-4FF6-4910-8440-4545C2EEFA5E}.Debug|Any CPU.Build.0 = Debug|Any CPU
		{EF5CBDE9-4FF6-4910-8440-4545C2EEFA5E}.Debug|Any CPU.Deploy.0 = Debug|Any CPU
		{EF5CBDE9-4FF6-4910-8440-4545C2EEFA5E}.Debug|iPhone.ActiveCfg = Debug|Any CPU
		{EF5CBDE9-4FF6-4910-8440-4545C2EEFA5E}.Debug|iPhone.Build.0 = Debug|Any CPU
		{EF5CBDE9-4FF6-4910-8440-4545C2EEFA5E}.Debug|iPhone.Deploy.0 = Debug|Any CPU
		{EF5CBDE9-4FF6-4910-8440-4545C2EEFA5E}.Debug|iPhoneSimulator.ActiveCfg = Debug|Any CPU
		{EF5CBDE9-4FF6-4910-8440-4545C2EEFA5E}.Debug|iPhoneSimulator.Build.0 = Debug|Any CPU
		{EF5CBDE9-4FF6-4910-8440-4545C2EEFA5E}.Debug|iPhoneSimulator.Deploy.0 = Debug|Any CPU
		{EF5CBDE9-4FF6-4910-8440-4545C2EEFA5E}.Release|Any CPU.ActiveCfg = Release|Any CPU
		{EF5CBDE9-4FF6-4910-8440-4545C2EEFA5E}.Release|Any CPU.Build.0 = Release|Any CPU
		{EF5CBDE9-4FF6-4910-8440-4545C2EEFA5E}.Release|Any CPU.Deploy.0 = Release|Any CPU
		{EF5CBDE9-4FF6-4910-8440-4545C2EEFA5E}.Release|iPhone.ActiveCfg = Release|Any CPU
		{EF5CBDE9-4FF6-4910-8440-4545C2EEFA5E}.Release|iPhone.Build.0 = Release|Any CPU
		{EF5CBDE9-4FF6-4910-8440-4545C2EEFA5E}.Release|iPhone.Deploy.0 = Release|Any CPU
		{EF5CBDE9-4FF6-4910-8440-4545C2EEFA5E}.Release|iPhoneSimulator.ActiveCfg = Release|Any CPU
		{EF5CBDE9-4FF6-4910-8440-4545C2EEFA5E}.Release|iPhoneSimulator.Build.0 = Release|Any CPU
		{EF5CBDE9-4FF6-4910-8440-4545C2EEFA5E}.Release|iPhoneSimulator.Deploy.0 = Release|Any CPU
		{00F05FB9-F397-4A34-9530-8D20CA747DD2}.Ad-Hoc|Any CPU.ActiveCfg = Ad-Hoc|iPhone
		{00F05FB9-F397-4A34-9530-8D20CA747DD2}.Ad-Hoc|iPhone.ActiveCfg = Ad-Hoc|iPhone
		{00F05FB9-F397-4A34-9530-8D20CA747DD2}.Ad-Hoc|iPhone.Build.0 = Ad-Hoc|iPhone
		{00F05FB9-F397-4A34-9530-8D20CA747DD2}.Ad-Hoc|iPhoneSimulator.ActiveCfg = Ad-Hoc|iPhoneSimulator
		{00F05FB9-F397-4A34-9530-8D20CA747DD2}.Ad-Hoc|iPhoneSimulator.Build.0 = Ad-Hoc|iPhoneSimulator
		{00F05FB9-F397-4A34-9530-8D20CA747DD2}.AppStore|Any CPU.ActiveCfg = AppStore|iPhone
		{00F05FB9-F397-4A34-9530-8D20CA747DD2}.AppStore|iPhone.ActiveCfg = AppStore|iPhone
		{00F05FB9-F397-4A34-9530-8D20CA747DD2}.AppStore|iPhone.Build.0 = AppStore|iPhone
		{00F05FB9-F397-4A34-9530-8D20CA747DD2}.AppStore|iPhoneSimulator.ActiveCfg = AppStore|iPhoneSimulator
		{00F05FB9-F397-4A34-9530-8D20CA747DD2}.AppStore|iPhoneSimulator.Build.0 = AppStore|iPhoneSimulator
		{00F05FB9-F397-4A34-9530-8D20CA747DD2}.Debug|Any CPU.ActiveCfg = Debug|iPhone
		{00F05FB9-F397-4A34-9530-8D20CA747DD2}.Debug|iPhone.ActiveCfg = Debug|iPhone
		{00F05FB9-F397-4A34-9530-8D20CA747DD2}.Debug|iPhone.Build.0 = Debug|iPhone
		{00F05FB9-F397-4A34-9530-8D20CA747DD2}.Debug|iPhoneSimulator.ActiveCfg = Debug|iPhoneSimulator
		{00F05FB9-F397-4A34-9530-8D20CA747DD2}.Debug|iPhoneSimulator.Build.0 = Debug|iPhoneSimulator
		{00F05FB9-F397-4A34-9530-8D20CA747DD2}.Release|Any CPU.ActiveCfg = Release|iPhone
		{00F05FB9-F397-4A34-9530-8D20CA747DD2}.Release|iPhone.ActiveCfg = Release|iPhone
		{00F05FB9-F397-4A34-9530-8D20CA747DD2}.Release|iPhone.Build.0 = Release|iPhone
		{00F05FB9-F397-4A34-9530-8D20CA747DD2}.Release|iPhoneSimulator.ActiveCfg = Release|iPhoneSimulator
		{00F05FB9-F397-4A34-9530-8D20CA747DD2}.Release|iPhoneSimulator.Build.0 = Release|iPhoneSimulator
		{96B2B78C-CBB4-4BD6-AD0C-0ABED21C2424}.Ad-Hoc|Any CPU.ActiveCfg = Debug|Any CPU
		{96B2B78C-CBB4-4BD6-AD0C-0ABED21C2424}.Ad-Hoc|Any CPU.Build.0 = Debug|Any CPU
		{96B2B78C-CBB4-4BD6-AD0C-0ABED21C2424}.Ad-Hoc|iPhone.ActiveCfg = Debug|Any CPU
		{96B2B78C-CBB4-4BD6-AD0C-0ABED21C2424}.Ad-Hoc|iPhone.Build.0 = Debug|Any CPU
		{96B2B78C-CBB4-4BD6-AD0C-0ABED21C2424}.Ad-Hoc|iPhoneSimulator.ActiveCfg = Debug|Any CPU
		{96B2B78C-CBB4-4BD6-AD0C-0ABED21C2424}.Ad-Hoc|iPhoneSimulator.Build.0 = Debug|Any CPU
		{96B2B78C-CBB4-4BD6-AD0C-0ABED21C2424}.AppStore|Any CPU.ActiveCfg = Debug|Any CPU
		{96B2B78C-CBB4-4BD6-AD0C-0ABED21C2424}.AppStore|Any CPU.Build.0 = Debug|Any CPU
		{96B2B78C-CBB4-4BD6-AD0C-0ABED21C2424}.AppStore|iPhone.ActiveCfg = Debug|Any CPU
		{96B2B78C-CBB4-4BD6-AD0C-0ABED21C2424}.AppStore|iPhone.Build.0 = Debug|Any CPU
		{96B2B78C-CBB4-4BD6-AD0C-0ABED21C2424}.AppStore|iPhoneSimulator.ActiveCfg = Debug|Any CPU
		{96B2B78C-CBB4-4BD6-AD0C-0ABED21C2424}.AppStore|iPhoneSimulator.Build.0 = Debug|Any CPU
		{96B2B78C-CBB4-4BD6-AD0C-0ABED21C2424}.Debug|Any CPU.ActiveCfg = Debug|Any CPU
		{96B2B78C-CBB4-4BD6-AD0C-0ABED21C2424}.Debug|Any CPU.Build.0 = Debug|Any CPU
		{96B2B78C-CBB4-4BD6-AD0C-0ABED21C2424}.Debug|iPhone.ActiveCfg = Debug|Any CPU
		{96B2B78C-CBB4-4BD6-AD0C-0ABED21C2424}.Debug|iPhone.Build.0 = Debug|Any CPU
		{96B2B78C-CBB4-4BD6-AD0C-0ABED21C2424}.Debug|iPhoneSimulator.ActiveCfg = Debug|Any CPU
		{96B2B78C-CBB4-4BD6-AD0C-0ABED21C2424}.Debug|iPhoneSimulator.Build.0 = Debug|Any CPU
		{96B2B78C-CBB4-4BD6-AD0C-0ABED21C2424}.Release|Any CPU.ActiveCfg = Release|Any CPU
		{96B2B78C-CBB4-4BD6-AD0C-0ABED21C2424}.Release|Any CPU.Build.0 = Release|Any CPU
		{96B2B78C-CBB4-4BD6-AD0C-0ABED21C2424}.Release|iPhone.ActiveCfg = Release|Any CPU
		{96B2B78C-CBB4-4BD6-AD0C-0ABED21C2424}.Release|iPhone.Build.0 = Release|Any CPU
		{96B2B78C-CBB4-4BD6-AD0C-0ABED21C2424}.Release|iPhoneSimulator.ActiveCfg = Release|Any CPU
		{96B2B78C-CBB4-4BD6-AD0C-0ABED21C2424}.Release|iPhoneSimulator.Build.0 = Release|Any CPU
	EndGlobalSection
	GlobalSection(SolutionProperties) = preSolution
		HideSolutionNode = FALSE
	EndGlobalSection
	GlobalSection(ExtensibilityGlobals) = postSolution
		SolutionGuid = {BC5A9E1C-C25B-4EDB-A1CA-7F6C55A67890}
	EndGlobalSection
EndGlobal
