
Microsoft Visual Studio Solution File, Format Version 12.00
# Visual Studio 15
VisualStudioVersion = 15.0.27703.2042
MinimumVisualStudioVersion = 10.0.40219.1
Project("{FAE04EC0-301F-11D3-BF4B-00C04F79EFBC}") = "MVVMStudy.Android", "MVVMStudy\MVVMStudy.Android\MVVMStudy.Android.csproj", "{806C54ED-7514-4D18-97BD-9C1DB9FE0580}"
EndProject
Project("{FAE04EC0-301F-11D3-BF4B-00C04F79EFBC}") = "MVVMStudy.iOS", "MVVMStudy\MVVMStudy.iOS\MVVMStudy.iOS.csproj", "{0525230C-6062-478A-B803-0523E1BDE866}"
EndProject
Project("{FAE04EC0-301F-11D3-BF4B-00C04F79EFBC}") = "MVVMStudy.UWP", "MVVMStudy\MVVMStudy.UWP\MVVMStudy.UWP.csproj", "{8D9C90A4-C065-4AE5-B4D0-8451C462D177}"
EndProject
Project("{FAE04EC0-301F-11D3-BF4B-00C04F79EFBC}") = "MVVMStudy", "MVVMStudy\MVVMStudy\MVVMStudy.csproj", "{47F070CD-3034-439D-9398-3A9AB17B561D}"
EndProject
Project("{FAE04EC0-301F-11D3-BF4B-00C04F79EFBC}") = "Xamarin.Forms.Toolkit", "Xamarin.Forms.Toolkit\Xamarin.Forms.Toolkit.csproj", "{490D2AD6-BCEB-4EB7-BF17-E6EAD490CAD5}"
EndProject
Global
	GlobalSection(SolutionConfigurationPlatforms) = preSolution
		Ad-Hoc|Any CPU = Ad-Hoc|Any CPU
		Ad-Hoc|ARM = Ad-Hoc|ARM
		Ad-Hoc|iPhone = Ad-Hoc|iPhone
		Ad-Hoc|iPhoneSimulator = Ad-Hoc|iPhoneSimulator
		Ad-Hoc|x64 = Ad-Hoc|x64
		Ad-Hoc|x86 = Ad-Hoc|x86
		AppStore|Any CPU = AppStore|Any CPU
		AppStore|ARM = AppStore|ARM
		AppStore|iPhone = AppStore|iPhone
		AppStore|iPhoneSimulator = AppStore|iPhoneSimulator
		AppStore|x64 = AppStore|x64
		AppStore|x86 = AppStore|x86
		Debug|Any CPU = Debug|Any CPU
		Debug|ARM = Debug|ARM
		Debug|iPhone = Debug|iPhone
		Debug|iPhoneSimulator = Debug|iPhoneSimulator
		Debug|x64 = Debug|x64
		Debug|x86 = Debug|x86
		Release|Any CPU = Release|Any CPU
		Release|ARM = Release|ARM
		Release|iPhone = Release|iPhone
		Release|iPhoneSimulator = Release|iPhoneSimulator
		Release|x64 = Release|x64
		Release|x86 = Release|x86
	EndGlobalSection
	GlobalSection(ProjectConfigurationPlatforms) = postSolution
		{806C54ED-7514-4D18-97BD-9C1DB9FE0580}.Ad-Hoc|Any CPU.ActiveCfg = Release|Any CPU
		{806C54ED-7514-4D18-97BD-9C1DB9FE0580}.Ad-Hoc|Any CPU.Build.0 = Release|Any CPU
		{806C54ED-7514-4D18-97BD-9C1DB9FE0580}.Ad-Hoc|Any CPU.Deploy.0 = Release|Any CPU
		{806C54ED-7514-4D18-97BD-9C1DB9FE0580}.Ad-Hoc|ARM.ActiveCfg = Release|Any CPU
		{806C54ED-7514-4D18-97BD-9C1DB9FE0580}.Ad-Hoc|ARM.Build.0 = Release|Any CPU
		{806C54ED-7514-4D18-97BD-9C1DB9FE0580}.Ad-Hoc|ARM.Deploy.0 = Release|Any CPU
		{806C54ED-7514-4D18-97BD-9C1DB9FE0580}.Ad-Hoc|iPhone.ActiveCfg = Release|Any CPU
		{806C54ED-7514-4D18-97BD-9C1DB9FE0580}.Ad-Hoc|iPhone.Build.0 = Release|Any CPU
		{806C54ED-7514-4D18-97BD-9C1DB9FE0580}.Ad-Hoc|iPhone.Deploy.0 = Release|Any CPU
		{806C54ED-7514-4D18-97BD-9C1DB9FE0580}.Ad-Hoc|iPhoneSimulator.ActiveCfg = Release|Any CPU
		{806C54ED-7514-4D18-97BD-9C1DB9FE0580}.Ad-Hoc|iPhoneSimulator.Build.0 = Release|Any CPU
		{806C54ED-7514-4D18-97BD-9C1DB9FE0580}.Ad-Hoc|iPhoneSimulator.Deploy.0 = Release|Any CPU
		{806C54ED-7514-4D18-97BD-9C1DB9FE0580}.Ad-Hoc|x64.ActiveCfg = Release|Any CPU
		{806C54ED-7514-4D18-97BD-9C1DB9FE0580}.Ad-Hoc|x64.Build.0 = Release|Any CPU
		{806C54ED-7514-4D18-97BD-9C1DB9FE0580}.Ad-Hoc|x64.Deploy.0 = Release|Any CPU
		{806C54ED-7514-4D18-97BD-9C1DB9FE0580}.Ad-Hoc|x86.ActiveCfg = Release|Any CPU
		{806C54ED-7514-4D18-97BD-9C1DB9FE0580}.Ad-Hoc|x86.Build.0 = Release|Any CPU
		{806C54ED-7514-4D18-97BD-9C1DB9FE0580}.Ad-Hoc|x86.Deploy.0 = Release|Any CPU
		{806C54ED-7514-4D18-97BD-9C1DB9FE0580}.AppStore|Any CPU.ActiveCfg = Release|Any CPU
		{806C54ED-7514-4D18-97BD-9C1DB9FE0580}.AppStore|Any CPU.Build.0 = Release|Any CPU
		{806C54ED-7514-4D18-97BD-9C1DB9FE0580}.AppStore|Any CPU.Deploy.0 = Release|Any CPU
		{806C54ED-7514-4D18-97BD-9C1DB9FE0580}.AppStore|ARM.ActiveCfg = Release|Any CPU
		{806C54ED-7514-4D18-97BD-9C1DB9FE0580}.AppStore|ARM.Build.0 = Release|Any CPU
		{806C54ED-7514-4D18-97BD-9C1DB9FE0580}.AppStore|ARM.Deploy.0 = Release|Any CPU
		{806C54ED-7514-4D18-97BD-9C1DB9FE0580}.AppStore|iPhone.ActiveCfg = Release|Any CPU
		{806C54ED-7514-4D18-97BD-9C1DB9FE0580}.AppStore|iPhone.Build.0 = Release|Any CPU
		{806C54ED-7514-4D18-97BD-9C1DB9FE0580}.AppStore|iPhone.Deploy.0 = Release|Any CPU
		{806C54ED-7514-4D18-97BD-9C1DB9FE0580}.AppStore|iPhoneSimulator.ActiveCfg = Release|Any CPU
		{806C54ED-7514-4D18-97BD-9C1DB9FE0580}.AppStore|iPhoneSimulator.Build.0 = Release|Any CPU
		{806C54ED-7514-4D18-97BD-9C1DB9FE0580}.AppStore|iPhoneSimulator.Deploy.0 = Release|Any CPU
		{806C54ED-7514-4D18-97BD-9C1DB9FE0580}.AppStore|x64.ActiveCfg = Release|Any CPU
		{806C54ED-7514-4D18-97BD-9C1DB9FE0580}.AppStore|x64.Build.0 = Release|Any CPU
		{806C54ED-7514-4D18-97BD-9C1DB9FE0580}.AppStore|x64.Deploy.0 = Release|Any CPU
		{806C54ED-7514-4D18-97BD-9C1DB9FE0580}.AppStore|x86.ActiveCfg = Release|Any CPU
		{806C54ED-7514-4D18-97BD-9C1DB9FE0580}.AppStore|x86.Build.0 = Release|Any CPU
		{806C54ED-7514-4D18-97BD-9C1DB9FE0580}.AppStore|x86.Deploy.0 = Release|Any CPU
		{806C54ED-7514-4D18-97BD-9C1DB9FE0580}.Debug|Any CPU.ActiveCfg = Debug|Any CPU
		{806C54ED-7514-4D18-97BD-9C1DB9FE0580}.Debug|Any CPU.Build.0 = Debug|Any CPU
		{806C54ED-7514-4D18-97BD-9C1DB9FE0580}.Debug|Any CPU.Deploy.0 = Debug|Any CPU
		{806C54ED-7514-4D18-97BD-9C1DB9FE0580}.Debug|ARM.ActiveCfg = Debug|Any CPU
		{806C54ED-7514-4D18-97BD-9C1DB9FE0580}.Debug|ARM.Build.0 = Debug|Any CPU
		{806C54ED-7514-4D18-97BD-9C1DB9FE0580}.Debug|ARM.Deploy.0 = Debug|Any CPU
		{806C54ED-7514-4D18-97BD-9C1DB9FE0580}.Debug|iPhone.ActiveCfg = Debug|Any CPU
		{806C54ED-7514-4D18-97BD-9C1DB9FE0580}.Debug|iPhone.Build.0 = Debug|Any CPU
		{806C54ED-7514-4D18-97BD-9C1DB9FE0580}.Debug|iPhone.Deploy.0 = Debug|Any CPU
		{806C54ED-7514-4D18-97BD-9C1DB9FE0580}.Debug|iPhoneSimulator.ActiveCfg = Debug|Any CPU
		{806C54ED-7514-4D18-97BD-9C1DB9FE0580}.Debug|iPhoneSimulator.Build.0 = Debug|Any CPU
		{806C54ED-7514-4D18-97BD-9C1DB9FE0580}.Debug|iPhoneSimulator.Deploy.0 = Debug|Any CPU
		{806C54ED-7514-4D18-97BD-9C1DB9FE0580}.Debug|x64.ActiveCfg = Debug|Any CPU
		{806C54ED-7514-4D18-97BD-9C1DB9FE0580}.Debug|x64.Build.0 = Debug|Any CPU
		{806C54ED-7514-4D18-97BD-9C1DB9FE0580}.Debug|x64.Deploy.0 = Debug|Any CPU
		{806C54ED-7514-4D18-97BD-9C1DB9FE0580}.Debug|x86.ActiveCfg = Debug|Any CPU
		{806C54ED-7514-4D18-97BD-9C1DB9FE0580}.Debug|x86.Build.0 = Debug|Any CPU
		{806C54ED-7514-4D18-97BD-9C1DB9FE0580}.Debug|x86.Deploy.0 = Debug|Any CPU
		{806C54ED-7514-4D18-97BD-9C1DB9FE0580}.Release|Any CPU.ActiveCfg = Release|Any CPU
		{806C54ED-7514-4D18-97BD-9C1DB9FE0580}.Release|Any CPU.Build.0 = Release|Any CPU
		{806C54ED-7514-4D18-97BD-9C1DB9FE0580}.Release|Any CPU.Deploy.0 = Release|Any CPU
		{806C54ED-7514-4D18-97BD-9C1DB9FE0580}.Release|ARM.ActiveCfg = Release|Any CPU
		{806C54ED-7514-4D18-97BD-9C1DB9FE0580}.Release|ARM.Build.0 = Release|Any CPU
		{806C54ED-7514-4D18-97BD-9C1DB9FE0580}.Release|ARM.Deploy.0 = Release|Any CPU
		{806C54ED-7514-4D18-97BD-9C1DB9FE0580}.Release|iPhone.ActiveCfg = Release|Any CPU
		{806C54ED-7514-4D18-97BD-9C1DB9FE0580}.Release|iPhone.Build.0 = Release|Any CPU
		{806C54ED-7514-4D18-97BD-9C1DB9FE0580}.Release|iPhone.Deploy.0 = Release|Any CPU
		{806C54ED-7514-4D18-97BD-9C1DB9FE0580}.Release|iPhoneSimulator.ActiveCfg = Release|Any CPU
		{806C54ED-7514-4D18-97BD-9C1DB9FE0580}.Release|iPhoneSimulator.Build.0 = Release|Any CPU
		{806C54ED-7514-4D18-97BD-9C1DB9FE0580}.Release|iPhoneSimulator.Deploy.0 = Release|Any CPU
		{806C54ED-7514-4D18-97BD-9C1DB9FE0580}.Release|x64.ActiveCfg = Release|Any CPU
		{806C54ED-7514-4D18-97BD-9C1DB9FE0580}.Release|x64.Build.0 = Release|Any CPU
		{806C54ED-7514-4D18-97BD-9C1DB9FE0580}.Release|x64.Deploy.0 = Release|Any CPU
		{806C54ED-7514-4D18-97BD-9C1DB9FE0580}.Release|x86.ActiveCfg = Release|Any CPU
		{806C54ED-7514-4D18-97BD-9C1DB9FE0580}.Release|x86.Build.0 = Release|Any CPU
		{806C54ED-7514-4D18-97BD-9C1DB9FE0580}.Release|x86.Deploy.0 = Release|Any CPU
		{0525230C-6062-478A-B803-0523E1BDE866}.Ad-Hoc|Any CPU.ActiveCfg = Ad-Hoc|iPhone
		{0525230C-6062-478A-B803-0523E1BDE866}.Ad-Hoc|Any CPU.Build.0 = Ad-Hoc|iPhone
		{0525230C-6062-478A-B803-0523E1BDE866}.Ad-Hoc|Any CPU.Deploy.0 = Ad-Hoc|iPhone
		{0525230C-6062-478A-B803-0523E1BDE866}.Ad-Hoc|ARM.ActiveCfg = Ad-Hoc|iPhone
		{0525230C-6062-478A-B803-0523E1BDE866}.Ad-Hoc|ARM.Build.0 = Ad-Hoc|iPhone
		{0525230C-6062-478A-B803-0523E1BDE866}.Ad-Hoc|ARM.Deploy.0 = Ad-Hoc|iPhone
		{0525230C-6062-478A-B803-0523E1BDE866}.Ad-Hoc|iPhone.ActiveCfg = Ad-Hoc|iPhone
		{0525230C-6062-478A-B803-0523E1BDE866}.Ad-Hoc|iPhone.Build.0 = Ad-Hoc|iPhone
		{0525230C-6062-478A-B803-0523E1BDE866}.Ad-Hoc|iPhone.Deploy.0 = Ad-Hoc|iPhone
		{0525230C-6062-478A-B803-0523E1BDE866}.Ad-Hoc|iPhoneSimulator.ActiveCfg = Ad-Hoc|iPhoneSimulator
		{0525230C-6062-478A-B803-0523E1BDE866}.Ad-Hoc|iPhoneSimulator.Build.0 = Ad-Hoc|iPhoneSimulator
		{0525230C-6062-478A-B803-0523E1BDE866}.Ad-Hoc|iPhoneSimulator.Deploy.0 = Ad-Hoc|iPhoneSimulator
		{0525230C-6062-478A-B803-0523E1BDE866}.Ad-Hoc|x64.ActiveCfg = Ad-Hoc|iPhone
		{0525230C-6062-478A-B803-0523E1BDE866}.Ad-Hoc|x64.Build.0 = Ad-Hoc|iPhone
		{0525230C-6062-478A-B803-0523E1BDE866}.Ad-Hoc|x64.Deploy.0 = Ad-Hoc|iPhone
		{0525230C-6062-478A-B803-0523E1BDE866}.Ad-Hoc|x86.ActiveCfg = Ad-Hoc|iPhone
		{0525230C-6062-478A-B803-0523E1BDE866}.Ad-Hoc|x86.Build.0 = Ad-Hoc|iPhone
		{0525230C-6062-478A-B803-0523E1BDE866}.Ad-Hoc|x86.Deploy.0 = Ad-Hoc|iPhone
		{0525230C-6062-478A-B803-0523E1BDE866}.AppStore|Any CPU.ActiveCfg = AppStore|iPhone
		{0525230C-6062-478A-B803-0523E1BDE866}.AppStore|Any CPU.Build.0 = AppStore|iPhone
		{0525230C-6062-478A-B803-0523E1BDE866}.AppStore|Any CPU.Deploy.0 = AppStore|iPhone
		{0525230C-6062-478A-B803-0523E1BDE866}.AppStore|ARM.ActiveCfg = AppStore|iPhone
		{0525230C-6062-478A-B803-0523E1BDE866}.AppStore|ARM.Build.0 = AppStore|iPhone
		{0525230C-6062-478A-B803-0523E1BDE866}.AppStore|ARM.Deploy.0 = AppStore|iPhone
		{0525230C-6062-478A-B803-0523E1BDE866}.AppStore|iPhone.ActiveCfg = AppStore|iPhone
		{0525230C-6062-478A-B803-0523E1BDE866}.AppStore|iPhone.Build.0 = AppStore|iPhone
		{0525230C-6062-478A-B803-0523E1BDE866}.AppStore|iPhone.Deploy.0 = AppStore|iPhone
		{0525230C-6062-478A-B803-0523E1BDE866}.AppStore|iPhoneSimulator.ActiveCfg = AppStore|iPhoneSimulator
		{0525230C-6062-478A-B803-0523E1BDE866}.AppStore|iPhoneSimulator.Build.0 = AppStore|iPhoneSimulator
		{0525230C-6062-478A-B803-0523E1BDE866}.AppStore|iPhoneSimulator.Deploy.0 = AppStore|iPhoneSimulator
		{0525230C-6062-478A-B803-0523E1BDE866}.AppStore|x64.ActiveCfg = AppStore|iPhone
		{0525230C-6062-478A-B803-0523E1BDE866}.AppStore|x64.Build.0 = AppStore|iPhone
		{0525230C-6062-478A-B803-0523E1BDE866}.AppStore|x64.Deploy.0 = AppStore|iPhone
		{0525230C-6062-478A-B803-0523E1BDE866}.AppStore|x86.ActiveCfg = AppStore|iPhone
		{0525230C-6062-478A-B803-0523E1BDE866}.AppStore|x86.Build.0 = AppStore|iPhone
		{0525230C-6062-478A-B803-0523E1BDE866}.AppStore|x86.Deploy.0 = AppStore|iPhone
		{0525230C-6062-478A-B803-0523E1BDE866}.Debug|Any CPU.ActiveCfg = Debug|iPhoneSimulator
		{0525230C-6062-478A-B803-0523E1BDE866}.Debug|Any CPU.Build.0 = Debug|iPhoneSimulator
		{0525230C-6062-478A-B803-0523E1BDE866}.Debug|Any CPU.Deploy.0 = Debug|iPhoneSimulator
		{0525230C-6062-478A-B803-0523E1BDE866}.Debug|ARM.ActiveCfg = Debug|iPhone
		{0525230C-6062-478A-B803-0523E1BDE866}.Debug|ARM.Build.0 = Debug|iPhone
		{0525230C-6062-478A-B803-0523E1BDE866}.Debug|ARM.Deploy.0 = Debug|iPhone
		{0525230C-6062-478A-B803-0523E1BDE866}.Debug|iPhone.ActiveCfg = Debug|iPhone
		{0525230C-6062-478A-B803-0523E1BDE866}.Debug|iPhone.Build.0 = Debug|iPhone
		{0525230C-6062-478A-B803-0523E1BDE866}.Debug|iPhone.Deploy.0 = Debug|iPhone
		{0525230C-6062-478A-B803-0523E1BDE866}.Debug|iPhoneSimulator.ActiveCfg = Debug|iPhoneSimulator
		{0525230C-6062-478A-B803-0523E1BDE866}.Debug|iPhoneSimulator.Build.0 = Debug|iPhoneSimulator
		{0525230C-6062-478A-B803-0523E1BDE866}.Debug|iPhoneSimulator.Deploy.0 = Debug|iPhoneSimulator
		{0525230C-6062-478A-B803-0523E1BDE866}.Debug|x64.ActiveCfg = Debug|iPhone
		{0525230C-6062-478A-B803-0523E1BDE866}.Debug|x64.Build.0 = Debug|iPhone
		{0525230C-6062-478A-B803-0523E1BDE866}.Debug|x64.Deploy.0 = Debug|iPhone
		{0525230C-6062-478A-B803-0523E1BDE866}.Debug|x86.ActiveCfg = Debug|iPhone
		{0525230C-6062-478A-B803-0523E1BDE866}.Debug|x86.Build.0 = Debug|iPhone
		{0525230C-6062-478A-B803-0523E1BDE866}.Debug|x86.Deploy.0 = Debug|iPhone
		{0525230C-6062-478A-B803-0523E1BDE866}.Release|Any CPU.ActiveCfg = Release|iPhone
		{0525230C-6062-478A-B803-0523E1BDE866}.Release|Any CPU.Build.0 = Release|iPhone
		{0525230C-6062-478A-B803-0523E1BDE866}.Release|Any CPU.Deploy.0 = Release|iPhone
		{0525230C-6062-478A-B803-0523E1BDE866}.Release|ARM.ActiveCfg = Release|iPhone
		{0525230C-6062-478A-B803-0523E1BDE866}.Release|ARM.Build.0 = Release|iPhone
		{0525230C-6062-478A-B803-0523E1BDE866}.Release|ARM.Deploy.0 = Release|iPhone
		{0525230C-6062-478A-B803-0523E1BDE866}.Release|iPhone.ActiveCfg = Release|iPhone
		{0525230C-6062-478A-B803-0523E1BDE866}.Release|iPhone.Build.0 = Release|iPhone
		{0525230C-6062-478A-B803-0523E1BDE866}.Release|iPhone.Deploy.0 = Release|iPhone
		{0525230C-6062-478A-B803-0523E1BDE866}.Release|iPhoneSimulator.ActiveCfg = Release|iPhoneSimulator
		{0525230C-6062-478A-B803-0523E1BDE866}.Release|iPhoneSimulator.Build.0 = Release|iPhoneSimulator
		{0525230C-6062-478A-B803-0523E1BDE866}.Release|iPhoneSimulator.Deploy.0 = Release|iPhoneSimulator
		{0525230C-6062-478A-B803-0523E1BDE866}.Release|x64.ActiveCfg = Release|iPhone
		{0525230C-6062-478A-B803-0523E1BDE866}.Release|x64.Build.0 = Release|iPhone
		{0525230C-6062-478A-B803-0523E1BDE866}.Release|x64.Deploy.0 = Release|iPhone
		{0525230C-6062-478A-B803-0523E1BDE866}.Release|x86.ActiveCfg = Release|iPhone
		{0525230C-6062-478A-B803-0523E1BDE866}.Release|x86.Build.0 = Release|iPhone
		{0525230C-6062-478A-B803-0523E1BDE866}.Release|x86.Deploy.0 = Release|iPhone
		{8D9C90A4-C065-4AE5-B4D0-8451C462D177}.Ad-Hoc|Any CPU.ActiveCfg = Release|x86
		{8D9C90A4-C065-4AE5-B4D0-8451C462D177}.Ad-Hoc|Any CPU.Build.0 = Release|x86
		{8D9C90A4-C065-4AE5-B4D0-8451C462D177}.Ad-Hoc|Any CPU.Deploy.0 = Release|x86
		{8D9C90A4-C065-4AE5-B4D0-8451C462D177}.Ad-Hoc|ARM.ActiveCfg = Release|ARM
		{8D9C90A4-C065-4AE5-B4D0-8451C462D177}.Ad-Hoc|ARM.Build.0 = Release|ARM
		{8D9C90A4-C065-4AE5-B4D0-8451C462D177}.Ad-Hoc|ARM.Deploy.0 = Release|ARM
		{8D9C90A4-C065-4AE5-B4D0-8451C462D177}.Ad-Hoc|iPhone.ActiveCfg = Release|x86
		{8D9C90A4-C065-4AE5-B4D0-8451C462D177}.Ad-Hoc|iPhone.Build.0 = Release|x86
		{8D9C90A4-C065-4AE5-B4D0-8451C462D177}.Ad-Hoc|iPhone.Deploy.0 = Release|x86
		{8D9C90A4-C065-4AE5-B4D0-8451C462D177}.Ad-Hoc|iPhoneSimulator.ActiveCfg = Release|x86
		{8D9C90A4-C065-4AE5-B4D0-8451C462D177}.Ad-Hoc|iPhoneSimulator.Build.0 = Release|x86
		{8D9C90A4-C065-4AE5-B4D0-8451C462D177}.Ad-Hoc|iPhoneSimulator.Deploy.0 = Release|x86
		{8D9C90A4-C065-4AE5-B4D0-8451C462D177}.Ad-Hoc|x64.ActiveCfg = Release|x64
		{8D9C90A4-C065-4AE5-B4D0-8451C462D177}.Ad-Hoc|x64.Build.0 = Release|x64
		{8D9C90A4-C065-4AE5-B4D0-8451C462D177}.Ad-Hoc|x64.Deploy.0 = Release|x64
		{8D9C90A4-C065-4AE5-B4D0-8451C462D177}.Ad-Hoc|x86.ActiveCfg = Release|x86
		{8D9C90A4-C065-4AE5-B4D0-8451C462D177}.Ad-Hoc|x86.Build.0 = Release|x86
		{8D9C90A4-C065-4AE5-B4D0-8451C462D177}.Ad-Hoc|x86.Deploy.0 = Release|x86
		{8D9C90A4-C065-4AE5-B4D0-8451C462D177}.AppStore|Any CPU.ActiveCfg = Release|x86
		{8D9C90A4-C065-4AE5-B4D0-8451C462D177}.AppStore|Any CPU.Build.0 = Release|x86
		{8D9C90A4-C065-4AE5-B4D0-8451C462D177}.AppStore|Any CPU.Deploy.0 = Release|x86
		{8D9C90A4-C065-4AE5-B4D0-8451C462D177}.AppStore|ARM.ActiveCfg = Release|ARM
		{8D9C90A4-C065-4AE5-B4D0-8451C462D177}.AppStore|ARM.Build.0 = Release|ARM
		{8D9C90A4-C065-4AE5-B4D0-8451C462D177}.AppStore|ARM.Deploy.0 = Release|ARM
		{8D9C90A4-C065-4AE5-B4D0-8451C462D177}.AppStore|iPhone.ActiveCfg = Release|x86
		{8D9C90A4-C065-4AE5-B4D0-8451C462D177}.AppStore|iPhone.Build.0 = Release|x86
		{8D9C90A4-C065-4AE5-B4D0-8451C462D177}.AppStore|iPhone.Deploy.0 = Release|x86
		{8D9C90A4-C065-4AE5-B4D0-8451C462D177}.AppStore|iPhoneSimulator.ActiveCfg = Release|x86
		{8D9C90A4-C065-4AE5-B4D0-8451C462D177}.AppStore|iPhoneSimulator.Build.0 = Release|x86
		{8D9C90A4-C065-4AE5-B4D0-8451C462D177}.AppStore|iPhoneSimulator.Deploy.0 = Release|x86
		{8D9C90A4-C065-4AE5-B4D0-8451C462D177}.AppStore|x64.ActiveCfg = Release|x64
		{8D9C90A4-C065-4AE5-B4D0-8451C462D177}.AppStore|x64.Build.0 = Release|x64
		{8D9C90A4-C065-4AE5-B4D0-8451C462D177}.AppStore|x64.Deploy.0 = Release|x64
		{8D9C90A4-C065-4AE5-B4D0-8451C462D177}.AppStore|x86.ActiveCfg = Release|x86
		{8D9C90A4-C065-4AE5-B4D0-8451C462D177}.AppStore|x86.Build.0 = Release|x86
		{8D9C90A4-C065-4AE5-B4D0-8451C462D177}.AppStore|x86.Deploy.0 = Release|x86
		{8D9C90A4-C065-4AE5-B4D0-8451C462D177}.Debug|Any CPU.ActiveCfg = Debug|x86
		{8D9C90A4-C065-4AE5-B4D0-8451C462D177}.Debug|Any CPU.Build.0 = Debug|x86
		{8D9C90A4-C065-4AE5-B4D0-8451C462D177}.Debug|Any CPU.Deploy.0 = Debug|x86
		{8D9C90A4-C065-4AE5-B4D0-8451C462D177}.Debug|ARM.ActiveCfg = Debug|ARM
		{8D9C90A4-C065-4AE5-B4D0-8451C462D177}.Debug|ARM.Build.0 = Debug|ARM
		{8D9C90A4-C065-4AE5-B4D0-8451C462D177}.Debug|ARM.Deploy.0 = Debug|ARM
		{8D9C90A4-C065-4AE5-B4D0-8451C462D177}.Debug|iPhone.ActiveCfg = Debug|x86
		{8D9C90A4-C065-4AE5-B4D0-8451C462D177}.Debug|iPhone.Build.0 = Debug|x86
		{8D9C90A4-C065-4AE5-B4D0-8451C462D177}.Debug|iPhone.Deploy.0 = Debug|x86
		{8D9C90A4-C065-4AE5-B4D0-8451C462D177}.Debug|iPhoneSimulator.ActiveCfg = Debug|x86
		{8D9C90A4-C065-4AE5-B4D0-8451C462D177}.Debug|iPhoneSimulator.Build.0 = Debug|x86
		{8D9C90A4-C065-4AE5-B4D0-8451C462D177}.Debug|iPhoneSimulator.Deploy.0 = Debug|x86
		{8D9C90A4-C065-4AE5-B4D0-8451C462D177}.Debug|x64.ActiveCfg = Debug|x64
		{8D9C90A4-C065-4AE5-B4D0-8451C462D177}.Debug|x64.Build.0 = Debug|x64
		{8D9C90A4-C065-4AE5-B4D0-8451C462D177}.Debug|x64.Deploy.0 = Debug|x64
		{8D9C90A4-C065-4AE5-B4D0-8451C462D177}.Debug|x86.ActiveCfg = Debug|x86
		{8D9C90A4-C065-4AE5-B4D0-8451C462D177}.Debug|x86.Build.0 = Debug|x86
		{8D9C90A4-C065-4AE5-B4D0-8451C462D177}.Debug|x86.Deploy.0 = Debug|x86
		{8D9C90A4-C065-4AE5-B4D0-8451C462D177}.Release|Any CPU.ActiveCfg = Release|x86
		{8D9C90A4-C065-4AE5-B4D0-8451C462D177}.Release|Any CPU.Build.0 = Release|x86
		{8D9C90A4-C065-4AE5-B4D0-8451C462D177}.Release|Any CPU.Deploy.0 = Release|x86
		{8D9C90A4-C065-4AE5-B4D0-8451C462D177}.Release|ARM.ActiveCfg = Release|ARM
		{8D9C90A4-C065-4AE5-B4D0-8451C462D177}.Release|ARM.Build.0 = Release|ARM
		{8D9C90A4-C065-4AE5-B4D0-8451C462D177}.Release|ARM.Deploy.0 = Release|ARM
		{8D9C90A4-C065-4AE5-B4D0-8451C462D177}.Release|iPhone.ActiveCfg = Release|x86
		{8D9C90A4-C065-4AE5-B4D0-8451C462D177}.Release|iPhone.Build.0 = Release|x86
		{8D9C90A4-C065-4AE5-B4D0-8451C462D177}.Release|iPhone.Deploy.0 = Release|x86
		{8D9C90A4-C065-4AE5-B4D0-8451C462D177}.Release|iPhoneSimulator.ActiveCfg = Release|x86
		{8D9C90A4-C065-4AE5-B4D0-8451C462D177}.Release|iPhoneSimulator.Build.0 = Release|x86
		{8D9C90A4-C065-4AE5-B4D0-8451C462D177}.Release|iPhoneSimulator.Deploy.0 = Release|x86
		{8D9C90A4-C065-4AE5-B4D0-8451C462D177}.Release|x64.ActiveCfg = Release|x64
		{8D9C90A4-C065-4AE5-B4D0-8451C462D177}.Release|x64.Build.0 = Release|x64
		{8D9C90A4-C065-4AE5-B4D0-8451C462D177}.Release|x64.Deploy.0 = Release|x64
		{8D9C90A4-C065-4AE5-B4D0-8451C462D177}.Release|x86.ActiveCfg = Release|x86
		{8D9C90A4-C065-4AE5-B4D0-8451C462D177}.Release|x86.Build.0 = Release|x86
		{8D9C90A4-C065-4AE5-B4D0-8451C462D177}.Release|x86.Deploy.0 = Release|x86
		{47F070CD-3034-439D-9398-3A9AB17B561D}.Ad-Hoc|Any CPU.ActiveCfg = Debug|Any CPU
		{47F070CD-3034-439D-9398-3A9AB17B561D}.Ad-Hoc|Any CPU.Build.0 = Debug|Any CPU
		{47F070CD-3034-439D-9398-3A9AB17B561D}.Ad-Hoc|Any CPU.Deploy.0 = Debug|Any CPU
		{47F070CD-3034-439D-9398-3A9AB17B561D}.Ad-Hoc|ARM.ActiveCfg = Debug|Any CPU
		{47F070CD-3034-439D-9398-3A9AB17B561D}.Ad-Hoc|ARM.Build.0 = Debug|Any CPU
		{47F070CD-3034-439D-9398-3A9AB17B561D}.Ad-Hoc|ARM.Deploy.0 = Debug|Any CPU
		{47F070CD-3034-439D-9398-3A9AB17B561D}.Ad-Hoc|iPhone.ActiveCfg = Debug|Any CPU
		{47F070CD-3034-439D-9398-3A9AB17B561D}.Ad-Hoc|iPhone.Build.0 = Debug|Any CPU
		{47F070CD-3034-439D-9398-3A9AB17B561D}.Ad-Hoc|iPhone.Deploy.0 = Debug|Any CPU
		{47F070CD-3034-439D-9398-3A9AB17B561D}.Ad-Hoc|iPhoneSimulator.ActiveCfg = Debug|Any CPU
		{47F070CD-3034-439D-9398-3A9AB17B561D}.Ad-Hoc|iPhoneSimulator.Build.0 = Debug|Any CPU
		{47F070CD-3034-439D-9398-3A9AB17B561D}.Ad-Hoc|iPhoneSimulator.Deploy.0 = Debug|Any CPU
		{47F070CD-3034-439D-9398-3A9AB17B561D}.Ad-Hoc|x64.ActiveCfg = Debug|Any CPU
		{47F070CD-3034-439D-9398-3A9AB17B561D}.Ad-Hoc|x64.Build.0 = Debug|Any CPU
		{47F070CD-3034-439D-9398-3A9AB17B561D}.Ad-Hoc|x64.Deploy.0 = Debug|Any CPU
		{47F070CD-3034-439D-9398-3A9AB17B561D}.Ad-Hoc|x86.ActiveCfg = Debug|Any CPU
		{47F070CD-3034-439D-9398-3A9AB17B561D}.Ad-Hoc|x86.Build.0 = Debug|Any CPU
		{47F070CD-3034-439D-9398-3A9AB17B561D}.Ad-Hoc|x86.Deploy.0 = Debug|Any CPU
		{47F070CD-3034-439D-9398-3A9AB17B561D}.AppStore|Any CPU.ActiveCfg = Debug|Any CPU
		{47F070CD-3034-439D-9398-3A9AB17B561D}.AppStore|Any CPU.Build.0 = Debug|Any CPU
		{47F070CD-3034-439D-9398-3A9AB17B561D}.AppStore|Any CPU.Deploy.0 = Debug|Any CPU
		{47F070CD-3034-439D-9398-3A9AB17B561D}.AppStore|ARM.ActiveCfg = Debug|Any CPU
		{47F070CD-3034-439D-9398-3A9AB17B561D}.AppStore|ARM.Build.0 = Debug|Any CPU
		{47F070CD-3034-439D-9398-3A9AB17B561D}.AppStore|ARM.Deploy.0 = Debug|Any CPU
		{47F070CD-3034-439D-9398-3A9AB17B561D}.AppStore|iPhone.ActiveCfg = Debug|Any CPU
		{47F070CD-3034-439D-9398-3A9AB17B561D}.AppStore|iPhone.Build.0 = Debug|Any CPU
		{47F070CD-3034-439D-9398-3A9AB17B561D}.AppStore|iPhone.Deploy.0 = Debug|Any CPU
		{47F070CD-3034-439D-9398-3A9AB17B561D}.AppStore|iPhoneSimulator.ActiveCfg = Debug|Any CPU
		{47F070CD-3034-439D-9398-3A9AB17B561D}.AppStore|iPhoneSimulator.Build.0 = Debug|Any CPU
		{47F070CD-3034-439D-9398-3A9AB17B561D}.AppStore|iPhoneSimulator.Deploy.0 = Debug|Any CPU
		{47F070CD-3034-439D-9398-3A9AB17B561D}.AppStore|x64.ActiveCfg = Debug|Any CPU
		{47F070CD-3034-439D-9398-3A9AB17B561D}.AppStore|x64.Build.0 = Debug|Any CPU
		{47F070CD-3034-439D-9398-3A9AB17B561D}.AppStore|x64.Deploy.0 = Debug|Any CPU
		{47F070CD-3034-439D-9398-3A9AB17B561D}.AppStore|x86.ActiveCfg = Debug|Any CPU
		{47F070CD-3034-439D-9398-3A9AB17B561D}.AppStore|x86.Build.0 = Debug|Any CPU
		{47F070CD-3034-439D-9398-3A9AB17B561D}.AppStore|x86.Deploy.0 = Debug|Any CPU
		{47F070CD-3034-439D-9398-3A9AB17B561D}.Debug|Any CPU.ActiveCfg = Debug|Any CPU
		{47F070CD-3034-439D-9398-3A9AB17B561D}.Debug|Any CPU.Build.0 = Debug|Any CPU
		{47F070CD-3034-439D-9398-3A9AB17B561D}.Debug|Any CPU.Deploy.0 = Debug|Any CPU
		{47F070CD-3034-439D-9398-3A9AB17B561D}.Debug|ARM.ActiveCfg = Debug|Any CPU
		{47F070CD-3034-439D-9398-3A9AB17B561D}.Debug|ARM.Build.0 = Debug|Any CPU
		{47F070CD-3034-439D-9398-3A9AB17B561D}.Debug|ARM.Deploy.0 = Debug|Any CPU
		{47F070CD-3034-439D-9398-3A9AB17B561D}.Debug|iPhone.ActiveCfg = Debug|Any CPU
		{47F070CD-3034-439D-9398-3A9AB17B561D}.Debug|iPhone.Build.0 = Debug|Any CPU
		{47F070CD-3034-439D-9398-3A9AB17B561D}.Debug|iPhone.Deploy.0 = Debug|Any CPU
		{47F070CD-3034-439D-9398-3A9AB17B561D}.Debug|iPhoneSimulator.ActiveCfg = Debug|Any CPU
		{47F070CD-3034-439D-9398-3A9AB17B561D}.Debug|iPhoneSimulator.Build.0 = Debug|Any CPU
		{47F070CD-3034-439D-9398-3A9AB17B561D}.Debug|iPhoneSimulator.Deploy.0 = Debug|Any CPU
		{47F070CD-3034-439D-9398-3A9AB17B561D}.Debug|x64.ActiveCfg = Debug|Any CPU
		{47F070CD-3034-439D-9398-3A9AB17B561D}.Debug|x64.Build.0 = Debug|Any CPU
		{47F070CD-3034-439D-9398-3A9AB17B561D}.Debug|x64.Deploy.0 = Debug|Any CPU
		{47F070CD-3034-439D-9398-3A9AB17B561D}.Debug|x86.ActiveCfg = Debug|Any CPU
		{47F070CD-3034-439D-9398-3A9AB17B561D}.Debug|x86.Build.0 = Debug|Any CPU
		{47F070CD-3034-439D-9398-3A9AB17B561D}.Debug|x86.Deploy.0 = Debug|Any CPU
		{47F070CD-3034-439D-9398-3A9AB17B561D}.Release|Any CPU.ActiveCfg = Release|Any CPU
		{47F070CD-3034-439D-9398-3A9AB17B561D}.Release|Any CPU.Build.0 = Release|Any CPU
		{47F070CD-3034-439D-9398-3A9AB17B561D}.Release|Any CPU.Deploy.0 = Release|Any CPU
		{47F070CD-3034-439D-9398-3A9AB17B561D}.Release|ARM.ActiveCfg = Release|Any CPU
		{47F070CD-3034-439D-9398-3A9AB17B561D}.Release|ARM.Build.0 = Release|Any CPU
		{47F070CD-3034-439D-9398-3A9AB17B561D}.Release|ARM.Deploy.0 = Release|Any CPU
		{47F070CD-3034-439D-9398-3A9AB17B561D}.Release|iPhone.ActiveCfg = Release|Any CPU
		{47F070CD-3034-439D-9398-3A9AB17B561D}.Release|iPhone.Build.0 = Release|Any CPU
		{47F070CD-3034-439D-9398-3A9AB17B561D}.Release|iPhone.Deploy.0 = Release|Any CPU
		{47F070CD-3034-439D-9398-3A9AB17B561D}.Release|iPhoneSimulator.ActiveCfg = Release|Any CPU
		{47F070CD-3034-439D-9398-3A9AB17B561D}.Release|iPhoneSimulator.Build.0 = Release|Any CPU
		{47F070CD-3034-439D-9398-3A9AB17B561D}.Release|iPhoneSimulator.Deploy.0 = Release|Any CPU
		{47F070CD-3034-439D-9398-3A9AB17B561D}.Release|x64.ActiveCfg = Release|Any CPU
		{47F070CD-3034-439D-9398-3A9AB17B561D}.Release|x64.Build.0 = Release|Any CPU
		{47F070CD-3034-439D-9398-3A9AB17B561D}.Release|x64.Deploy.0 = Release|Any CPU
		{47F070CD-3034-439D-9398-3A9AB17B561D}.Release|x86.ActiveCfg = Release|Any CPU
		{47F070CD-3034-439D-9398-3A9AB17B561D}.Release|x86.Build.0 = Release|Any CPU
		{47F070CD-3034-439D-9398-3A9AB17B561D}.Release|x86.Deploy.0 = Release|Any CPU
		{490D2AD6-BCEB-4EB7-BF17-E6EAD490CAD5}.Ad-Hoc|Any CPU.ActiveCfg = Release|Any CPU
		{490D2AD6-BCEB-4EB7-BF17-E6EAD490CAD5}.Ad-Hoc|Any CPU.Build.0 = Release|Any CPU
		{490D2AD6-BCEB-4EB7-BF17-E6EAD490CAD5}.Ad-Hoc|ARM.ActiveCfg = Release|Any CPU
		{490D2AD6-BCEB-4EB7-BF17-E6EAD490CAD5}.Ad-Hoc|ARM.Build.0 = Release|Any CPU
		{490D2AD6-BCEB-4EB7-BF17-E6EAD490CAD5}.Ad-Hoc|iPhone.ActiveCfg = Release|Any CPU
		{490D2AD6-BCEB-4EB7-BF17-E6EAD490CAD5}.Ad-Hoc|iPhone.Build.0 = Release|Any CPU
		{490D2AD6-BCEB-4EB7-BF17-E6EAD490CAD5}.Ad-Hoc|iPhoneSimulator.ActiveCfg = Release|Any CPU
		{490D2AD6-BCEB-4EB7-BF17-E6EAD490CAD5}.Ad-Hoc|iPhoneSimulator.Build.0 = Release|Any CPU
		{490D2AD6-BCEB-4EB7-BF17-E6EAD490CAD5}.Ad-Hoc|x64.ActiveCfg = Release|Any CPU
		{490D2AD6-BCEB-4EB7-BF17-E6EAD490CAD5}.Ad-Hoc|x64.Build.0 = Release|Any CPU
		{490D2AD6-BCEB-4EB7-BF17-E6EAD490CAD5}.Ad-Hoc|x86.ActiveCfg = Release|Any CPU
		{490D2AD6-BCEB-4EB7-BF17-E6EAD490CAD5}.Ad-Hoc|x86.Build.0 = Release|Any CPU
		{490D2AD6-BCEB-4EB7-BF17-E6EAD490CAD5}.AppStore|Any CPU.ActiveCfg = Release|Any CPU
		{490D2AD6-BCEB-4EB7-BF17-E6EAD490CAD5}.AppStore|Any CPU.Build.0 = Release|Any CPU
		{490D2AD6-BCEB-4EB7-BF17-E6EAD490CAD5}.AppStore|ARM.ActiveCfg = Release|Any CPU
		{490D2AD6-BCEB-4EB7-BF17-E6EAD490CAD5}.AppStore|ARM.Build.0 = Release|Any CPU
		{490D2AD6-BCEB-4EB7-BF17-E6EAD490CAD5}.AppStore|iPhone.ActiveCfg = Release|Any CPU
		{490D2AD6-BCEB-4EB7-BF17-E6EAD490CAD5}.AppStore|iPhone.Build.0 = Release|Any CPU
		{490D2AD6-BCEB-4EB7-BF17-E6EAD490CAD5}.AppStore|iPhoneSimulator.ActiveCfg = Release|Any CPU
		{490D2AD6-BCEB-4EB7-BF17-E6EAD490CAD5}.AppStore|iPhoneSimulator.Build.0 = Release|Any CPU
		{490D2AD6-BCEB-4EB7-BF17-E6EAD490CAD5}.AppStore|x64.ActiveCfg = Release|Any CPU
		{490D2AD6-BCEB-4EB7-BF17-E6EAD490CAD5}.AppStore|x64.Build.0 = Release|Any CPU
		{490D2AD6-BCEB-4EB7-BF17-E6EAD490CAD5}.AppStore|x86.ActiveCfg = Release|Any CPU
		{490D2AD6-BCEB-4EB7-BF17-E6EAD490CAD5}.AppStore|x86.Build.0 = Release|Any CPU
		{490D2AD6-BCEB-4EB7-BF17-E6EAD490CAD5}.Debug|Any CPU.ActiveCfg = Debug|Any CPU
		{490D2AD6-BCEB-4EB7-BF17-E6EAD490CAD5}.Debug|Any CPU.Build.0 = Debug|Any CPU
		{490D2AD6-BCEB-4EB7-BF17-E6EAD490CAD5}.Debug|ARM.ActiveCfg = Debug|Any CPU
		{490D2AD6-BCEB-4EB7-BF17-E6EAD490CAD5}.Debug|ARM.Build.0 = Debug|Any CPU
		{490D2AD6-BCEB-4EB7-BF17-E6EAD490CAD5}.Debug|iPhone.ActiveCfg = Debug|Any CPU
		{490D2AD6-BCEB-4EB7-BF17-E6EAD490CAD5}.Debug|iPhone.Build.0 = Debug|Any CPU
		{490D2AD6-BCEB-4EB7-BF17-E6EAD490CAD5}.Debug|iPhoneSimulator.ActiveCfg = Debug|Any CPU
		{490D2AD6-BCEB-4EB7-BF17-E6EAD490CAD5}.Debug|iPhoneSimulator.Build.0 = Debug|Any CPU
		{490D2AD6-BCEB-4EB7-BF17-E6EAD490CAD5}.Debug|x64.ActiveCfg = Debug|Any CPU
		{490D2AD6-BCEB-4EB7-BF17-E6EAD490CAD5}.Debug|x64.Build.0 = Debug|Any CPU
		{490D2AD6-BCEB-4EB7-BF17-E6EAD490CAD5}.Debug|x86.ActiveCfg = Debug|Any CPU
		{490D2AD6-BCEB-4EB7-BF17-E6EAD490CAD5}.Debug|x86.Build.0 = Debug|Any CPU
		{490D2AD6-BCEB-4EB7-BF17-E6EAD490CAD5}.Release|Any CPU.ActiveCfg = Release|Any CPU
		{490D2AD6-BCEB-4EB7-BF17-E6EAD490CAD5}.Release|Any CPU.Build.0 = Release|Any CPU
		{490D2AD6-BCEB-4EB7-BF17-E6EAD490CAD5}.Release|ARM.ActiveCfg = Release|Any CPU
		{490D2AD6-BCEB-4EB7-BF17-E6EAD490CAD5}.Release|ARM.Build.0 = Release|Any CPU
		{490D2AD6-BCEB-4EB7-BF17-E6EAD490CAD5}.Release|iPhone.ActiveCfg = Release|Any CPU
		{490D2AD6-BCEB-4EB7-BF17-E6EAD490CAD5}.Release|iPhone.Build.0 = Release|Any CPU
		{490D2AD6-BCEB-4EB7-BF17-E6EAD490CAD5}.Release|iPhoneSimulator.ActiveCfg = Release|Any CPU
		{490D2AD6-BCEB-4EB7-BF17-E6EAD490CAD5}.Release|iPhoneSimulator.Build.0 = Release|Any CPU
		{490D2AD6-BCEB-4EB7-BF17-E6EAD490CAD5}.Release|x64.ActiveCfg = Release|Any CPU
		{490D2AD6-BCEB-4EB7-BF17-E6EAD490CAD5}.Release|x64.Build.0 = Release|Any CPU
		{490D2AD6-BCEB-4EB7-BF17-E6EAD490CAD5}.Release|x86.ActiveCfg = Release|Any CPU
		{490D2AD6-BCEB-4EB7-BF17-E6EAD490CAD5}.Release|x86.Build.0 = Release|Any CPU
	EndGlobalSection
	GlobalSection(SolutionProperties) = preSolution
		HideSolutionNode = FALSE
	EndGlobalSection
	GlobalSection(ExtensibilityGlobals) = postSolution
		SolutionGuid = {F9A52375-0FEF-4996-9F6A-9F84639D28D8}
	EndGlobalSection
EndGlobal
