
Microsoft Visual Studio Solution File, Format Version 12.00
# Visual Studio 15
VisualStudioVersion = 15.0.27703.2026
MinimumVisualStudioVersion = 10.0.40219.1
Project("{FAE04EC0-301F-11D3-BF4B-00C04F79EFBC}") = "TheInteractiveInterface.Android", "TheInteractiveInterface\TheInteractiveInterface.Android\TheInteractiveInterface.Android.csproj", "{6092F32C-6A4A-476E-8C9A-14592921CFB9}"
EndProject
Project("{FAE04EC0-301F-11D3-BF4B-00C04F79EFBC}") = "TheInteractiveInterface.iOS", "TheInteractiveInterface\TheInteractiveInterface.iOS\TheInteractiveInterface.iOS.csproj", "{14A88BD3-E872-4622-AACC-97C23243C847}"
EndProject
Project("{FAE04EC0-301F-11D3-BF4B-00C04F79EFBC}") = "TheInteractiveInterface.UWP", "TheInteractiveInterface\TheInteractiveInterface.UWP\TheInteractiveInterface.UWP.csproj", "{4872E30F-510B-4803-8091-2BAD7F97118F}"
EndProject
Project("{9A19103F-16F7-4668-BE54-9A1E7A4F7556}") = "TheInteractiveInterface", "TheInteractiveInterface\TheInteractiveInterface\TheInteractiveInterface.csproj", "{340AFC62-FBBA-454E-86A4-017AA615535A}"
EndProject
Project("{FAE04EC0-301F-11D3-BF4B-00C04F79EFBC}") = "Xamarin.Forms.Toolkit", "Xamarin.Forms.Toolkit\Xamarin.Forms.Toolkit.csproj", "{490D2AD6-BCEB-4EB7-BF17-E6EAD490CAD5}"
EndProject
Global
	GlobalSection(SolutionConfigurationPlatforms) = preSolution
		Ad-Hoc|Any CPU = Ad-Hoc|Any CPU
		Ad-Hoc|ARM = Ad-Hoc|ARM
		Ad-Hoc|iPhone = Ad-Hoc|iPhone
		Ad-Hoc|iPhoneSimulator = Ad-Hoc|iPhoneSimulator
		Ad-Hoc|x64 = Ad-Hoc|x64
		Ad-Hoc|x86 = Ad-Hoc|x86
		AppStore|Any CPU = AppStore|Any CPU
		AppStore|ARM = AppStore|ARM
		AppStore|iPhone = AppStore|iPhone
		AppStore|iPhoneSimulator = AppStore|iPhoneSimulator
		AppStore|x64 = AppStore|x64
		AppStore|x86 = AppStore|x86
		Debug|Any CPU = Debug|Any CPU
		Debug|ARM = Debug|ARM
		Debug|iPhone = Debug|iPhone
		Debug|iPhoneSimulator = Debug|iPhoneSimulator
		Debug|x64 = Debug|x64
		Debug|x86 = Debug|x86
		Release|Any CPU = Release|Any CPU
		Release|ARM = Release|ARM
		Release|iPhone = Release|iPhone
		Release|iPhoneSimulator = Release|iPhoneSimulator
		Release|x64 = Release|x64
		Release|x86 = Release|x86
	EndGlobalSection
	GlobalSection(ProjectConfigurationPlatforms) = postSolution
		{6092F32C-6A4A-476E-8C9A-14592921CFB9}.Ad-Hoc|Any CPU.ActiveCfg = Release|Any CPU
		{6092F32C-6A4A-476E-8C9A-14592921CFB9}.Ad-Hoc|Any CPU.Build.0 = Release|Any CPU
		{6092F32C-6A4A-476E-8C9A-14592921CFB9}.Ad-Hoc|Any CPU.Deploy.0 = Release|Any CPU
		{6092F32C-6A4A-476E-8C9A-14592921CFB9}.Ad-Hoc|ARM.ActiveCfg = Release|Any CPU
		{6092F32C-6A4A-476E-8C9A-14592921CFB9}.Ad-Hoc|ARM.Build.0 = Release|Any CPU
		{6092F32C-6A4A-476E-8C9A-14592921CFB9}.Ad-Hoc|ARM.Deploy.0 = Release|Any CPU
		{6092F32C-6A4A-476E-8C9A-14592921CFB9}.Ad-Hoc|iPhone.ActiveCfg = Release|Any CPU
		{6092F32C-6A4A-476E-8C9A-14592921CFB9}.Ad-Hoc|iPhone.Build.0 = Release|Any CPU
		{6092F32C-6A4A-476E-8C9A-14592921CFB9}.Ad-Hoc|iPhone.Deploy.0 = Release|Any CPU
		{6092F32C-6A4A-476E-8C9A-14592921CFB9}.Ad-Hoc|iPhoneSimulator.ActiveCfg = Release|Any CPU
		{6092F32C-6A4A-476E-8C9A-14592921CFB9}.Ad-Hoc|iPhoneSimulator.Build.0 = Release|Any CPU
		{6092F32C-6A4A-476E-8C9A-14592921CFB9}.Ad-Hoc|iPhoneSimulator.Deploy.0 = Release|Any CPU
		{6092F32C-6A4A-476E-8C9A-14592921CFB9}.Ad-Hoc|x64.ActiveCfg = Release|Any CPU
		{6092F32C-6A4A-476E-8C9A-14592921CFB9}.Ad-Hoc|x64.Build.0 = Release|Any CPU
		{6092F32C-6A4A-476E-8C9A-14592921CFB9}.Ad-Hoc|x64.Deploy.0 = Release|Any CPU
		{6092F32C-6A4A-476E-8C9A-14592921CFB9}.Ad-Hoc|x86.ActiveCfg = Release|Any CPU
		{6092F32C-6A4A-476E-8C9A-14592921CFB9}.Ad-Hoc|x86.Build.0 = Release|Any CPU
		{6092F32C-6A4A-476E-8C9A-14592921CFB9}.Ad-Hoc|x86.Deploy.0 = Release|Any CPU
		{6092F32C-6A4A-476E-8C9A-14592921CFB9}.AppStore|Any CPU.ActiveCfg = Release|Any CPU
		{6092F32C-6A4A-476E-8C9A-14592921CFB9}.AppStore|Any CPU.Build.0 = Release|Any CPU
		{6092F32C-6A4A-476E-8C9A-14592921CFB9}.AppStore|Any CPU.Deploy.0 = Release|Any CPU
		{6092F32C-6A4A-476E-8C9A-14592921CFB9}.AppStore|ARM.ActiveCfg = Release|Any CPU
		{6092F32C-6A4A-476E-8C9A-14592921CFB9}.AppStore|ARM.Build.0 = Release|Any CPU
		{6092F32C-6A4A-476E-8C9A-14592921CFB9}.AppStore|ARM.Deploy.0 = Release|Any CPU
		{6092F32C-6A4A-476E-8C9A-14592921CFB9}.AppStore|iPhone.ActiveCfg = Release|Any CPU
		{6092F32C-6A4A-476E-8C9A-14592921CFB9}.AppStore|iPhone.Build.0 = Release|Any CPU
		{6092F32C-6A4A-476E-8C9A-14592921CFB9}.AppStore|iPhone.Deploy.0 = Release|Any CPU
		{6092F32C-6A4A-476E-8C9A-14592921CFB9}.AppStore|iPhoneSimulator.ActiveCfg = Release|Any CPU
		{6092F32C-6A4A-476E-8C9A-14592921CFB9}.AppStore|iPhoneSimulator.Build.0 = Release|Any CPU
		{6092F32C-6A4A-476E-8C9A-14592921CFB9}.AppStore|iPhoneSimulator.Deploy.0 = Release|Any CPU
		{6092F32C-6A4A-476E-8C9A-14592921CFB9}.AppStore|x64.ActiveCfg = Release|Any CPU
		{6092F32C-6A4A-476E-8C9A-14592921CFB9}.AppStore|x64.Build.0 = Release|Any CPU
		{6092F32C-6A4A-476E-8C9A-14592921CFB9}.AppStore|x64.Deploy.0 = Release|Any CPU
		{6092F32C-6A4A-476E-8C9A-14592921CFB9}.AppStore|x86.ActiveCfg = Release|Any CPU
		{6092F32C-6A4A-476E-8C9A-14592921CFB9}.AppStore|x86.Build.0 = Release|Any CPU
		{6092F32C-6A4A-476E-8C9A-14592921CFB9}.AppStore|x86.Deploy.0 = Release|Any CPU
		{6092F32C-6A4A-476E-8C9A-14592921CFB9}.Debug|Any CPU.ActiveCfg = Debug|Any CPU
		{6092F32C-6A4A-476E-8C9A-14592921CFB9}.Debug|Any CPU.Build.0 = Debug|Any CPU
		{6092F32C-6A4A-476E-8C9A-14592921CFB9}.Debug|Any CPU.Deploy.0 = Debug|Any CPU
		{6092F32C-6A4A-476E-8C9A-14592921CFB9}.Debug|ARM.ActiveCfg = Debug|Any CPU
		{6092F32C-6A4A-476E-8C9A-14592921CFB9}.Debug|ARM.Build.0 = Debug|Any CPU
		{6092F32C-6A4A-476E-8C9A-14592921CFB9}.Debug|ARM.Deploy.0 = Debug|Any CPU
		{6092F32C-6A4A-476E-8C9A-14592921CFB9}.Debug|iPhone.ActiveCfg = Debug|Any CPU
		{6092F32C-6A4A-476E-8C9A-14592921CFB9}.Debug|iPhone.Build.0 = Debug|Any CPU
		{6092F32C-6A4A-476E-8C9A-14592921CFB9}.Debug|iPhone.Deploy.0 = Debug|Any CPU
		{6092F32C-6A4A-476E-8C9A-14592921CFB9}.Debug|iPhoneSimulator.ActiveCfg = Debug|Any CPU
		{6092F32C-6A4A-476E-8C9A-14592921CFB9}.Debug|iPhoneSimulator.Build.0 = Debug|Any CPU
		{6092F32C-6A4A-476E-8C9A-14592921CFB9}.Debug|iPhoneSimulator.Deploy.0 = Debug|Any CPU
		{6092F32C-6A4A-476E-8C9A-14592921CFB9}.Debug|x64.ActiveCfg = Debug|Any CPU
		{6092F32C-6A4A-476E-8C9A-14592921CFB9}.Debug|x64.Build.0 = Debug|Any CPU
		{6092F32C-6A4A-476E-8C9A-14592921CFB9}.Debug|x64.Deploy.0 = Debug|Any CPU
		{6092F32C-6A4A-476E-8C9A-14592921CFB9}.Debug|x86.ActiveCfg = Debug|Any CPU
		{6092F32C-6A4A-476E-8C9A-14592921CFB9}.Debug|x86.Build.0 = Debug|Any CPU
		{6092F32C-6A4A-476E-8C9A-14592921CFB9}.Debug|x86.Deploy.0 = Debug|Any CPU
		{6092F32C-6A4A-476E-8C9A-14592921CFB9}.Release|Any CPU.ActiveCfg = Release|Any CPU
		{6092F32C-6A4A-476E-8C9A-14592921CFB9}.Release|Any CPU.Build.0 = Release|Any CPU
		{6092F32C-6A4A-476E-8C9A-14592921CFB9}.Release|Any CPU.Deploy.0 = Release|Any CPU
		{6092F32C-6A4A-476E-8C9A-14592921CFB9}.Release|ARM.ActiveCfg = Release|Any CPU
		{6092F32C-6A4A-476E-8C9A-14592921CFB9}.Release|ARM.Build.0 = Release|Any CPU
		{6092F32C-6A4A-476E-8C9A-14592921CFB9}.Release|ARM.Deploy.0 = Release|Any CPU
		{6092F32C-6A4A-476E-8C9A-14592921CFB9}.Release|iPhone.ActiveCfg = Release|Any CPU
		{6092F32C-6A4A-476E-8C9A-14592921CFB9}.Release|iPhone.Build.0 = Release|Any CPU
		{6092F32C-6A4A-476E-8C9A-14592921CFB9}.Release|iPhone.Deploy.0 = Release|Any CPU
		{6092F32C-6A4A-476E-8C9A-14592921CFB9}.Release|iPhoneSimulator.ActiveCfg = Release|Any CPU
		{6092F32C-6A4A-476E-8C9A-14592921CFB9}.Release|iPhoneSimulator.Build.0 = Release|Any CPU
		{6092F32C-6A4A-476E-8C9A-14592921CFB9}.Release|iPhoneSimulator.Deploy.0 = Release|Any CPU
		{6092F32C-6A4A-476E-8C9A-14592921CFB9}.Release|x64.ActiveCfg = Release|Any CPU
		{6092F32C-6A4A-476E-8C9A-14592921CFB9}.Release|x64.Build.0 = Release|Any CPU
		{6092F32C-6A4A-476E-8C9A-14592921CFB9}.Release|x64.Deploy.0 = Release|Any CPU
		{6092F32C-6A4A-476E-8C9A-14592921CFB9}.Release|x86.ActiveCfg = Release|Any CPU
		{6092F32C-6A4A-476E-8C9A-14592921CFB9}.Release|x86.Build.0 = Release|Any CPU
		{6092F32C-6A4A-476E-8C9A-14592921CFB9}.Release|x86.Deploy.0 = Release|Any CPU
		{14A88BD3-E872-4622-AACC-97C23243C847}.Ad-Hoc|Any CPU.ActiveCfg = Ad-Hoc|iPhone
		{14A88BD3-E872-4622-AACC-97C23243C847}.Ad-Hoc|Any CPU.Build.0 = Ad-Hoc|iPhone
		{14A88BD3-E872-4622-AACC-97C23243C847}.Ad-Hoc|Any CPU.Deploy.0 = Ad-Hoc|iPhone
		{14A88BD3-E872-4622-AACC-97C23243C847}.Ad-Hoc|ARM.ActiveCfg = Ad-Hoc|iPhone
		{14A88BD3-E872-4622-AACC-97C23243C847}.Ad-Hoc|ARM.Build.0 = Ad-Hoc|iPhone
		{14A88BD3-E872-4622-AACC-97C23243C847}.Ad-Hoc|ARM.Deploy.0 = Ad-Hoc|iPhone
		{14A88BD3-E872-4622-AACC-97C23243C847}.Ad-Hoc|iPhone.ActiveCfg = Ad-Hoc|iPhone
		{14A88BD3-E872-4622-AACC-97C23243C847}.Ad-Hoc|iPhone.Build.0 = Ad-Hoc|iPhone
		{14A88BD3-E872-4622-AACC-97C23243C847}.Ad-Hoc|iPhone.Deploy.0 = Ad-Hoc|iPhone
		{14A88BD3-E872-4622-AACC-97C23243C847}.Ad-Hoc|iPhoneSimulator.ActiveCfg = Ad-Hoc|iPhoneSimulator
		{14A88BD3-E872-4622-AACC-97C23243C847}.Ad-Hoc|iPhoneSimulator.Build.0 = Ad-Hoc|iPhoneSimulator
		{14A88BD3-E872-4622-AACC-97C23243C847}.Ad-Hoc|iPhoneSimulator.Deploy.0 = Ad-Hoc|iPhoneSimulator
		{14A88BD3-E872-4622-AACC-97C23243C847}.Ad-Hoc|x64.ActiveCfg = Ad-Hoc|iPhone
		{14A88BD3-E872-4622-AACC-97C23243C847}.Ad-Hoc|x64.Build.0 = Ad-Hoc|iPhone
		{14A88BD3-E872-4622-AACC-97C23243C847}.Ad-Hoc|x64.Deploy.0 = Ad-Hoc|iPhone
		{14A88BD3-E872-4622-AACC-97C23243C847}.Ad-Hoc|x86.ActiveCfg = Ad-Hoc|iPhone
		{14A88BD3-E872-4622-AACC-97C23243C847}.Ad-Hoc|x86.Build.0 = Ad-Hoc|iPhone
		{14A88BD3-E872-4622-AACC-97C23243C847}.Ad-Hoc|x86.Deploy.0 = Ad-Hoc|iPhone
		{14A88BD3-E872-4622-AACC-97C23243C847}.AppStore|Any CPU.ActiveCfg = AppStore|iPhone
		{14A88BD3-E872-4622-AACC-97C23243C847}.AppStore|Any CPU.Build.0 = AppStore|iPhone
		{14A88BD3-E872-4622-AACC-97C23243C847}.AppStore|Any CPU.Deploy.0 = AppStore|iPhone
		{14A88BD3-E872-4622-AACC-97C23243C847}.AppStore|ARM.ActiveCfg = AppStore|iPhone
		{14A88BD3-E872-4622-AACC-97C23243C847}.AppStore|ARM.Build.0 = AppStore|iPhone
		{14A88BD3-E872-4622-AACC-97C23243C847}.AppStore|ARM.Deploy.0 = AppStore|iPhone
		{14A88BD3-E872-4622-AACC-97C23243C847}.AppStore|iPhone.ActiveCfg = AppStore|iPhone
		{14A88BD3-E872-4622-AACC-97C23243C847}.AppStore|iPhone.Build.0 = AppStore|iPhone
		{14A88BD3-E872-4622-AACC-97C23243C847}.AppStore|iPhone.Deploy.0 = AppStore|iPhone
		{14A88BD3-E872-4622-AACC-97C23243C847}.AppStore|iPhoneSimulator.ActiveCfg = AppStore|iPhoneSimulator
		{14A88BD3-E872-4622-AACC-97C23243C847}.AppStore|iPhoneSimulator.Build.0 = AppStore|iPhoneSimulator
		{14A88BD3-E872-4622-AACC-97C23243C847}.AppStore|iPhoneSimulator.Deploy.0 = AppStore|iPhoneSimulator
		{14A88BD3-E872-4622-AACC-97C23243C847}.AppStore|x64.ActiveCfg = AppStore|iPhone
		{14A88BD3-E872-4622-AACC-97C23243C847}.AppStore|x64.Build.0 = AppStore|iPhone
		{14A88BD3-E872-4622-AACC-97C23243C847}.AppStore|x64.Deploy.0 = AppStore|iPhone
		{14A88BD3-E872-4622-AACC-97C23243C847}.AppStore|x86.ActiveCfg = AppStore|iPhone
		{14A88BD3-E872-4622-AACC-97C23243C847}.AppStore|x86.Build.0 = AppStore|iPhone
		{14A88BD3-E872-4622-AACC-97C23243C847}.AppStore|x86.Deploy.0 = AppStore|iPhone
		{14A88BD3-E872-4622-AACC-97C23243C847}.Debug|Any CPU.ActiveCfg = Debug|iPhoneSimulator
		{14A88BD3-E872-4622-AACC-97C23243C847}.Debug|Any CPU.Build.0 = Debug|iPhoneSimulator
		{14A88BD3-E872-4622-AACC-97C23243C847}.Debug|Any CPU.Deploy.0 = Debug|iPhoneSimulator
		{14A88BD3-E872-4622-AACC-97C23243C847}.Debug|ARM.ActiveCfg = Debug|iPhone
		{14A88BD3-E872-4622-AACC-97C23243C847}.Debug|ARM.Build.0 = Debug|iPhone
		{14A88BD3-E872-4622-AACC-97C23243C847}.Debug|ARM.Deploy.0 = Debug|iPhone
		{14A88BD3-E872-4622-AACC-97C23243C847}.Debug|iPhone.ActiveCfg = Debug|iPhone
		{14A88BD3-E872-4622-AACC-97C23243C847}.Debug|iPhone.Build.0 = Debug|iPhone
		{14A88BD3-E872-4622-AACC-97C23243C847}.Debug|iPhone.Deploy.0 = Debug|iPhone
		{14A88BD3-E872-4622-AACC-97C23243C847}.Debug|iPhoneSimulator.ActiveCfg = Debug|iPhoneSimulator
		{14A88BD3-E872-4622-AACC-97C23243C847}.Debug|iPhoneSimulator.Build.0 = Debug|iPhoneSimulator
		{14A88BD3-E872-4622-AACC-97C23243C847}.Debug|iPhoneSimulator.Deploy.0 = Debug|iPhoneSimulator
		{14A88BD3-E872-4622-AACC-97C23243C847}.Debug|x64.ActiveCfg = Debug|iPhone
		{14A88BD3-E872-4622-AACC-97C23243C847}.Debug|x64.Build.0 = Debug|iPhone
		{14A88BD3-E872-4622-AACC-97C23243C847}.Debug|x64.Deploy.0 = Debug|iPhone
		{14A88BD3-E872-4622-AACC-97C23243C847}.Debug|x86.ActiveCfg = Debug|iPhone
		{14A88BD3-E872-4622-AACC-97C23243C847}.Debug|x86.Build.0 = Debug|iPhone
		{14A88BD3-E872-4622-AACC-97C23243C847}.Debug|x86.Deploy.0 = Debug|iPhone
		{14A88BD3-E872-4622-AACC-97C23243C847}.Release|Any CPU.ActiveCfg = Release|iPhone
		{14A88BD3-E872-4622-AACC-97C23243C847}.Release|Any CPU.Build.0 = Release|iPhone
		{14A88BD3-E872-4622-AACC-97C23243C847}.Release|Any CPU.Deploy.0 = Release|iPhone
		{14A88BD3-E872-4622-AACC-97C23243C847}.Release|ARM.ActiveCfg = Release|iPhone
		{14A88BD3-E872-4622-AACC-97C23243C847}.Release|ARM.Build.0 = Release|iPhone
		{14A88BD3-E872-4622-AACC-97C23243C847}.Release|ARM.Deploy.0 = Release|iPhone
		{14A88BD3-E872-4622-AACC-97C23243C847}.Release|iPhone.ActiveCfg = Release|iPhone
		{14A88BD3-E872-4622-AACC-97C23243C847}.Release|iPhone.Build.0 = Release|iPhone
		{14A88BD3-E872-4622-AACC-97C23243C847}.Release|iPhone.Deploy.0 = Release|iPhone
		{14A88BD3-E872-4622-AACC-97C23243C847}.Release|iPhoneSimulator.ActiveCfg = Release|iPhoneSimulator
		{14A88BD3-E872-4622-AACC-97C23243C847}.Release|iPhoneSimulator.Build.0 = Release|iPhoneSimulator
		{14A88BD3-E872-4622-AACC-97C23243C847}.Release|iPhoneSimulator.Deploy.0 = Release|iPhoneSimulator
		{14A88BD3-E872-4622-AACC-97C23243C847}.Release|x64.ActiveCfg = Release|iPhone
		{14A88BD3-E872-4622-AACC-97C23243C847}.Release|x64.Build.0 = Release|iPhone
		{14A88BD3-E872-4622-AACC-97C23243C847}.Release|x64.Deploy.0 = Release|iPhone
		{14A88BD3-E872-4622-AACC-97C23243C847}.Release|x86.ActiveCfg = Release|iPhone
		{14A88BD3-E872-4622-AACC-97C23243C847}.Release|x86.Build.0 = Release|iPhone
		{14A88BD3-E872-4622-AACC-97C23243C847}.Release|x86.Deploy.0 = Release|iPhone
		{4872E30F-510B-4803-8091-2BAD7F97118F}.Ad-Hoc|Any CPU.ActiveCfg = Release|x86
		{4872E30F-510B-4803-8091-2BAD7F97118F}.Ad-Hoc|Any CPU.Build.0 = Release|x86
		{4872E30F-510B-4803-8091-2BAD7F97118F}.Ad-Hoc|Any CPU.Deploy.0 = Release|x86
		{4872E30F-510B-4803-8091-2BAD7F97118F}.Ad-Hoc|ARM.ActiveCfg = Release|ARM
		{4872E30F-510B-4803-8091-2BAD7F97118F}.Ad-Hoc|ARM.Build.0 = Release|ARM
		{4872E30F-510B-4803-8091-2BAD7F97118F}.Ad-Hoc|ARM.Deploy.0 = Release|ARM
		{4872E30F-510B-4803-8091-2BAD7F97118F}.Ad-Hoc|iPhone.ActiveCfg = Release|x86
		{4872E30F-510B-4803-8091-2BAD7F97118F}.Ad-Hoc|iPhone.Build.0 = Release|x86
		{4872E30F-510B-4803-8091-2BAD7F97118F}.Ad-Hoc|iPhone.Deploy.0 = Release|x86
		{4872E30F-510B-4803-8091-2BAD7F97118F}.Ad-Hoc|iPhoneSimulator.ActiveCfg = Release|x86
		{4872E30F-510B-4803-8091-2BAD7F97118F}.Ad-Hoc|iPhoneSimulator.Build.0 = Release|x86
		{4872E30F-510B-4803-8091-2BAD7F97118F}.Ad-Hoc|iPhoneSimulator.Deploy.0 = Release|x86
		{4872E30F-510B-4803-8091-2BAD7F97118F}.Ad-Hoc|x64.ActiveCfg = Release|x64
		{4872E30F-510B-4803-8091-2BAD7F97118F}.Ad-Hoc|x64.Build.0 = Release|x64
		{4872E30F-510B-4803-8091-2BAD7F97118F}.Ad-Hoc|x64.Deploy.0 = Release|x64
		{4872E30F-510B-4803-8091-2BAD7F97118F}.Ad-Hoc|x86.ActiveCfg = Release|x86
		{4872E30F-510B-4803-8091-2BAD7F97118F}.Ad-Hoc|x86.Build.0 = Release|x86
		{4872E30F-510B-4803-8091-2BAD7F97118F}.Ad-Hoc|x86.Deploy.0 = Release|x86
		{4872E30F-510B-4803-8091-2BAD7F97118F}.AppStore|Any CPU.ActiveCfg = Release|x86
		{4872E30F-510B-4803-8091-2BAD7F97118F}.AppStore|Any CPU.Build.0 = Release|x86
		{4872E30F-510B-4803-8091-2BAD7F97118F}.AppStore|Any CPU.Deploy.0 = Release|x86
		{4872E30F-510B-4803-8091-2BAD7F97118F}.AppStore|ARM.ActiveCfg = Release|ARM
		{4872E30F-510B-4803-8091-2BAD7F97118F}.AppStore|ARM.Build.0 = Release|ARM
		{4872E30F-510B-4803-8091-2BAD7F97118F}.AppStore|ARM.Deploy.0 = Release|ARM
		{4872E30F-510B-4803-8091-2BAD7F97118F}.AppStore|iPhone.ActiveCfg = Release|x86
		{4872E30F-510B-4803-8091-2BAD7F97118F}.AppStore|iPhone.Build.0 = Release|x86
		{4872E30F-510B-4803-8091-2BAD7F97118F}.AppStore|iPhone.Deploy.0 = Release|x86
		{4872E30F-510B-4803-8091-2BAD7F97118F}.AppStore|iPhoneSimulator.ActiveCfg = Release|x86
		{4872E30F-510B-4803-8091-2BAD7F97118F}.AppStore|iPhoneSimulator.Build.0 = Release|x86
		{4872E30F-510B-4803-8091-2BAD7F97118F}.AppStore|iPhoneSimulator.Deploy.0 = Release|x86
		{4872E30F-510B-4803-8091-2BAD7F97118F}.AppStore|x64.ActiveCfg = Release|x64
		{4872E30F-510B-4803-8091-2BAD7F97118F}.AppStore|x64.Build.0 = Release|x64
		{4872E30F-510B-4803-8091-2BAD7F97118F}.AppStore|x64.Deploy.0 = Release|x64
		{4872E30F-510B-4803-8091-2BAD7F97118F}.AppStore|x86.ActiveCfg = Release|x86
		{4872E30F-510B-4803-8091-2BAD7F97118F}.AppStore|x86.Build.0 = Release|x86
		{4872E30F-510B-4803-8091-2BAD7F97118F}.AppStore|x86.Deploy.0 = Release|x86
		{4872E30F-510B-4803-8091-2BAD7F97118F}.Debug|Any CPU.ActiveCfg = Debug|x86
		{4872E30F-510B-4803-8091-2BAD7F97118F}.Debug|Any CPU.Build.0 = Debug|x86
		{4872E30F-510B-4803-8091-2BAD7F97118F}.Debug|Any CPU.Deploy.0 = Debug|x86
		{4872E30F-510B-4803-8091-2BAD7F97118F}.Debug|ARM.ActiveCfg = Debug|ARM
		{4872E30F-510B-4803-8091-2BAD7F97118F}.Debug|ARM.Build.0 = Debug|ARM
		{4872E30F-510B-4803-8091-2BAD7F97118F}.Debug|ARM.Deploy.0 = Debug|ARM
		{4872E30F-510B-4803-8091-2BAD7F97118F}.Debug|iPhone.ActiveCfg = Debug|x86
		{4872E30F-510B-4803-8091-2BAD7F97118F}.Debug|iPhone.Build.0 = Debug|x86
		{4872E30F-510B-4803-8091-2BAD7F97118F}.Debug|iPhone.Deploy.0 = Debug|x86
		{4872E30F-510B-4803-8091-2BAD7F97118F}.Debug|iPhoneSimulator.ActiveCfg = Debug|x86
		{4872E30F-510B-4803-8091-2BAD7F97118F}.Debug|iPhoneSimulator.Build.0 = Debug|x86
		{4872E30F-510B-4803-8091-2BAD7F97118F}.Debug|iPhoneSimulator.Deploy.0 = Debug|x86
		{4872E30F-510B-4803-8091-2BAD7F97118F}.Debug|x64.ActiveCfg = Debug|x64
		{4872E30F-510B-4803-8091-2BAD7F97118F}.Debug|x64.Build.0 = Debug|x64
		{4872E30F-510B-4803-8091-2BAD7F97118F}.Debug|x64.Deploy.0 = Debug|x64
		{4872E30F-510B-4803-8091-2BAD7F97118F}.Debug|x86.ActiveCfg = Debug|x86
		{4872E30F-510B-4803-8091-2BAD7F97118F}.Debug|x86.Build.0 = Debug|x86
		{4872E30F-510B-4803-8091-2BAD7F97118F}.Debug|x86.Deploy.0 = Debug|x86
		{4872E30F-510B-4803-8091-2BAD7F97118F}.Release|Any CPU.ActiveCfg = Release|x86
		{4872E30F-510B-4803-8091-2BAD7F97118F}.Release|Any CPU.Build.0 = Release|x86
		{4872E30F-510B-4803-8091-2BAD7F97118F}.Release|Any CPU.Deploy.0 = Release|x86
		{4872E30F-510B-4803-8091-2BAD7F97118F}.Release|ARM.ActiveCfg = Release|ARM
		{4872E30F-510B-4803-8091-2BAD7F97118F}.Release|ARM.Build.0 = Release|ARM
		{4872E30F-510B-4803-8091-2BAD7F97118F}.Release|ARM.Deploy.0 = Release|ARM
		{4872E30F-510B-4803-8091-2BAD7F97118F}.Release|iPhone.ActiveCfg = Release|x86
		{4872E30F-510B-4803-8091-2BAD7F97118F}.Release|iPhone.Build.0 = Release|x86
		{4872E30F-510B-4803-8091-2BAD7F97118F}.Release|iPhone.Deploy.0 = Release|x86
		{4872E30F-510B-4803-8091-2BAD7F97118F}.Release|iPhoneSimulator.ActiveCfg = Release|x86
		{4872E30F-510B-4803-8091-2BAD7F97118F}.Release|iPhoneSimulator.Build.0 = Release|x86
		{4872E30F-510B-4803-8091-2BAD7F97118F}.Release|iPhoneSimulator.Deploy.0 = Release|x86
		{4872E30F-510B-4803-8091-2BAD7F97118F}.Release|x64.ActiveCfg = Release|x64
		{4872E30F-510B-4803-8091-2BAD7F97118F}.Release|x64.Build.0 = Release|x64
		{4872E30F-510B-4803-8091-2BAD7F97118F}.Release|x64.Deploy.0 = Release|x64
		{4872E30F-510B-4803-8091-2BAD7F97118F}.Release|x86.ActiveCfg = Release|x86
		{4872E30F-510B-4803-8091-2BAD7F97118F}.Release|x86.Build.0 = Release|x86
		{4872E30F-510B-4803-8091-2BAD7F97118F}.Release|x86.Deploy.0 = Release|x86
		{340AFC62-FBBA-454E-86A4-017AA615535A}.Ad-Hoc|Any CPU.ActiveCfg = Debug|Any CPU
		{340AFC62-FBBA-454E-86A4-017AA615535A}.Ad-Hoc|Any CPU.Build.0 = Debug|Any CPU
		{340AFC62-FBBA-454E-86A4-017AA615535A}.Ad-Hoc|Any CPU.Deploy.0 = Debug|Any CPU
		{340AFC62-FBBA-454E-86A4-017AA615535A}.Ad-Hoc|ARM.ActiveCfg = Debug|Any CPU
		{340AFC62-FBBA-454E-86A4-017AA615535A}.Ad-Hoc|ARM.Build.0 = Debug|Any CPU
		{340AFC62-FBBA-454E-86A4-017AA615535A}.Ad-Hoc|ARM.Deploy.0 = Debug|Any CPU
		{340AFC62-FBBA-454E-86A4-017AA615535A}.Ad-Hoc|iPhone.ActiveCfg = Debug|Any CPU
		{340AFC62-FBBA-454E-86A4-017AA615535A}.Ad-Hoc|iPhone.Build.0 = Debug|Any CPU
		{340AFC62-FBBA-454E-86A4-017AA615535A}.Ad-Hoc|iPhone.Deploy.0 = Debug|Any CPU
		{340AFC62-FBBA-454E-86A4-017AA615535A}.Ad-Hoc|iPhoneSimulator.ActiveCfg = Debug|Any CPU
		{340AFC62-FBBA-454E-86A4-017AA615535A}.Ad-Hoc|iPhoneSimulator.Build.0 = Debug|Any CPU
		{340AFC62-FBBA-454E-86A4-017AA615535A}.Ad-Hoc|iPhoneSimulator.Deploy.0 = Debug|Any CPU
		{340AFC62-FBBA-454E-86A4-017AA615535A}.Ad-Hoc|x64.ActiveCfg = Debug|Any CPU
		{340AFC62-FBBA-454E-86A4-017AA615535A}.Ad-Hoc|x64.Build.0 = Debug|Any CPU
		{340AFC62-FBBA-454E-86A4-017AA615535A}.Ad-Hoc|x64.Deploy.0 = Debug|Any CPU
		{340AFC62-FBBA-454E-86A4-017AA615535A}.Ad-Hoc|x86.ActiveCfg = Debug|Any CPU
		{340AFC62-FBBA-454E-86A4-017AA615535A}.Ad-Hoc|x86.Build.0 = Debug|Any CPU
		{340AFC62-FBBA-454E-86A4-017AA615535A}.Ad-Hoc|x86.Deploy.0 = Debug|Any CPU
		{340AFC62-FBBA-454E-86A4-017AA615535A}.AppStore|Any CPU.ActiveCfg = Debug|Any CPU
		{340AFC62-FBBA-454E-86A4-017AA615535A}.AppStore|Any CPU.Build.0 = Debug|Any CPU
		{340AFC62-FBBA-454E-86A4-017AA615535A}.AppStore|Any CPU.Deploy.0 = Debug|Any CPU
		{340AFC62-FBBA-454E-86A4-017AA615535A}.AppStore|ARM.ActiveCfg = Debug|Any CPU
		{340AFC62-FBBA-454E-86A4-017AA615535A}.AppStore|ARM.Build.0 = Debug|Any CPU
		{340AFC62-FBBA-454E-86A4-017AA615535A}.AppStore|ARM.Deploy.0 = Debug|Any CPU
		{340AFC62-FBBA-454E-86A4-017AA615535A}.AppStore|iPhone.ActiveCfg = Debug|Any CPU
		{340AFC62-FBBA-454E-86A4-017AA615535A}.AppStore|iPhone.Build.0 = Debug|Any CPU
		{340AFC62-FBBA-454E-86A4-017AA615535A}.AppStore|iPhone.Deploy.0 = Debug|Any CPU
		{340AFC62-FBBA-454E-86A4-017AA615535A}.AppStore|iPhoneSimulator.ActiveCfg = Debug|Any CPU
		{340AFC62-FBBA-454E-86A4-017AA615535A}.AppStore|iPhoneSimulator.Build.0 = Debug|Any CPU
		{340AFC62-FBBA-454E-86A4-017AA615535A}.AppStore|iPhoneSimulator.Deploy.0 = Debug|Any CPU
		{340AFC62-FBBA-454E-86A4-017AA615535A}.AppStore|x64.ActiveCfg = Debug|Any CPU
		{340AFC62-FBBA-454E-86A4-017AA615535A}.AppStore|x64.Build.0 = Debug|Any CPU
		{340AFC62-FBBA-454E-86A4-017AA615535A}.AppStore|x64.Deploy.0 = Debug|Any CPU
		{340AFC62-FBBA-454E-86A4-017AA615535A}.AppStore|x86.ActiveCfg = Debug|Any CPU
		{340AFC62-FBBA-454E-86A4-017AA615535A}.AppStore|x86.Build.0 = Debug|Any CPU
		{340AFC62-FBBA-454E-86A4-017AA615535A}.AppStore|x86.Deploy.0 = Debug|Any CPU
		{340AFC62-FBBA-454E-86A4-017AA615535A}.Debug|Any CPU.ActiveCfg = Debug|Any CPU
		{340AFC62-FBBA-454E-86A4-017AA615535A}.Debug|Any CPU.Build.0 = Debug|Any CPU
		{340AFC62-FBBA-454E-86A4-017AA615535A}.Debug|Any CPU.Deploy.0 = Debug|Any CPU
		{340AFC62-FBBA-454E-86A4-017AA615535A}.Debug|ARM.ActiveCfg = Debug|Any CPU
		{340AFC62-FBBA-454E-86A4-017AA615535A}.Debug|ARM.Build.0 = Debug|Any CPU
		{340AFC62-FBBA-454E-86A4-017AA615535A}.Debug|ARM.Deploy.0 = Debug|Any CPU
		{340AFC62-FBBA-454E-86A4-017AA615535A}.Debug|iPhone.ActiveCfg = Debug|Any CPU
		{340AFC62-FBBA-454E-86A4-017AA615535A}.Debug|iPhone.Build.0 = Debug|Any CPU
		{340AFC62-FBBA-454E-86A4-017AA615535A}.Debug|iPhone.Deploy.0 = Debug|Any CPU
		{340AFC62-FBBA-454E-86A4-017AA615535A}.Debug|iPhoneSimulator.ActiveCfg = Debug|Any CPU
		{340AFC62-FBBA-454E-86A4-017AA615535A}.Debug|iPhoneSimulator.Build.0 = Debug|Any CPU
		{340AFC62-FBBA-454E-86A4-017AA615535A}.Debug|iPhoneSimulator.Deploy.0 = Debug|Any CPU
		{340AFC62-FBBA-454E-86A4-017AA615535A}.Debug|x64.ActiveCfg = Debug|Any CPU
		{340AFC62-FBBA-454E-86A4-017AA615535A}.Debug|x64.Build.0 = Debug|Any CPU
		{340AFC62-FBBA-454E-86A4-017AA615535A}.Debug|x64.Deploy.0 = Debug|Any CPU
		{340AFC62-FBBA-454E-86A4-017AA615535A}.Debug|x86.ActiveCfg = Debug|Any CPU
		{340AFC62-FBBA-454E-86A4-017AA615535A}.Debug|x86.Build.0 = Debug|Any CPU
		{340AFC62-FBBA-454E-86A4-017AA615535A}.Debug|x86.Deploy.0 = Debug|Any CPU
		{340AFC62-FBBA-454E-86A4-017AA615535A}.Release|Any CPU.ActiveCfg = Release|Any CPU
		{340AFC62-FBBA-454E-86A4-017AA615535A}.Release|Any CPU.Build.0 = Release|Any CPU
		{340AFC62-FBBA-454E-86A4-017AA615535A}.Release|Any CPU.Deploy.0 = Release|Any CPU
		{340AFC62-FBBA-454E-86A4-017AA615535A}.Release|ARM.ActiveCfg = Release|Any CPU
		{340AFC62-FBBA-454E-86A4-017AA615535A}.Release|ARM.Build.0 = Release|Any CPU
		{340AFC62-FBBA-454E-86A4-017AA615535A}.Release|ARM.Deploy.0 = Release|Any CPU
		{340AFC62-FBBA-454E-86A4-017AA615535A}.Release|iPhone.ActiveCfg = Release|Any CPU
		{340AFC62-FBBA-454E-86A4-017AA615535A}.Release|iPhone.Build.0 = Release|Any CPU
		{340AFC62-FBBA-454E-86A4-017AA615535A}.Release|iPhone.Deploy.0 = Release|Any CPU
		{340AFC62-FBBA-454E-86A4-017AA615535A}.Release|iPhoneSimulator.ActiveCfg = Release|Any CPU
		{340AFC62-FBBA-454E-86A4-017AA615535A}.Release|iPhoneSimulator.Build.0 = Release|Any CPU
		{340AFC62-FBBA-454E-86A4-017AA615535A}.Release|iPhoneSimulator.Deploy.0 = Release|Any CPU
		{340AFC62-FBBA-454E-86A4-017AA615535A}.Release|x64.ActiveCfg = Release|Any CPU
		{340AFC62-FBBA-454E-86A4-017AA615535A}.Release|x64.Build.0 = Release|Any CPU
		{340AFC62-FBBA-454E-86A4-017AA615535A}.Release|x64.Deploy.0 = Release|Any CPU
		{340AFC62-FBBA-454E-86A4-017AA615535A}.Release|x86.ActiveCfg = Release|Any CPU
		{340AFC62-FBBA-454E-86A4-017AA615535A}.Release|x86.Build.0 = Release|Any CPU
		{340AFC62-FBBA-454E-86A4-017AA615535A}.Release|x86.Deploy.0 = Release|Any CPU
		{490D2AD6-BCEB-4EB7-BF17-E6EAD490CAD5}.Ad-Hoc|Any CPU.ActiveCfg = Release|Any CPU
		{490D2AD6-BCEB-4EB7-BF17-E6EAD490CAD5}.Ad-Hoc|Any CPU.Build.0 = Release|Any CPU
		{490D2AD6-BCEB-4EB7-BF17-E6EAD490CAD5}.Ad-Hoc|ARM.ActiveCfg = Release|Any CPU
		{490D2AD6-BCEB-4EB7-BF17-E6EAD490CAD5}.Ad-Hoc|ARM.Build.0 = Release|Any CPU
		{490D2AD6-BCEB-4EB7-BF17-E6EAD490CAD5}.Ad-Hoc|iPhone.ActiveCfg = Release|Any CPU
		{490D2AD6-BCEB-4EB7-BF17-E6EAD490CAD5}.Ad-Hoc|iPhone.Build.0 = Release|Any CPU
		{490D2AD6-BCEB-4EB7-BF17-E6EAD490CAD5}.Ad-Hoc|iPhoneSimulator.ActiveCfg = Release|Any CPU
		{490D2AD6-BCEB-4EB7-BF17-E6EAD490CAD5}.Ad-Hoc|iPhoneSimulator.Build.0 = Release|Any CPU
		{490D2AD6-BCEB-4EB7-BF17-E6EAD490CAD5}.Ad-Hoc|x64.ActiveCfg = Release|Any CPU
		{490D2AD6-BCEB-4EB7-BF17-E6EAD490CAD5}.Ad-Hoc|x64.Build.0 = Release|Any CPU
		{490D2AD6-BCEB-4EB7-BF17-E6EAD490CAD5}.Ad-Hoc|x86.ActiveCfg = Release|Any CPU
		{490D2AD6-BCEB-4EB7-BF17-E6EAD490CAD5}.Ad-Hoc|x86.Build.0 = Release|Any CPU
		{490D2AD6-BCEB-4EB7-BF17-E6EAD490CAD5}.AppStore|Any CPU.ActiveCfg = Release|Any CPU
		{490D2AD6-BCEB-4EB7-BF17-E6EAD490CAD5}.AppStore|Any CPU.Build.0 = Release|Any CPU
		{490D2AD6-BCEB-4EB7-BF17-E6EAD490CAD5}.AppStore|ARM.ActiveCfg = Release|Any CPU
		{490D2AD6-BCEB-4EB7-BF17-E6EAD490CAD5}.AppStore|ARM.Build.0 = Release|Any CPU
		{490D2AD6-BCEB-4EB7-BF17-E6EAD490CAD5}.AppStore|iPhone.ActiveCfg = Release|Any CPU
		{490D2AD6-BCEB-4EB7-BF17-E6EAD490CAD5}.AppStore|iPhone.Build.0 = Release|Any CPU
		{490D2AD6-BCEB-4EB7-BF17-E6EAD490CAD5}.AppStore|iPhoneSimulator.ActiveCfg = Release|Any CPU
		{490D2AD6-BCEB-4EB7-BF17-E6EAD490CAD5}.AppStore|iPhoneSimulator.Build.0 = Release|Any CPU
		{490D2AD6-BCEB-4EB7-BF17-E6EAD490CAD5}.AppStore|x64.ActiveCfg = Release|Any CPU
		{490D2AD6-BCEB-4EB7-BF17-E6EAD490CAD5}.AppStore|x64.Build.0 = Release|Any CPU
		{490D2AD6-BCEB-4EB7-BF17-E6EAD490CAD5}.AppStore|x86.ActiveCfg = Release|Any CPU
		{490D2AD6-BCEB-4EB7-BF17-E6EAD490CAD5}.AppStore|x86.Build.0 = Release|Any CPU
		{490D2AD6-BCEB-4EB7-BF17-E6EAD490CAD5}.Debug|Any CPU.ActiveCfg = Debug|Any CPU
		{490D2AD6-BCEB-4EB7-BF17-E6EAD490CAD5}.Debug|Any CPU.Build.0 = Debug|Any CPU
		{490D2AD6-BCEB-4EB7-BF17-E6EAD490CAD5}.Debug|ARM.ActiveCfg = Debug|Any CPU
		{490D2AD6-BCEB-4EB7-BF17-E6EAD490CAD5}.Debug|ARM.Build.0 = Debug|Any CPU
		{490D2AD6-BCEB-4EB7-BF17-E6EAD490CAD5}.Debug|iPhone.ActiveCfg = Debug|Any CPU
		{490D2AD6-BCEB-4EB7-BF17-E6EAD490CAD5}.Debug|iPhone.Build.0 = Debug|Any CPU
		{490D2AD6-BCEB-4EB7-BF17-E6EAD490CAD5}.Debug|iPhoneSimulator.ActiveCfg = Debug|Any CPU
		{490D2AD6-BCEB-4EB7-BF17-E6EAD490CAD5}.Debug|iPhoneSimulator.Build.0 = Debug|Any CPU
		{490D2AD6-BCEB-4EB7-BF17-E6EAD490CAD5}.Debug|x64.ActiveCfg = Debug|Any CPU
		{490D2AD6-BCEB-4EB7-BF17-E6EAD490CAD5}.Debug|x64.Build.0 = Debug|Any CPU
		{490D2AD6-BCEB-4EB7-BF17-E6EAD490CAD5}.Debug|x86.ActiveCfg = Debug|Any CPU
		{490D2AD6-BCEB-4EB7-BF17-E6EAD490CAD5}.Debug|x86.Build.0 = Debug|Any CPU
		{490D2AD6-BCEB-4EB7-BF17-E6EAD490CAD5}.Release|Any CPU.ActiveCfg = Release|Any CPU
		{490D2AD6-BCEB-4EB7-BF17-E6EAD490CAD5}.Release|Any CPU.Build.0 = Release|Any CPU
		{490D2AD6-BCEB-4EB7-BF17-E6EAD490CAD5}.Release|ARM.ActiveCfg = Release|Any CPU
		{490D2AD6-BCEB-4EB7-BF17-E6EAD490CAD5}.Release|ARM.Build.0 = Release|Any CPU
		{490D2AD6-BCEB-4EB7-BF17-E6EAD490CAD5}.Release|iPhone.ActiveCfg = Release|Any CPU
		{490D2AD6-BCEB-4EB7-BF17-E6EAD490CAD5}.Release|iPhone.Build.0 = Release|Any CPU
		{490D2AD6-BCEB-4EB7-BF17-E6EAD490CAD5}.Release|iPhoneSimulator.ActiveCfg = Release|Any CPU
		{490D2AD6-BCEB-4EB7-BF17-E6EAD490CAD5}.Release|iPhoneSimulator.Build.0 = Release|Any CPU
		{490D2AD6-BCEB-4EB7-BF17-E6EAD490CAD5}.Release|x64.ActiveCfg = Release|Any CPU
		{490D2AD6-BCEB-4EB7-BF17-E6EAD490CAD5}.Release|x64.Build.0 = Release|Any CPU
		{490D2AD6-BCEB-4EB7-BF17-E6EAD490CAD5}.Release|x86.ActiveCfg = Release|Any CPU
		{490D2AD6-BCEB-4EB7-BF17-E6EAD490CAD5}.Release|x86.Build.0 = Release|Any CPU
	EndGlobalSection
	GlobalSection(SolutionProperties) = preSolution
		HideSolutionNode = FALSE
	EndGlobalSection
	GlobalSection(ExtensibilityGlobals) = postSolution
		SolutionGuid = {2A184616-6ABD-4462-A8B3-75F4A3EB652A}
	EndGlobalSection
EndGlobal
