
Microsoft Visual Studio Solution File, Format Version 12.00
# Visual Studio 15
VisualStudioVersion = 15.0.27703.2035
MinimumVisualStudioVersion = 10.0.40219.1
Project("{FAE04EC0-301F-11D3-BF4B-00C04F79EFBC}") = "SkiaStudy.Android", "SkiaStudy\SkiaStudy.Android\SkiaStudy.Android.csproj", "{F46685C6-4F89-4751-9742-956ED11DE28D}"
EndProject
Project("{FAE04EC0-301F-11D3-BF4B-00C04F79EFBC}") = "SkiaStudy.iOS", "SkiaStudy\SkiaStudy.iOS\SkiaStudy.iOS.csproj", "{65E5EC38-0C81-492F-B944-4601DE0D2BFC}"
EndProject
Project("{9A19103F-16F7-4668-BE54-9A1E7A4F7556}") = "SkiaStudy", "SkiaStudy\SkiaStudy\SkiaStudy.csproj", "{08FDF27C-E975-4AC2-AF74-DD8A98FBCFC6}"
EndProject
Global
	GlobalSection(SolutionConfigurationPlatforms) = preSolution
		Ad-Hoc|Any CPU = Ad-Hoc|Any CPU
		Ad-Hoc|ARM = Ad-Hoc|ARM
		Ad-Hoc|iPhone = Ad-Hoc|iPhone
		Ad-Hoc|iPhoneSimulator = Ad-Hoc|iPhoneSimulator
		Ad-Hoc|x64 = Ad-Hoc|x64
		Ad-Hoc|x86 = Ad-Hoc|x86
		AppStore|Any CPU = AppStore|Any CPU
		AppStore|ARM = AppStore|ARM
		AppStore|iPhone = AppStore|iPhone
		AppStore|iPhoneSimulator = AppStore|iPhoneSimulator
		AppStore|x64 = AppStore|x64
		AppStore|x86 = AppStore|x86
		Debug|Any CPU = Debug|Any CPU
		Debug|ARM = Debug|ARM
		Debug|iPhone = Debug|iPhone
		Debug|iPhoneSimulator = Debug|iPhoneSimulator
		Debug|x64 = Debug|x64
		Debug|x86 = Debug|x86
		Release|Any CPU = Release|Any CPU
		Release|ARM = Release|ARM
		Release|iPhone = Release|iPhone
		Release|iPhoneSimulator = Release|iPhoneSimulator
		Release|x64 = Release|x64
		Release|x86 = Release|x86
	EndGlobalSection
	GlobalSection(ProjectConfigurationPlatforms) = postSolution
		{F46685C6-4F89-4751-9742-956ED11DE28D}.Ad-Hoc|Any CPU.ActiveCfg = Release|Any CPU
		{F46685C6-4F89-4751-9742-956ED11DE28D}.Ad-Hoc|Any CPU.Build.0 = Release|Any CPU
		{F46685C6-4F89-4751-9742-956ED11DE28D}.Ad-Hoc|Any CPU.Deploy.0 = Release|Any CPU
		{F46685C6-4F89-4751-9742-956ED11DE28D}.Ad-Hoc|ARM.ActiveCfg = Release|Any CPU
		{F46685C6-4F89-4751-9742-956ED11DE28D}.Ad-Hoc|ARM.Build.0 = Release|Any CPU
		{F46685C6-4F89-4751-9742-956ED11DE28D}.Ad-Hoc|ARM.Deploy.0 = Release|Any CPU
		{F46685C6-4F89-4751-9742-956ED11DE28D}.Ad-Hoc|iPhone.ActiveCfg = Release|Any CPU
		{F46685C6-4F89-4751-9742-956ED11DE28D}.Ad-Hoc|iPhone.Build.0 = Release|Any CPU
		{F46685C6-4F89-4751-9742-956ED11DE28D}.Ad-Hoc|iPhone.Deploy.0 = Release|Any CPU
		{F46685C6-4F89-4751-9742-956ED11DE28D}.Ad-Hoc|iPhoneSimulator.ActiveCfg = Release|Any CPU
		{F46685C6-4F89-4751-9742-956ED11DE28D}.Ad-Hoc|iPhoneSimulator.Build.0 = Release|Any CPU
		{F46685C6-4F89-4751-9742-956ED11DE28D}.Ad-Hoc|iPhoneSimulator.Deploy.0 = Release|Any CPU
		{F46685C6-4F89-4751-9742-956ED11DE28D}.Ad-Hoc|x64.ActiveCfg = Release|Any CPU
		{F46685C6-4F89-4751-9742-956ED11DE28D}.Ad-Hoc|x64.Build.0 = Release|Any CPU
		{F46685C6-4F89-4751-9742-956ED11DE28D}.Ad-Hoc|x64.Deploy.0 = Release|Any CPU
		{F46685C6-4F89-4751-9742-956ED11DE28D}.Ad-Hoc|x86.ActiveCfg = Release|Any CPU
		{F46685C6-4F89-4751-9742-956ED11DE28D}.Ad-Hoc|x86.Build.0 = Release|Any CPU
		{F46685C6-4F89-4751-9742-956ED11DE28D}.Ad-Hoc|x86.Deploy.0 = Release|Any CPU
		{F46685C6-4F89-4751-9742-956ED11DE28D}.AppStore|Any CPU.ActiveCfg = Release|Any CPU
		{F46685C6-4F89-4751-9742-956ED11DE28D}.AppStore|Any CPU.Build.0 = Release|Any CPU
		{F46685C6-4F89-4751-9742-956ED11DE28D}.AppStore|Any CPU.Deploy.0 = Release|Any CPU
		{F46685C6-4F89-4751-9742-956ED11DE28D}.AppStore|ARM.ActiveCfg = Release|Any CPU
		{F46685C6-4F89-4751-9742-956ED11DE28D}.AppStore|ARM.Build.0 = Release|Any CPU
		{F46685C6-4F89-4751-9742-956ED11DE28D}.AppStore|ARM.Deploy.0 = Release|Any CPU
		{F46685C6-4F89-4751-9742-956ED11DE28D}.AppStore|iPhone.ActiveCfg = Release|Any CPU
		{F46685C6-4F89-4751-9742-956ED11DE28D}.AppStore|iPhone.Build.0 = Release|Any CPU
		{F46685C6-4F89-4751-9742-956ED11DE28D}.AppStore|iPhone.Deploy.0 = Release|Any CPU
		{F46685C6-4F89-4751-9742-956ED11DE28D}.AppStore|iPhoneSimulator.ActiveCfg = Release|Any CPU
		{F46685C6-4F89-4751-9742-956ED11DE28D}.AppStore|iPhoneSimulator.Build.0 = Release|Any CPU
		{F46685C6-4F89-4751-9742-956ED11DE28D}.AppStore|iPhoneSimulator.Deploy.0 = Release|Any CPU
		{F46685C6-4F89-4751-9742-956ED11DE28D}.AppStore|x64.ActiveCfg = Release|Any CPU
		{F46685C6-4F89-4751-9742-956ED11DE28D}.AppStore|x64.Build.0 = Release|Any CPU
		{F46685C6-4F89-4751-9742-956ED11DE28D}.AppStore|x64.Deploy.0 = Release|Any CPU
		{F46685C6-4F89-4751-9742-956ED11DE28D}.AppStore|x86.ActiveCfg = Release|Any CPU
		{F46685C6-4F89-4751-9742-956ED11DE28D}.AppStore|x86.Build.0 = Release|Any CPU
		{F46685C6-4F89-4751-9742-956ED11DE28D}.AppStore|x86.Deploy.0 = Release|Any CPU
		{F46685C6-4F89-4751-9742-956ED11DE28D}.Debug|Any CPU.ActiveCfg = Debug|Any CPU
		{F46685C6-4F89-4751-9742-956ED11DE28D}.Debug|Any CPU.Build.0 = Debug|Any CPU
		{F46685C6-4F89-4751-9742-956ED11DE28D}.Debug|Any CPU.Deploy.0 = Debug|Any CPU
		{F46685C6-4F89-4751-9742-956ED11DE28D}.Debug|ARM.ActiveCfg = Debug|Any CPU
		{F46685C6-4F89-4751-9742-956ED11DE28D}.Debug|ARM.Build.0 = Debug|Any CPU
		{F46685C6-4F89-4751-9742-956ED11DE28D}.Debug|ARM.Deploy.0 = Debug|Any CPU
		{F46685C6-4F89-4751-9742-956ED11DE28D}.Debug|iPhone.ActiveCfg = Debug|Any CPU
		{F46685C6-4F89-4751-9742-956ED11DE28D}.Debug|iPhone.Build.0 = Debug|Any CPU
		{F46685C6-4F89-4751-9742-956ED11DE28D}.Debug|iPhone.Deploy.0 = Debug|Any CPU
		{F46685C6-4F89-4751-9742-956ED11DE28D}.Debug|iPhoneSimulator.ActiveCfg = Debug|Any CPU
		{F46685C6-4F89-4751-9742-956ED11DE28D}.Debug|iPhoneSimulator.Build.0 = Debug|Any CPU
		{F46685C6-4F89-4751-9742-956ED11DE28D}.Debug|iPhoneSimulator.Deploy.0 = Debug|Any CPU
		{F46685C6-4F89-4751-9742-956ED11DE28D}.Debug|x64.ActiveCfg = Debug|Any CPU
		{F46685C6-4F89-4751-9742-956ED11DE28D}.Debug|x64.Build.0 = Debug|Any CPU
		{F46685C6-4F89-4751-9742-956ED11DE28D}.Debug|x64.Deploy.0 = Debug|Any CPU
		{F46685C6-4F89-4751-9742-956ED11DE28D}.Debug|x86.ActiveCfg = Debug|Any CPU
		{F46685C6-4F89-4751-9742-956ED11DE28D}.Debug|x86.Build.0 = Debug|Any CPU
		{F46685C6-4F89-4751-9742-956ED11DE28D}.Debug|x86.Deploy.0 = Debug|Any CPU
		{F46685C6-4F89-4751-9742-956ED11DE28D}.Release|Any CPU.ActiveCfg = Release|Any CPU
		{F46685C6-4F89-4751-9742-956ED11DE28D}.Release|Any CPU.Build.0 = Release|Any CPU
		{F46685C6-4F89-4751-9742-956ED11DE28D}.Release|Any CPU.Deploy.0 = Release|Any CPU
		{F46685C6-4F89-4751-9742-956ED11DE28D}.Release|ARM.ActiveCfg = Release|Any CPU
		{F46685C6-4F89-4751-9742-956ED11DE28D}.Release|ARM.Build.0 = Release|Any CPU
		{F46685C6-4F89-4751-9742-956ED11DE28D}.Release|ARM.Deploy.0 = Release|Any CPU
		{F46685C6-4F89-4751-9742-956ED11DE28D}.Release|iPhone.ActiveCfg = Release|Any CPU
		{F46685C6-4F89-4751-9742-956ED11DE28D}.Release|iPhone.Build.0 = Release|Any CPU
		{F46685C6-4F89-4751-9742-956ED11DE28D}.Release|iPhone.Deploy.0 = Release|Any CPU
		{F46685C6-4F89-4751-9742-956ED11DE28D}.Release|iPhoneSimulator.ActiveCfg = Release|Any CPU
		{F46685C6-4F89-4751-9742-956ED11DE28D}.Release|iPhoneSimulator.Build.0 = Release|Any CPU
		{F46685C6-4F89-4751-9742-956ED11DE28D}.Release|iPhoneSimulator.Deploy.0 = Release|Any CPU
		{F46685C6-4F89-4751-9742-956ED11DE28D}.Release|x64.ActiveCfg = Release|Any CPU
		{F46685C6-4F89-4751-9742-956ED11DE28D}.Release|x64.Build.0 = Release|Any CPU
		{F46685C6-4F89-4751-9742-956ED11DE28D}.Release|x64.Deploy.0 = Release|Any CPU
		{F46685C6-4F89-4751-9742-956ED11DE28D}.Release|x86.ActiveCfg = Release|Any CPU
		{F46685C6-4F89-4751-9742-956ED11DE28D}.Release|x86.Build.0 = Release|Any CPU
		{F46685C6-4F89-4751-9742-956ED11DE28D}.Release|x86.Deploy.0 = Release|Any CPU
		{65E5EC38-0C81-492F-B944-4601DE0D2BFC}.Ad-Hoc|Any CPU.ActiveCfg = Ad-Hoc|iPhone
		{65E5EC38-0C81-492F-B944-4601DE0D2BFC}.Ad-Hoc|Any CPU.Build.0 = Ad-Hoc|iPhone
		{65E5EC38-0C81-492F-B944-4601DE0D2BFC}.Ad-Hoc|Any CPU.Deploy.0 = Ad-Hoc|iPhone
		{65E5EC38-0C81-492F-B944-4601DE0D2BFC}.Ad-Hoc|ARM.ActiveCfg = Ad-Hoc|iPhone
		{65E5EC38-0C81-492F-B944-4601DE0D2BFC}.Ad-Hoc|ARM.Build.0 = Ad-Hoc|iPhone
		{65E5EC38-0C81-492F-B944-4601DE0D2BFC}.Ad-Hoc|ARM.Deploy.0 = Ad-Hoc|iPhone
		{65E5EC38-0C81-492F-B944-4601DE0D2BFC}.Ad-Hoc|iPhone.ActiveCfg = Ad-Hoc|iPhone
		{65E5EC38-0C81-492F-B944-4601DE0D2BFC}.Ad-Hoc|iPhone.Build.0 = Ad-Hoc|iPhone
		{65E5EC38-0C81-492F-B944-4601DE0D2BFC}.Ad-Hoc|iPhone.Deploy.0 = Ad-Hoc|iPhone
		{65E5EC38-0C81-492F-B944-4601DE0D2BFC}.Ad-Hoc|iPhoneSimulator.ActiveCfg = Ad-Hoc|iPhoneSimulator
		{65E5EC38-0C81-492F-B944-4601DE0D2BFC}.Ad-Hoc|iPhoneSimulator.Build.0 = Ad-Hoc|iPhoneSimulator
		{65E5EC38-0C81-492F-B944-4601DE0D2BFC}.Ad-Hoc|iPhoneSimulator.Deploy.0 = Ad-Hoc|iPhoneSimulator
		{65E5EC38-0C81-492F-B944-4601DE0D2BFC}.Ad-Hoc|x64.ActiveCfg = Ad-Hoc|iPhone
		{65E5EC38-0C81-492F-B944-4601DE0D2BFC}.Ad-Hoc|x64.Build.0 = Ad-Hoc|iPhone
		{65E5EC38-0C81-492F-B944-4601DE0D2BFC}.Ad-Hoc|x64.Deploy.0 = Ad-Hoc|iPhone
		{65E5EC38-0C81-492F-B944-4601DE0D2BFC}.Ad-Hoc|x86.ActiveCfg = Ad-Hoc|iPhone
		{65E5EC38-0C81-492F-B944-4601DE0D2BFC}.Ad-Hoc|x86.Build.0 = Ad-Hoc|iPhone
		{65E5EC38-0C81-492F-B944-4601DE0D2BFC}.Ad-Hoc|x86.Deploy.0 = Ad-Hoc|iPhone
		{65E5EC38-0C81-492F-B944-4601DE0D2BFC}.AppStore|Any CPU.ActiveCfg = AppStore|iPhone
		{65E5EC38-0C81-492F-B944-4601DE0D2BFC}.AppStore|Any CPU.Build.0 = AppStore|iPhone
		{65E5EC38-0C81-492F-B944-4601DE0D2BFC}.AppStore|Any CPU.Deploy.0 = AppStore|iPhone
		{65E5EC38-0C81-492F-B944-4601DE0D2BFC}.AppStore|ARM.ActiveCfg = AppStore|iPhone
		{65E5EC38-0C81-492F-B944-4601DE0D2BFC}.AppStore|ARM.Build.0 = AppStore|iPhone
		{65E5EC38-0C81-492F-B944-4601DE0D2BFC}.AppStore|ARM.Deploy.0 = AppStore|iPhone
		{65E5EC38-0C81-492F-B944-4601DE0D2BFC}.AppStore|iPhone.ActiveCfg = AppStore|iPhone
		{65E5EC38-0C81-492F-B944-4601DE0D2BFC}.AppStore|iPhone.Build.0 = AppStore|iPhone
		{65E5EC38-0C81-492F-B944-4601DE0D2BFC}.AppStore|iPhone.Deploy.0 = AppStore|iPhone
		{65E5EC38-0C81-492F-B944-4601DE0D2BFC}.AppStore|iPhoneSimulator.ActiveCfg = AppStore|iPhoneSimulator
		{65E5EC38-0C81-492F-B944-4601DE0D2BFC}.AppStore|iPhoneSimulator.Build.0 = AppStore|iPhoneSimulator
		{65E5EC38-0C81-492F-B944-4601DE0D2BFC}.AppStore|iPhoneSimulator.Deploy.0 = AppStore|iPhoneSimulator
		{65E5EC38-0C81-492F-B944-4601DE0D2BFC}.AppStore|x64.ActiveCfg = AppStore|iPhone
		{65E5EC38-0C81-492F-B944-4601DE0D2BFC}.AppStore|x64.Build.0 = AppStore|iPhone
		{65E5EC38-0C81-492F-B944-4601DE0D2BFC}.AppStore|x64.Deploy.0 = AppStore|iPhone
		{65E5EC38-0C81-492F-B944-4601DE0D2BFC}.AppStore|x86.ActiveCfg = AppStore|iPhone
		{65E5EC38-0C81-492F-B944-4601DE0D2BFC}.AppStore|x86.Build.0 = AppStore|iPhone
		{65E5EC38-0C81-492F-B944-4601DE0D2BFC}.AppStore|x86.Deploy.0 = AppStore|iPhone
		{65E5EC38-0C81-492F-B944-4601DE0D2BFC}.Debug|Any CPU.ActiveCfg = Debug|iPhoneSimulator
		{65E5EC38-0C81-492F-B944-4601DE0D2BFC}.Debug|Any CPU.Build.0 = Debug|iPhoneSimulator
		{65E5EC38-0C81-492F-B944-4601DE0D2BFC}.Debug|Any CPU.Deploy.0 = Debug|iPhoneSimulator
		{65E5EC38-0C81-492F-B944-4601DE0D2BFC}.Debug|ARM.ActiveCfg = Debug|iPhone
		{65E5EC38-0C81-492F-B944-4601DE0D2BFC}.Debug|ARM.Build.0 = Debug|iPhone
		{65E5EC38-0C81-492F-B944-4601DE0D2BFC}.Debug|ARM.Deploy.0 = Debug|iPhone
		{65E5EC38-0C81-492F-B944-4601DE0D2BFC}.Debug|iPhone.ActiveCfg = Debug|iPhone
		{65E5EC38-0C81-492F-B944-4601DE0D2BFC}.Debug|iPhone.Build.0 = Debug|iPhone
		{65E5EC38-0C81-492F-B944-4601DE0D2BFC}.Debug|iPhone.Deploy.0 = Debug|iPhone
		{65E5EC38-0C81-492F-B944-4601DE0D2BFC}.Debug|iPhoneSimulator.ActiveCfg = Debug|iPhoneSimulator
		{65E5EC38-0C81-492F-B944-4601DE0D2BFC}.Debug|iPhoneSimulator.Build.0 = Debug|iPhoneSimulator
		{65E5EC38-0C81-492F-B944-4601DE0D2BFC}.Debug|iPhoneSimulator.Deploy.0 = Debug|iPhoneSimulator
		{65E5EC38-0C81-492F-B944-4601DE0D2BFC}.Debug|x64.ActiveCfg = Debug|iPhone
		{65E5EC38-0C81-492F-B944-4601DE0D2BFC}.Debug|x64.Build.0 = Debug|iPhone
		{65E5EC38-0C81-492F-B944-4601DE0D2BFC}.Debug|x64.Deploy.0 = Debug|iPhone
		{65E5EC38-0C81-492F-B944-4601DE0D2BFC}.Debug|x86.ActiveCfg = Debug|iPhone
		{65E5EC38-0C81-492F-B944-4601DE0D2BFC}.Debug|x86.Build.0 = Debug|iPhone
		{65E5EC38-0C81-492F-B944-4601DE0D2BFC}.Debug|x86.Deploy.0 = Debug|iPhone
		{65E5EC38-0C81-492F-B944-4601DE0D2BFC}.Release|Any CPU.ActiveCfg = Release|iPhone
		{65E5EC38-0C81-492F-B944-4601DE0D2BFC}.Release|Any CPU.Build.0 = Release|iPhone
		{65E5EC38-0C81-492F-B944-4601DE0D2BFC}.Release|Any CPU.Deploy.0 = Release|iPhone
		{65E5EC38-0C81-492F-B944-4601DE0D2BFC}.Release|ARM.ActiveCfg = Release|iPhone
		{65E5EC38-0C81-492F-B944-4601DE0D2BFC}.Release|ARM.Build.0 = Release|iPhone
		{65E5EC38-0C81-492F-B944-4601DE0D2BFC}.Release|ARM.Deploy.0 = Release|iPhone
		{65E5EC38-0C81-492F-B944-4601DE0D2BFC}.Release|iPhone.ActiveCfg = Release|iPhone
		{65E5EC38-0C81-492F-B944-4601DE0D2BFC}.Release|iPhone.Build.0 = Release|iPhone
		{65E5EC38-0C81-492F-B944-4601DE0D2BFC}.Release|iPhone.Deploy.0 = Release|iPhone
		{65E5EC38-0C81-492F-B944-4601DE0D2BFC}.Release|iPhoneSimulator.ActiveCfg = Release|iPhoneSimulator
		{65E5EC38-0C81-492F-B944-4601DE0D2BFC}.Release|iPhoneSimulator.Build.0 = Release|iPhoneSimulator
		{65E5EC38-0C81-492F-B944-4601DE0D2BFC}.Release|iPhoneSimulator.Deploy.0 = Release|iPhoneSimulator
		{65E5EC38-0C81-492F-B944-4601DE0D2BFC}.Release|x64.ActiveCfg = Release|iPhone
		{65E5EC38-0C81-492F-B944-4601DE0D2BFC}.Release|x64.Build.0 = Release|iPhone
		{65E5EC38-0C81-492F-B944-4601DE0D2BFC}.Release|x64.Deploy.0 = Release|iPhone
		{65E5EC38-0C81-492F-B944-4601DE0D2BFC}.Release|x86.ActiveCfg = Release|iPhone
		{65E5EC38-0C81-492F-B944-4601DE0D2BFC}.Release|x86.Build.0 = Release|iPhone
		{65E5EC38-0C81-492F-B944-4601DE0D2BFC}.Release|x86.Deploy.0 = Release|iPhone
		{08FDF27C-E975-4AC2-AF74-DD8A98FBCFC6}.Ad-Hoc|Any CPU.ActiveCfg = Debug|Any CPU
		{08FDF27C-E975-4AC2-AF74-DD8A98FBCFC6}.Ad-Hoc|Any CPU.Build.0 = Debug|Any CPU
		{08FDF27C-E975-4AC2-AF74-DD8A98FBCFC6}.Ad-Hoc|Any CPU.Deploy.0 = Debug|Any CPU
		{08FDF27C-E975-4AC2-AF74-DD8A98FBCFC6}.Ad-Hoc|ARM.ActiveCfg = Debug|Any CPU
		{08FDF27C-E975-4AC2-AF74-DD8A98FBCFC6}.Ad-Hoc|ARM.Build.0 = Debug|Any CPU
		{08FDF27C-E975-4AC2-AF74-DD8A98FBCFC6}.Ad-Hoc|ARM.Deploy.0 = Debug|Any CPU
		{08FDF27C-E975-4AC2-AF74-DD8A98FBCFC6}.Ad-Hoc|iPhone.ActiveCfg = Debug|Any CPU
		{08FDF27C-E975-4AC2-AF74-DD8A98FBCFC6}.Ad-Hoc|iPhone.Build.0 = Debug|Any CPU
		{08FDF27C-E975-4AC2-AF74-DD8A98FBCFC6}.Ad-Hoc|iPhone.Deploy.0 = Debug|Any CPU
		{08FDF27C-E975-4AC2-AF74-DD8A98FBCFC6}.Ad-Hoc|iPhoneSimulator.ActiveCfg = Debug|Any CPU
		{08FDF27C-E975-4AC2-AF74-DD8A98FBCFC6}.Ad-Hoc|iPhoneSimulator.Build.0 = Debug|Any CPU
		{08FDF27C-E975-4AC2-AF74-DD8A98FBCFC6}.Ad-Hoc|iPhoneSimulator.Deploy.0 = Debug|Any CPU
		{08FDF27C-E975-4AC2-AF74-DD8A98FBCFC6}.Ad-Hoc|x64.ActiveCfg = Debug|Any CPU
		{08FDF27C-E975-4AC2-AF74-DD8A98FBCFC6}.Ad-Hoc|x64.Build.0 = Debug|Any CPU
		{08FDF27C-E975-4AC2-AF74-DD8A98FBCFC6}.Ad-Hoc|x64.Deploy.0 = Debug|Any CPU
		{08FDF27C-E975-4AC2-AF74-DD8A98FBCFC6}.Ad-Hoc|x86.ActiveCfg = Debug|Any CPU
		{08FDF27C-E975-4AC2-AF74-DD8A98FBCFC6}.Ad-Hoc|x86.Build.0 = Debug|Any CPU
		{08FDF27C-E975-4AC2-AF74-DD8A98FBCFC6}.Ad-Hoc|x86.Deploy.0 = Debug|Any CPU
		{08FDF27C-E975-4AC2-AF74-DD8A98FBCFC6}.AppStore|Any CPU.ActiveCfg = Debug|Any CPU
		{08FDF27C-E975-4AC2-AF74-DD8A98FBCFC6}.AppStore|Any CPU.Build.0 = Debug|Any CPU
		{08FDF27C-E975-4AC2-AF74-DD8A98FBCFC6}.AppStore|Any CPU.Deploy.0 = Debug|Any CPU
		{08FDF27C-E975-4AC2-AF74-DD8A98FBCFC6}.AppStore|ARM.ActiveCfg = Debug|Any CPU
		{08FDF27C-E975-4AC2-AF74-DD8A98FBCFC6}.AppStore|ARM.Build.0 = Debug|Any CPU
		{08FDF27C-E975-4AC2-AF74-DD8A98FBCFC6}.AppStore|ARM.Deploy.0 = Debug|Any CPU
		{08FDF27C-E975-4AC2-AF74-DD8A98FBCFC6}.AppStore|iPhone.ActiveCfg = Debug|Any CPU
		{08FDF27C-E975-4AC2-AF74-DD8A98FBCFC6}.AppStore|iPhone.Build.0 = Debug|Any CPU
		{08FDF27C-E975-4AC2-AF74-DD8A98FBCFC6}.AppStore|iPhone.Deploy.0 = Debug|Any CPU
		{08FDF27C-E975-4AC2-AF74-DD8A98FBCFC6}.AppStore|iPhoneSimulator.ActiveCfg = Debug|Any CPU
		{08FDF27C-E975-4AC2-AF74-DD8A98FBCFC6}.AppStore|iPhoneSimulator.Build.0 = Debug|Any CPU
		{08FDF27C-E975-4AC2-AF74-DD8A98FBCFC6}.AppStore|iPhoneSimulator.Deploy.0 = Debug|Any CPU
		{08FDF27C-E975-4AC2-AF74-DD8A98FBCFC6}.AppStore|x64.ActiveCfg = Debug|Any CPU
		{08FDF27C-E975-4AC2-AF74-DD8A98FBCFC6}.AppStore|x64.Build.0 = Debug|Any CPU
		{08FDF27C-E975-4AC2-AF74-DD8A98FBCFC6}.AppStore|x64.Deploy.0 = Debug|Any CPU
		{08FDF27C-E975-4AC2-AF74-DD8A98FBCFC6}.AppStore|x86.ActiveCfg = Debug|Any CPU
		{08FDF27C-E975-4AC2-AF74-DD8A98FBCFC6}.AppStore|x86.Build.0 = Debug|Any CPU
		{08FDF27C-E975-4AC2-AF74-DD8A98FBCFC6}.AppStore|x86.Deploy.0 = Debug|Any CPU
		{08FDF27C-E975-4AC2-AF74-DD8A98FBCFC6}.Debug|Any CPU.ActiveCfg = Debug|Any CPU
		{08FDF27C-E975-4AC2-AF74-DD8A98FBCFC6}.Debug|Any CPU.Build.0 = Debug|Any CPU
		{08FDF27C-E975-4AC2-AF74-DD8A98FBCFC6}.Debug|Any CPU.Deploy.0 = Debug|Any CPU
		{08FDF27C-E975-4AC2-AF74-DD8A98FBCFC6}.Debug|ARM.ActiveCfg = Debug|Any CPU
		{08FDF27C-E975-4AC2-AF74-DD8A98FBCFC6}.Debug|ARM.Build.0 = Debug|Any CPU
		{08FDF27C-E975-4AC2-AF74-DD8A98FBCFC6}.Debug|ARM.Deploy.0 = Debug|Any CPU
		{08FDF27C-E975-4AC2-AF74-DD8A98FBCFC6}.Debug|iPhone.ActiveCfg = Debug|Any CPU
		{08FDF27C-E975-4AC2-AF74-DD8A98FBCFC6}.Debug|iPhone.Build.0 = Debug|Any CPU
		{08FDF27C-E975-4AC2-AF74-DD8A98FBCFC6}.Debug|iPhone.Deploy.0 = Debug|Any CPU
		{08FDF27C-E975-4AC2-AF74-DD8A98FBCFC6}.Debug|iPhoneSimulator.ActiveCfg = Debug|Any CPU
		{08FDF27C-E975-4AC2-AF74-DD8A98FBCFC6}.Debug|iPhoneSimulator.Build.0 = Debug|Any CPU
		{08FDF27C-E975-4AC2-AF74-DD8A98FBCFC6}.Debug|iPhoneSimulator.Deploy.0 = Debug|Any CPU
		{08FDF27C-E975-4AC2-AF74-DD8A98FBCFC6}.Debug|x64.ActiveCfg = Debug|Any CPU
		{08FDF27C-E975-4AC2-AF74-DD8A98FBCFC6}.Debug|x64.Build.0 = Debug|Any CPU
		{08FDF27C-E975-4AC2-AF74-DD8A98FBCFC6}.Debug|x64.Deploy.0 = Debug|Any CPU
		{08FDF27C-E975-4AC2-AF74-DD8A98FBCFC6}.Debug|x86.ActiveCfg = Debug|Any CPU
		{08FDF27C-E975-4AC2-AF74-DD8A98FBCFC6}.Debug|x86.Build.0 = Debug|Any CPU
		{08FDF27C-E975-4AC2-AF74-DD8A98FBCFC6}.Debug|x86.Deploy.0 = Debug|Any CPU
		{08FDF27C-E975-4AC2-AF74-DD8A98FBCFC6}.Release|Any CPU.ActiveCfg = Release|Any CPU
		{08FDF27C-E975-4AC2-AF74-DD8A98FBCFC6}.Release|Any CPU.Build.0 = Release|Any CPU
		{08FDF27C-E975-4AC2-AF74-DD8A98FBCFC6}.Release|Any CPU.Deploy.0 = Release|Any CPU
		{08FDF27C-E975-4AC2-AF74-DD8A98FBCFC6}.Release|ARM.ActiveCfg = Release|Any CPU
		{08FDF27C-E975-4AC2-AF74-DD8A98FBCFC6}.Release|ARM.Build.0 = Release|Any CPU
		{08FDF27C-E975-4AC2-AF74-DD8A98FBCFC6}.Release|ARM.Deploy.0 = Release|Any CPU
		{08FDF27C-E975-4AC2-AF74-DD8A98FBCFC6}.Release|iPhone.ActiveCfg = Release|Any CPU
		{08FDF27C-E975-4AC2-AF74-DD8A98FBCFC6}.Release|iPhone.Build.0 = Release|Any CPU
		{08FDF27C-E975-4AC2-AF74-DD8A98FBCFC6}.Release|iPhone.Deploy.0 = Release|Any CPU
		{08FDF27C-E975-4AC2-AF74-DD8A98FBCFC6}.Release|iPhoneSimulator.ActiveCfg = Release|Any CPU
		{08FDF27C-E975-4AC2-AF74-DD8A98FBCFC6}.Release|iPhoneSimulator.Build.0 = Release|Any CPU
		{08FDF27C-E975-4AC2-AF74-DD8A98FBCFC6}.Release|iPhoneSimulator.Deploy.0 = Release|Any CPU
		{08FDF27C-E975-4AC2-AF74-DD8A98FBCFC6}.Release|x64.ActiveCfg = Release|Any CPU
		{08FDF27C-E975-4AC2-AF74-DD8A98FBCFC6}.Release|x64.Build.0 = Release|Any CPU
		{08FDF27C-E975-4AC2-AF74-DD8A98FBCFC6}.Release|x64.Deploy.0 = Release|Any CPU
		{08FDF27C-E975-4AC2-AF74-DD8A98FBCFC6}.Release|x86.ActiveCfg = Release|Any CPU
		{08FDF27C-E975-4AC2-AF74-DD8A98FBCFC6}.Release|x86.Build.0 = Release|Any CPU
		{08FDF27C-E975-4AC2-AF74-DD8A98FBCFC6}.Release|x86.Deploy.0 = Release|Any CPU
	EndGlobalSection
	GlobalSection(SolutionProperties) = preSolution
		HideSolutionNode = FALSE
	EndGlobalSection
	GlobalSection(ExtensibilityGlobals) = postSolution
		SolutionGuid = {8749372F-1AE7-4BFD-816B-FAF0D6F90B96}
	EndGlobalSection
EndGlobal
