
Microsoft Visual Studio Solution File, Format Version 12.00
# Visual Studio 15
VisualStudioVersion = 15.0.27703.2035
MinimumVisualStudioVersion = 10.0.40219.1
Project("{FAE04EC0-301F-11D3-BF4B-00C04F79EFBC}") = "DataBinding.Android", "DataBinding\DataBinding.Android\DataBinding.Android.csproj", "{BB44D109-DE40-459A-A644-9FAD2FDB1F20}"
EndProject
Project("{FAE04EC0-301F-11D3-BF4B-00C04F79EFBC}") = "DataBinding.iOS", "DataBinding\DataBinding.iOS\DataBinding.iOS.csproj", "{631F4D0F-01B9-4BF2-9E4A-FC16FD6A196C}"
EndProject
Project("{FAE04EC0-301F-11D3-BF4B-00C04F79EFBC}") = "DataBinding.UWP", "DataBinding\DataBinding.UWP\DataBinding.UWP.csproj", "{E79256F2-F6C8-454C-8617-890A89CEB49E}"
EndProject
Project("{9A19103F-16F7-4668-BE54-9A1E7A4F7556}") = "DataBinding", "DataBinding\DataBinding\DataBinding.csproj", "{2B083AA4-6C00-4240-9020-0B5182B60C6A}"
EndProject
Project("{FAE04EC0-301F-11D3-BF4B-00C04F79EFBC}") = "Xamarin.FormsBook.Toolkit", "Xamarin.FormsBook.Toolkit\Xamarin.FormsBook.Toolkit.csproj", "{B144E5A3-2366-4541-ABC9-69347EDF814A}"
EndProject
Global
	GlobalSection(SolutionConfigurationPlatforms) = preSolution
		Ad-Hoc|Any CPU = Ad-Hoc|Any CPU
		Ad-Hoc|ARM = Ad-Hoc|ARM
		Ad-Hoc|iPhone = Ad-Hoc|iPhone
		Ad-Hoc|iPhoneSimulator = Ad-Hoc|iPhoneSimulator
		Ad-Hoc|x64 = Ad-Hoc|x64
		Ad-Hoc|x86 = Ad-Hoc|x86
		AppStore|Any CPU = AppStore|Any CPU
		AppStore|ARM = AppStore|ARM
		AppStore|iPhone = AppStore|iPhone
		AppStore|iPhoneSimulator = AppStore|iPhoneSimulator
		AppStore|x64 = AppStore|x64
		AppStore|x86 = AppStore|x86
		Debug|Any CPU = Debug|Any CPU
		Debug|ARM = Debug|ARM
		Debug|iPhone = Debug|iPhone
		Debug|iPhoneSimulator = Debug|iPhoneSimulator
		Debug|x64 = Debug|x64
		Debug|x86 = Debug|x86
		Release|Any CPU = Release|Any CPU
		Release|ARM = Release|ARM
		Release|iPhone = Release|iPhone
		Release|iPhoneSimulator = Release|iPhoneSimulator
		Release|x64 = Release|x64
		Release|x86 = Release|x86
	EndGlobalSection
	GlobalSection(ProjectConfigurationPlatforms) = postSolution
		{BB44D109-DE40-459A-A644-9FAD2FDB1F20}.Ad-Hoc|Any CPU.ActiveCfg = Release|Any CPU
		{BB44D109-DE40-459A-A644-9FAD2FDB1F20}.Ad-Hoc|Any CPU.Build.0 = Release|Any CPU
		{BB44D109-DE40-459A-A644-9FAD2FDB1F20}.Ad-Hoc|Any CPU.Deploy.0 = Release|Any CPU
		{BB44D109-DE40-459A-A644-9FAD2FDB1F20}.Ad-Hoc|ARM.ActiveCfg = Release|Any CPU
		{BB44D109-DE40-459A-A644-9FAD2FDB1F20}.Ad-Hoc|ARM.Build.0 = Release|Any CPU
		{BB44D109-DE40-459A-A644-9FAD2FDB1F20}.Ad-Hoc|ARM.Deploy.0 = Release|Any CPU
		{BB44D109-DE40-459A-A644-9FAD2FDB1F20}.Ad-Hoc|iPhone.ActiveCfg = Release|Any CPU
		{BB44D109-DE40-459A-A644-9FAD2FDB1F20}.Ad-Hoc|iPhone.Build.0 = Release|Any CPU
		{BB44D109-DE40-459A-A644-9FAD2FDB1F20}.Ad-Hoc|iPhone.Deploy.0 = Release|Any CPU
		{BB44D109-DE40-459A-A644-9FAD2FDB1F20}.Ad-Hoc|iPhoneSimulator.ActiveCfg = Release|Any CPU
		{BB44D109-DE40-459A-A644-9FAD2FDB1F20}.Ad-Hoc|iPhoneSimulator.Build.0 = Release|Any CPU
		{BB44D109-DE40-459A-A644-9FAD2FDB1F20}.Ad-Hoc|iPhoneSimulator.Deploy.0 = Release|Any CPU
		{BB44D109-DE40-459A-A644-9FAD2FDB1F20}.Ad-Hoc|x64.ActiveCfg = Release|Any CPU
		{BB44D109-DE40-459A-A644-9FAD2FDB1F20}.Ad-Hoc|x64.Build.0 = Release|Any CPU
		{BB44D109-DE40-459A-A644-9FAD2FDB1F20}.Ad-Hoc|x64.Deploy.0 = Release|Any CPU
		{BB44D109-DE40-459A-A644-9FAD2FDB1F20}.Ad-Hoc|x86.ActiveCfg = Release|Any CPU
		{BB44D109-DE40-459A-A644-9FAD2FDB1F20}.Ad-Hoc|x86.Build.0 = Release|Any CPU
		{BB44D109-DE40-459A-A644-9FAD2FDB1F20}.Ad-Hoc|x86.Deploy.0 = Release|Any CPU
		{BB44D109-DE40-459A-A644-9FAD2FDB1F20}.AppStore|Any CPU.ActiveCfg = Release|Any CPU
		{BB44D109-DE40-459A-A644-9FAD2FDB1F20}.AppStore|Any CPU.Build.0 = Release|Any CPU
		{BB44D109-DE40-459A-A644-9FAD2FDB1F20}.AppStore|Any CPU.Deploy.0 = Release|Any CPU
		{BB44D109-DE40-459A-A644-9FAD2FDB1F20}.AppStore|ARM.ActiveCfg = Release|Any CPU
		{BB44D109-DE40-459A-A644-9FAD2FDB1F20}.AppStore|ARM.Build.0 = Release|Any CPU
		{BB44D109-DE40-459A-A644-9FAD2FDB1F20}.AppStore|ARM.Deploy.0 = Release|Any CPU
		{BB44D109-DE40-459A-A644-9FAD2FDB1F20}.AppStore|iPhone.ActiveCfg = Release|Any CPU
		{BB44D109-DE40-459A-A644-9FAD2FDB1F20}.AppStore|iPhone.Build.0 = Release|Any CPU
		{BB44D109-DE40-459A-A644-9FAD2FDB1F20}.AppStore|iPhone.Deploy.0 = Release|Any CPU
		{BB44D109-DE40-459A-A644-9FAD2FDB1F20}.AppStore|iPhoneSimulator.ActiveCfg = Release|Any CPU
		{BB44D109-DE40-459A-A644-9FAD2FDB1F20}.AppStore|iPhoneSimulator.Build.0 = Release|Any CPU
		{BB44D109-DE40-459A-A644-9FAD2FDB1F20}.AppStore|iPhoneSimulator.Deploy.0 = Release|Any CPU
		{BB44D109-DE40-459A-A644-9FAD2FDB1F20}.AppStore|x64.ActiveCfg = Release|Any CPU
		{BB44D109-DE40-459A-A644-9FAD2FDB1F20}.AppStore|x64.Build.0 = Release|Any CPU
		{BB44D109-DE40-459A-A644-9FAD2FDB1F20}.AppStore|x64.Deploy.0 = Release|Any CPU
		{BB44D109-DE40-459A-A644-9FAD2FDB1F20}.AppStore|x86.ActiveCfg = Release|Any CPU
		{BB44D109-DE40-459A-A644-9FAD2FDB1F20}.AppStore|x86.Build.0 = Release|Any CPU
		{BB44D109-DE40-459A-A644-9FAD2FDB1F20}.AppStore|x86.Deploy.0 = Release|Any CPU
		{BB44D109-DE40-459A-A644-9FAD2FDB1F20}.Debug|Any CPU.ActiveCfg = Debug|Any CPU
		{BB44D109-DE40-459A-A644-9FAD2FDB1F20}.Debug|Any CPU.Build.0 = Debug|Any CPU
		{BB44D109-DE40-459A-A644-9FAD2FDB1F20}.Debug|Any CPU.Deploy.0 = Debug|Any CPU
		{BB44D109-DE40-459A-A644-9FAD2FDB1F20}.Debug|ARM.ActiveCfg = Debug|Any CPU
		{BB44D109-DE40-459A-A644-9FAD2FDB1F20}.Debug|ARM.Build.0 = Debug|Any CPU
		{BB44D109-DE40-459A-A644-9FAD2FDB1F20}.Debug|ARM.Deploy.0 = Debug|Any CPU
		{BB44D109-DE40-459A-A644-9FAD2FDB1F20}.Debug|iPhone.ActiveCfg = Debug|Any CPU
		{BB44D109-DE40-459A-A644-9FAD2FDB1F20}.Debug|iPhone.Build.0 = Debug|Any CPU
		{BB44D109-DE40-459A-A644-9FAD2FDB1F20}.Debug|iPhone.Deploy.0 = Debug|Any CPU
		{BB44D109-DE40-459A-A644-9FAD2FDB1F20}.Debug|iPhoneSimulator.ActiveCfg = Debug|Any CPU
		{BB44D109-DE40-459A-A644-9FAD2FDB1F20}.Debug|iPhoneSimulator.Build.0 = Debug|Any CPU
		{BB44D109-DE40-459A-A644-9FAD2FDB1F20}.Debug|iPhoneSimulator.Deploy.0 = Debug|Any CPU
		{BB44D109-DE40-459A-A644-9FAD2FDB1F20}.Debug|x64.ActiveCfg = Debug|Any CPU
		{BB44D109-DE40-459A-A644-9FAD2FDB1F20}.Debug|x64.Build.0 = Debug|Any CPU
		{BB44D109-DE40-459A-A644-9FAD2FDB1F20}.Debug|x64.Deploy.0 = Debug|Any CPU
		{BB44D109-DE40-459A-A644-9FAD2FDB1F20}.Debug|x86.ActiveCfg = Debug|Any CPU
		{BB44D109-DE40-459A-A644-9FAD2FDB1F20}.Debug|x86.Build.0 = Debug|Any CPU
		{BB44D109-DE40-459A-A644-9FAD2FDB1F20}.Debug|x86.Deploy.0 = Debug|Any CPU
		{BB44D109-DE40-459A-A644-9FAD2FDB1F20}.Release|Any CPU.ActiveCfg = Release|Any CPU
		{BB44D109-DE40-459A-A644-9FAD2FDB1F20}.Release|Any CPU.Build.0 = Release|Any CPU
		{BB44D109-DE40-459A-A644-9FAD2FDB1F20}.Release|Any CPU.Deploy.0 = Release|Any CPU
		{BB44D109-DE40-459A-A644-9FAD2FDB1F20}.Release|ARM.ActiveCfg = Release|Any CPU
		{BB44D109-DE40-459A-A644-9FAD2FDB1F20}.Release|ARM.Build.0 = Release|Any CPU
		{BB44D109-DE40-459A-A644-9FAD2FDB1F20}.Release|ARM.Deploy.0 = Release|Any CPU
		{BB44D109-DE40-459A-A644-9FAD2FDB1F20}.Release|iPhone.ActiveCfg = Release|Any CPU
		{BB44D109-DE40-459A-A644-9FAD2FDB1F20}.Release|iPhone.Build.0 = Release|Any CPU
		{BB44D109-DE40-459A-A644-9FAD2FDB1F20}.Release|iPhone.Deploy.0 = Release|Any CPU
		{BB44D109-DE40-459A-A644-9FAD2FDB1F20}.Release|iPhoneSimulator.ActiveCfg = Release|Any CPU
		{BB44D109-DE40-459A-A644-9FAD2FDB1F20}.Release|iPhoneSimulator.Build.0 = Release|Any CPU
		{BB44D109-DE40-459A-A644-9FAD2FDB1F20}.Release|iPhoneSimulator.Deploy.0 = Release|Any CPU
		{BB44D109-DE40-459A-A644-9FAD2FDB1F20}.Release|x64.ActiveCfg = Release|Any CPU
		{BB44D109-DE40-459A-A644-9FAD2FDB1F20}.Release|x64.Build.0 = Release|Any CPU
		{BB44D109-DE40-459A-A644-9FAD2FDB1F20}.Release|x64.Deploy.0 = Release|Any CPU
		{BB44D109-DE40-459A-A644-9FAD2FDB1F20}.Release|x86.ActiveCfg = Release|Any CPU
		{BB44D109-DE40-459A-A644-9FAD2FDB1F20}.Release|x86.Build.0 = Release|Any CPU
		{BB44D109-DE40-459A-A644-9FAD2FDB1F20}.Release|x86.Deploy.0 = Release|Any CPU
		{631F4D0F-01B9-4BF2-9E4A-FC16FD6A196C}.Ad-Hoc|Any CPU.ActiveCfg = Ad-Hoc|iPhone
		{631F4D0F-01B9-4BF2-9E4A-FC16FD6A196C}.Ad-Hoc|Any CPU.Build.0 = Ad-Hoc|iPhone
		{631F4D0F-01B9-4BF2-9E4A-FC16FD6A196C}.Ad-Hoc|Any CPU.Deploy.0 = Ad-Hoc|iPhone
		{631F4D0F-01B9-4BF2-9E4A-FC16FD6A196C}.Ad-Hoc|ARM.ActiveCfg = Ad-Hoc|iPhone
		{631F4D0F-01B9-4BF2-9E4A-FC16FD6A196C}.Ad-Hoc|ARM.Build.0 = Ad-Hoc|iPhone
		{631F4D0F-01B9-4BF2-9E4A-FC16FD6A196C}.Ad-Hoc|ARM.Deploy.0 = Ad-Hoc|iPhone
		{631F4D0F-01B9-4BF2-9E4A-FC16FD6A196C}.Ad-Hoc|iPhone.ActiveCfg = Ad-Hoc|iPhone
		{631F4D0F-01B9-4BF2-9E4A-FC16FD6A196C}.Ad-Hoc|iPhone.Build.0 = Ad-Hoc|iPhone
		{631F4D0F-01B9-4BF2-9E4A-FC16FD6A196C}.Ad-Hoc|iPhone.Deploy.0 = Ad-Hoc|iPhone
		{631F4D0F-01B9-4BF2-9E4A-FC16FD6A196C}.Ad-Hoc|iPhoneSimulator.ActiveCfg = Ad-Hoc|iPhoneSimulator
		{631F4D0F-01B9-4BF2-9E4A-FC16FD6A196C}.Ad-Hoc|iPhoneSimulator.Build.0 = Ad-Hoc|iPhoneSimulator
		{631F4D0F-01B9-4BF2-9E4A-FC16FD6A196C}.Ad-Hoc|iPhoneSimulator.Deploy.0 = Ad-Hoc|iPhoneSimulator
		{631F4D0F-01B9-4BF2-9E4A-FC16FD6A196C}.Ad-Hoc|x64.ActiveCfg = Ad-Hoc|iPhone
		{631F4D0F-01B9-4BF2-9E4A-FC16FD6A196C}.Ad-Hoc|x64.Build.0 = Ad-Hoc|iPhone
		{631F4D0F-01B9-4BF2-9E4A-FC16FD6A196C}.Ad-Hoc|x64.Deploy.0 = Ad-Hoc|iPhone
		{631F4D0F-01B9-4BF2-9E4A-FC16FD6A196C}.Ad-Hoc|x86.ActiveCfg = Ad-Hoc|iPhone
		{631F4D0F-01B9-4BF2-9E4A-FC16FD6A196C}.Ad-Hoc|x86.Build.0 = Ad-Hoc|iPhone
		{631F4D0F-01B9-4BF2-9E4A-FC16FD6A196C}.Ad-Hoc|x86.Deploy.0 = Ad-Hoc|iPhone
		{631F4D0F-01B9-4BF2-9E4A-FC16FD6A196C}.AppStore|Any CPU.ActiveCfg = AppStore|iPhone
		{631F4D0F-01B9-4BF2-9E4A-FC16FD6A196C}.AppStore|Any CPU.Build.0 = AppStore|iPhone
		{631F4D0F-01B9-4BF2-9E4A-FC16FD6A196C}.AppStore|Any CPU.Deploy.0 = AppStore|iPhone
		{631F4D0F-01B9-4BF2-9E4A-FC16FD6A196C}.AppStore|ARM.ActiveCfg = AppStore|iPhone
		{631F4D0F-01B9-4BF2-9E4A-FC16FD6A196C}.AppStore|ARM.Build.0 = AppStore|iPhone
		{631F4D0F-01B9-4BF2-9E4A-FC16FD6A196C}.AppStore|ARM.Deploy.0 = AppStore|iPhone
		{631F4D0F-01B9-4BF2-9E4A-FC16FD6A196C}.AppStore|iPhone.ActiveCfg = AppStore|iPhone
		{631F4D0F-01B9-4BF2-9E4A-FC16FD6A196C}.AppStore|iPhone.Build.0 = AppStore|iPhone
		{631F4D0F-01B9-4BF2-9E4A-FC16FD6A196C}.AppStore|iPhone.Deploy.0 = AppStore|iPhone
		{631F4D0F-01B9-4BF2-9E4A-FC16FD6A196C}.AppStore|iPhoneSimulator.ActiveCfg = AppStore|iPhoneSimulator
		{631F4D0F-01B9-4BF2-9E4A-FC16FD6A196C}.AppStore|iPhoneSimulator.Build.0 = AppStore|iPhoneSimulator
		{631F4D0F-01B9-4BF2-9E4A-FC16FD6A196C}.AppStore|iPhoneSimulator.Deploy.0 = AppStore|iPhoneSimulator
		{631F4D0F-01B9-4BF2-9E4A-FC16FD6A196C}.AppStore|x64.ActiveCfg = AppStore|iPhone
		{631F4D0F-01B9-4BF2-9E4A-FC16FD6A196C}.AppStore|x64.Build.0 = AppStore|iPhone
		{631F4D0F-01B9-4BF2-9E4A-FC16FD6A196C}.AppStore|x64.Deploy.0 = AppStore|iPhone
		{631F4D0F-01B9-4BF2-9E4A-FC16FD6A196C}.AppStore|x86.ActiveCfg = AppStore|iPhone
		{631F4D0F-01B9-4BF2-9E4A-FC16FD6A196C}.AppStore|x86.Build.0 = AppStore|iPhone
		{631F4D0F-01B9-4BF2-9E4A-FC16FD6A196C}.AppStore|x86.Deploy.0 = AppStore|iPhone
		{631F4D0F-01B9-4BF2-9E4A-FC16FD6A196C}.Debug|Any CPU.ActiveCfg = Debug|iPhoneSimulator
		{631F4D0F-01B9-4BF2-9E4A-FC16FD6A196C}.Debug|Any CPU.Build.0 = Debug|iPhoneSimulator
		{631F4D0F-01B9-4BF2-9E4A-FC16FD6A196C}.Debug|Any CPU.Deploy.0 = Debug|iPhoneSimulator
		{631F4D0F-01B9-4BF2-9E4A-FC16FD6A196C}.Debug|ARM.ActiveCfg = Debug|iPhone
		{631F4D0F-01B9-4BF2-9E4A-FC16FD6A196C}.Debug|ARM.Build.0 = Debug|iPhone
		{631F4D0F-01B9-4BF2-9E4A-FC16FD6A196C}.Debug|ARM.Deploy.0 = Debug|iPhone
		{631F4D0F-01B9-4BF2-9E4A-FC16FD6A196C}.Debug|iPhone.ActiveCfg = Debug|iPhone
		{631F4D0F-01B9-4BF2-9E4A-FC16FD6A196C}.Debug|iPhone.Build.0 = Debug|iPhone
		{631F4D0F-01B9-4BF2-9E4A-FC16FD6A196C}.Debug|iPhone.Deploy.0 = Debug|iPhone
		{631F4D0F-01B9-4BF2-9E4A-FC16FD6A196C}.Debug|iPhoneSimulator.ActiveCfg = Debug|iPhoneSimulator
		{631F4D0F-01B9-4BF2-9E4A-FC16FD6A196C}.Debug|iPhoneSimulator.Build.0 = Debug|iPhoneSimulator
		{631F4D0F-01B9-4BF2-9E4A-FC16FD6A196C}.Debug|iPhoneSimulator.Deploy.0 = Debug|iPhoneSimulator
		{631F4D0F-01B9-4BF2-9E4A-FC16FD6A196C}.Debug|x64.ActiveCfg = Debug|iPhone
		{631F4D0F-01B9-4BF2-9E4A-FC16FD6A196C}.Debug|x64.Build.0 = Debug|iPhone
		{631F4D0F-01B9-4BF2-9E4A-FC16FD6A196C}.Debug|x64.Deploy.0 = Debug|iPhone
		{631F4D0F-01B9-4BF2-9E4A-FC16FD6A196C}.Debug|x86.ActiveCfg = Debug|iPhone
		{631F4D0F-01B9-4BF2-9E4A-FC16FD6A196C}.Debug|x86.Build.0 = Debug|iPhone
		{631F4D0F-01B9-4BF2-9E4A-FC16FD6A196C}.Debug|x86.Deploy.0 = Debug|iPhone
		{631F4D0F-01B9-4BF2-9E4A-FC16FD6A196C}.Release|Any CPU.ActiveCfg = Release|iPhone
		{631F4D0F-01B9-4BF2-9E4A-FC16FD6A196C}.Release|Any CPU.Build.0 = Release|iPhone
		{631F4D0F-01B9-4BF2-9E4A-FC16FD6A196C}.Release|Any CPU.Deploy.0 = Release|iPhone
		{631F4D0F-01B9-4BF2-9E4A-FC16FD6A196C}.Release|ARM.ActiveCfg = Release|iPhone
		{631F4D0F-01B9-4BF2-9E4A-FC16FD6A196C}.Release|ARM.Build.0 = Release|iPhone
		{631F4D0F-01B9-4BF2-9E4A-FC16FD6A196C}.Release|ARM.Deploy.0 = Release|iPhone
		{631F4D0F-01B9-4BF2-9E4A-FC16FD6A196C}.Release|iPhone.ActiveCfg = Release|iPhone
		{631F4D0F-01B9-4BF2-9E4A-FC16FD6A196C}.Release|iPhone.Build.0 = Release|iPhone
		{631F4D0F-01B9-4BF2-9E4A-FC16FD6A196C}.Release|iPhone.Deploy.0 = Release|iPhone
		{631F4D0F-01B9-4BF2-9E4A-FC16FD6A196C}.Release|iPhoneSimulator.ActiveCfg = Release|iPhoneSimulator
		{631F4D0F-01B9-4BF2-9E4A-FC16FD6A196C}.Release|iPhoneSimulator.Build.0 = Release|iPhoneSimulator
		{631F4D0F-01B9-4BF2-9E4A-FC16FD6A196C}.Release|iPhoneSimulator.Deploy.0 = Release|iPhoneSimulator
		{631F4D0F-01B9-4BF2-9E4A-FC16FD6A196C}.Release|x64.ActiveCfg = Release|iPhone
		{631F4D0F-01B9-4BF2-9E4A-FC16FD6A196C}.Release|x64.Build.0 = Release|iPhone
		{631F4D0F-01B9-4BF2-9E4A-FC16FD6A196C}.Release|x64.Deploy.0 = Release|iPhone
		{631F4D0F-01B9-4BF2-9E4A-FC16FD6A196C}.Release|x86.ActiveCfg = Release|iPhone
		{631F4D0F-01B9-4BF2-9E4A-FC16FD6A196C}.Release|x86.Build.0 = Release|iPhone
		{631F4D0F-01B9-4BF2-9E4A-FC16FD6A196C}.Release|x86.Deploy.0 = Release|iPhone
		{E79256F2-F6C8-454C-8617-890A89CEB49E}.Ad-Hoc|Any CPU.ActiveCfg = Release|x86
		{E79256F2-F6C8-454C-8617-890A89CEB49E}.Ad-Hoc|Any CPU.Build.0 = Release|x86
		{E79256F2-F6C8-454C-8617-890A89CEB49E}.Ad-Hoc|Any CPU.Deploy.0 = Release|x86
		{E79256F2-F6C8-454C-8617-890A89CEB49E}.Ad-Hoc|ARM.ActiveCfg = Release|ARM
		{E79256F2-F6C8-454C-8617-890A89CEB49E}.Ad-Hoc|ARM.Build.0 = Release|ARM
		{E79256F2-F6C8-454C-8617-890A89CEB49E}.Ad-Hoc|ARM.Deploy.0 = Release|ARM
		{E79256F2-F6C8-454C-8617-890A89CEB49E}.Ad-Hoc|iPhone.ActiveCfg = Release|x86
		{E79256F2-F6C8-454C-8617-890A89CEB49E}.Ad-Hoc|iPhone.Build.0 = Release|x86
		{E79256F2-F6C8-454C-8617-890A89CEB49E}.Ad-Hoc|iPhone.Deploy.0 = Release|x86
		{E79256F2-F6C8-454C-8617-890A89CEB49E}.Ad-Hoc|iPhoneSimulator.ActiveCfg = Release|x86
		{E79256F2-F6C8-454C-8617-890A89CEB49E}.Ad-Hoc|iPhoneSimulator.Build.0 = Release|x86
		{E79256F2-F6C8-454C-8617-890A89CEB49E}.Ad-Hoc|iPhoneSimulator.Deploy.0 = Release|x86
		{E79256F2-F6C8-454C-8617-890A89CEB49E}.Ad-Hoc|x64.ActiveCfg = Release|x64
		{E79256F2-F6C8-454C-8617-890A89CEB49E}.Ad-Hoc|x64.Build.0 = Release|x64
		{E79256F2-F6C8-454C-8617-890A89CEB49E}.Ad-Hoc|x64.Deploy.0 = Release|x64
		{E79256F2-F6C8-454C-8617-890A89CEB49E}.Ad-Hoc|x86.ActiveCfg = Release|x86
		{E79256F2-F6C8-454C-8617-890A89CEB49E}.Ad-Hoc|x86.Build.0 = Release|x86
		{E79256F2-F6C8-454C-8617-890A89CEB49E}.Ad-Hoc|x86.Deploy.0 = Release|x86
		{E79256F2-F6C8-454C-8617-890A89CEB49E}.AppStore|Any CPU.ActiveCfg = Release|x86
		{E79256F2-F6C8-454C-8617-890A89CEB49E}.AppStore|Any CPU.Build.0 = Release|x86
		{E79256F2-F6C8-454C-8617-890A89CEB49E}.AppStore|Any CPU.Deploy.0 = Release|x86
		{E79256F2-F6C8-454C-8617-890A89CEB49E}.AppStore|ARM.ActiveCfg = Release|ARM
		{E79256F2-F6C8-454C-8617-890A89CEB49E}.AppStore|ARM.Build.0 = Release|ARM
		{E79256F2-F6C8-454C-8617-890A89CEB49E}.AppStore|ARM.Deploy.0 = Release|ARM
		{E79256F2-F6C8-454C-8617-890A89CEB49E}.AppStore|iPhone.ActiveCfg = Release|x86
		{E79256F2-F6C8-454C-8617-890A89CEB49E}.AppStore|iPhone.Build.0 = Release|x86
		{E79256F2-F6C8-454C-8617-890A89CEB49E}.AppStore|iPhone.Deploy.0 = Release|x86
		{E79256F2-F6C8-454C-8617-890A89CEB49E}.AppStore|iPhoneSimulator.ActiveCfg = Release|x86
		{E79256F2-F6C8-454C-8617-890A89CEB49E}.AppStore|iPhoneSimulator.Build.0 = Release|x86
		{E79256F2-F6C8-454C-8617-890A89CEB49E}.AppStore|iPhoneSimulator.Deploy.0 = Release|x86
		{E79256F2-F6C8-454C-8617-890A89CEB49E}.AppStore|x64.ActiveCfg = Release|x64
		{E79256F2-F6C8-454C-8617-890A89CEB49E}.AppStore|x64.Build.0 = Release|x64
		{E79256F2-F6C8-454C-8617-890A89CEB49E}.AppStore|x64.Deploy.0 = Release|x64
		{E79256F2-F6C8-454C-8617-890A89CEB49E}.AppStore|x86.ActiveCfg = Release|x86
		{E79256F2-F6C8-454C-8617-890A89CEB49E}.AppStore|x86.Build.0 = Release|x86
		{E79256F2-F6C8-454C-8617-890A89CEB49E}.AppStore|x86.Deploy.0 = Release|x86
		{E79256F2-F6C8-454C-8617-890A89CEB49E}.Debug|Any CPU.ActiveCfg = Debug|x86
		{E79256F2-F6C8-454C-8617-890A89CEB49E}.Debug|Any CPU.Build.0 = Debug|x86
		{E79256F2-F6C8-454C-8617-890A89CEB49E}.Debug|Any CPU.Deploy.0 = Debug|x86
		{E79256F2-F6C8-454C-8617-890A89CEB49E}.Debug|ARM.ActiveCfg = Debug|ARM
		{E79256F2-F6C8-454C-8617-890A89CEB49E}.Debug|ARM.Build.0 = Debug|ARM
		{E79256F2-F6C8-454C-8617-890A89CEB49E}.Debug|ARM.Deploy.0 = Debug|ARM
		{E79256F2-F6C8-454C-8617-890A89CEB49E}.Debug|iPhone.ActiveCfg = Debug|x86
		{E79256F2-F6C8-454C-8617-890A89CEB49E}.Debug|iPhone.Build.0 = Debug|x86
		{E79256F2-F6C8-454C-8617-890A89CEB49E}.Debug|iPhone.Deploy.0 = Debug|x86
		{E79256F2-F6C8-454C-8617-890A89CEB49E}.Debug|iPhoneSimulator.ActiveCfg = Debug|x86
		{E79256F2-F6C8-454C-8617-890A89CEB49E}.Debug|iPhoneSimulator.Build.0 = Debug|x86
		{E79256F2-F6C8-454C-8617-890A89CEB49E}.Debug|iPhoneSimulator.Deploy.0 = Debug|x86
		{E79256F2-F6C8-454C-8617-890A89CEB49E}.Debug|x64.ActiveCfg = Debug|x64
		{E79256F2-F6C8-454C-8617-890A89CEB49E}.Debug|x64.Build.0 = Debug|x64
		{E79256F2-F6C8-454C-8617-890A89CEB49E}.Debug|x64.Deploy.0 = Debug|x64
		{E79256F2-F6C8-454C-8617-890A89CEB49E}.Debug|x86.ActiveCfg = Debug|x86
		{E79256F2-F6C8-454C-8617-890A89CEB49E}.Debug|x86.Build.0 = Debug|x86
		{E79256F2-F6C8-454C-8617-890A89CEB49E}.Debug|x86.Deploy.0 = Debug|x86
		{E79256F2-F6C8-454C-8617-890A89CEB49E}.Release|Any CPU.ActiveCfg = Release|x86
		{E79256F2-F6C8-454C-8617-890A89CEB49E}.Release|Any CPU.Build.0 = Release|x86
		{E79256F2-F6C8-454C-8617-890A89CEB49E}.Release|Any CPU.Deploy.0 = Release|x86
		{E79256F2-F6C8-454C-8617-890A89CEB49E}.Release|ARM.ActiveCfg = Release|ARM
		{E79256F2-F6C8-454C-8617-890A89CEB49E}.Release|ARM.Build.0 = Release|ARM
		{E79256F2-F6C8-454C-8617-890A89CEB49E}.Release|ARM.Deploy.0 = Release|ARM
		{E79256F2-F6C8-454C-8617-890A89CEB49E}.Release|iPhone.ActiveCfg = Release|x86
		{E79256F2-F6C8-454C-8617-890A89CEB49E}.Release|iPhone.Build.0 = Release|x86
		{E79256F2-F6C8-454C-8617-890A89CEB49E}.Release|iPhone.Deploy.0 = Release|x86
		{E79256F2-F6C8-454C-8617-890A89CEB49E}.Release|iPhoneSimulator.ActiveCfg = Release|x86
		{E79256F2-F6C8-454C-8617-890A89CEB49E}.Release|iPhoneSimulator.Build.0 = Release|x86
		{E79256F2-F6C8-454C-8617-890A89CEB49E}.Release|iPhoneSimulator.Deploy.0 = Release|x86
		{E79256F2-F6C8-454C-8617-890A89CEB49E}.Release|x64.ActiveCfg = Release|x64
		{E79256F2-F6C8-454C-8617-890A89CEB49E}.Release|x64.Build.0 = Release|x64
		{E79256F2-F6C8-454C-8617-890A89CEB49E}.Release|x64.Deploy.0 = Release|x64
		{E79256F2-F6C8-454C-8617-890A89CEB49E}.Release|x86.ActiveCfg = Release|x86
		{E79256F2-F6C8-454C-8617-890A89CEB49E}.Release|x86.Build.0 = Release|x86
		{E79256F2-F6C8-454C-8617-890A89CEB49E}.Release|x86.Deploy.0 = Release|x86
		{2B083AA4-6C00-4240-9020-0B5182B60C6A}.Ad-Hoc|Any CPU.ActiveCfg = Debug|Any CPU
		{2B083AA4-6C00-4240-9020-0B5182B60C6A}.Ad-Hoc|Any CPU.Build.0 = Debug|Any CPU
		{2B083AA4-6C00-4240-9020-0B5182B60C6A}.Ad-Hoc|Any CPU.Deploy.0 = Debug|Any CPU
		{2B083AA4-6C00-4240-9020-0B5182B60C6A}.Ad-Hoc|ARM.ActiveCfg = Debug|Any CPU
		{2B083AA4-6C00-4240-9020-0B5182B60C6A}.Ad-Hoc|ARM.Build.0 = Debug|Any CPU
		{2B083AA4-6C00-4240-9020-0B5182B60C6A}.Ad-Hoc|ARM.Deploy.0 = Debug|Any CPU
		{2B083AA4-6C00-4240-9020-0B5182B60C6A}.Ad-Hoc|iPhone.ActiveCfg = Debug|Any CPU
		{2B083AA4-6C00-4240-9020-0B5182B60C6A}.Ad-Hoc|iPhone.Build.0 = Debug|Any CPU
		{2B083AA4-6C00-4240-9020-0B5182B60C6A}.Ad-Hoc|iPhone.Deploy.0 = Debug|Any CPU
		{2B083AA4-6C00-4240-9020-0B5182B60C6A}.Ad-Hoc|iPhoneSimulator.ActiveCfg = Debug|Any CPU
		{2B083AA4-6C00-4240-9020-0B5182B60C6A}.Ad-Hoc|iPhoneSimulator.Build.0 = Debug|Any CPU
		{2B083AA4-6C00-4240-9020-0B5182B60C6A}.Ad-Hoc|iPhoneSimulator.Deploy.0 = Debug|Any CPU
		{2B083AA4-6C00-4240-9020-0B5182B60C6A}.Ad-Hoc|x64.ActiveCfg = Debug|Any CPU
		{2B083AA4-6C00-4240-9020-0B5182B60C6A}.Ad-Hoc|x64.Build.0 = Debug|Any CPU
		{2B083AA4-6C00-4240-9020-0B5182B60C6A}.Ad-Hoc|x64.Deploy.0 = Debug|Any CPU
		{2B083AA4-6C00-4240-9020-0B5182B60C6A}.Ad-Hoc|x86.ActiveCfg = Debug|Any CPU
		{2B083AA4-6C00-4240-9020-0B5182B60C6A}.Ad-Hoc|x86.Build.0 = Debug|Any CPU
		{2B083AA4-6C00-4240-9020-0B5182B60C6A}.Ad-Hoc|x86.Deploy.0 = Debug|Any CPU
		{2B083AA4-6C00-4240-9020-0B5182B60C6A}.AppStore|Any CPU.ActiveCfg = Debug|Any CPU
		{2B083AA4-6C00-4240-9020-0B5182B60C6A}.AppStore|Any CPU.Build.0 = Debug|Any CPU
		{2B083AA4-6C00-4240-9020-0B5182B60C6A}.AppStore|Any CPU.Deploy.0 = Debug|Any CPU
		{2B083AA4-6C00-4240-9020-0B5182B60C6A}.AppStore|ARM.ActiveCfg = Debug|Any CPU
		{2B083AA4-6C00-4240-9020-0B5182B60C6A}.AppStore|ARM.Build.0 = Debug|Any CPU
		{2B083AA4-6C00-4240-9020-0B5182B60C6A}.AppStore|ARM.Deploy.0 = Debug|Any CPU
		{2B083AA4-6C00-4240-9020-0B5182B60C6A}.AppStore|iPhone.ActiveCfg = Debug|Any CPU
		{2B083AA4-6C00-4240-9020-0B5182B60C6A}.AppStore|iPhone.Build.0 = Debug|Any CPU
		{2B083AA4-6C00-4240-9020-0B5182B60C6A}.AppStore|iPhone.Deploy.0 = Debug|Any CPU
		{2B083AA4-6C00-4240-9020-0B5182B60C6A}.AppStore|iPhoneSimulator.ActiveCfg = Debug|Any CPU
		{2B083AA4-6C00-4240-9020-0B5182B60C6A}.AppStore|iPhoneSimulator.Build.0 = Debug|Any CPU
		{2B083AA4-6C00-4240-9020-0B5182B60C6A}.AppStore|iPhoneSimulator.Deploy.0 = Debug|Any CPU
		{2B083AA4-6C00-4240-9020-0B5182B60C6A}.AppStore|x64.ActiveCfg = Debug|Any CPU
		{2B083AA4-6C00-4240-9020-0B5182B60C6A}.AppStore|x64.Build.0 = Debug|Any CPU
		{2B083AA4-6C00-4240-9020-0B5182B60C6A}.AppStore|x64.Deploy.0 = Debug|Any CPU
		{2B083AA4-6C00-4240-9020-0B5182B60C6A}.AppStore|x86.ActiveCfg = Debug|Any CPU
		{2B083AA4-6C00-4240-9020-0B5182B60C6A}.AppStore|x86.Build.0 = Debug|Any CPU
		{2B083AA4-6C00-4240-9020-0B5182B60C6A}.AppStore|x86.Deploy.0 = Debug|Any CPU
		{2B083AA4-6C00-4240-9020-0B5182B60C6A}.Debug|Any CPU.ActiveCfg = Debug|Any CPU
		{2B083AA4-6C00-4240-9020-0B5182B60C6A}.Debug|Any CPU.Build.0 = Debug|Any CPU
		{2B083AA4-6C00-4240-9020-0B5182B60C6A}.Debug|Any CPU.Deploy.0 = Debug|Any CPU
		{2B083AA4-6C00-4240-9020-0B5182B60C6A}.Debug|ARM.ActiveCfg = Debug|Any CPU
		{2B083AA4-6C00-4240-9020-0B5182B60C6A}.Debug|ARM.Build.0 = Debug|Any CPU
		{2B083AA4-6C00-4240-9020-0B5182B60C6A}.Debug|ARM.Deploy.0 = Debug|Any CPU
		{2B083AA4-6C00-4240-9020-0B5182B60C6A}.Debug|iPhone.ActiveCfg = Debug|Any CPU
		{2B083AA4-6C00-4240-9020-0B5182B60C6A}.Debug|iPhone.Build.0 = Debug|Any CPU
		{2B083AA4-6C00-4240-9020-0B5182B60C6A}.Debug|iPhone.Deploy.0 = Debug|Any CPU
		{2B083AA4-6C00-4240-9020-0B5182B60C6A}.Debug|iPhoneSimulator.ActiveCfg = Debug|Any CPU
		{2B083AA4-6C00-4240-9020-0B5182B60C6A}.Debug|iPhoneSimulator.Build.0 = Debug|Any CPU
		{2B083AA4-6C00-4240-9020-0B5182B60C6A}.Debug|iPhoneSimulator.Deploy.0 = Debug|Any CPU
		{2B083AA4-6C00-4240-9020-0B5182B60C6A}.Debug|x64.ActiveCfg = Debug|Any CPU
		{2B083AA4-6C00-4240-9020-0B5182B60C6A}.Debug|x64.Build.0 = Debug|Any CPU
		{2B083AA4-6C00-4240-9020-0B5182B60C6A}.Debug|x64.Deploy.0 = Debug|Any CPU
		{2B083AA4-6C00-4240-9020-0B5182B60C6A}.Debug|x86.ActiveCfg = Debug|Any CPU
		{2B083AA4-6C00-4240-9020-0B5182B60C6A}.Debug|x86.Build.0 = Debug|Any CPU
		{2B083AA4-6C00-4240-9020-0B5182B60C6A}.Debug|x86.Deploy.0 = Debug|Any CPU
		{2B083AA4-6C00-4240-9020-0B5182B60C6A}.Release|Any CPU.ActiveCfg = Release|Any CPU
		{2B083AA4-6C00-4240-9020-0B5182B60C6A}.Release|Any CPU.Build.0 = Release|Any CPU
		{2B083AA4-6C00-4240-9020-0B5182B60C6A}.Release|Any CPU.Deploy.0 = Release|Any CPU
		{2B083AA4-6C00-4240-9020-0B5182B60C6A}.Release|ARM.ActiveCfg = Release|Any CPU
		{2B083AA4-6C00-4240-9020-0B5182B60C6A}.Release|ARM.Build.0 = Release|Any CPU
		{2B083AA4-6C00-4240-9020-0B5182B60C6A}.Release|ARM.Deploy.0 = Release|Any CPU
		{2B083AA4-6C00-4240-9020-0B5182B60C6A}.Release|iPhone.ActiveCfg = Release|Any CPU
		{2B083AA4-6C00-4240-9020-0B5182B60C6A}.Release|iPhone.Build.0 = Release|Any CPU
		{2B083AA4-6C00-4240-9020-0B5182B60C6A}.Release|iPhone.Deploy.0 = Release|Any CPU
		{2B083AA4-6C00-4240-9020-0B5182B60C6A}.Release|iPhoneSimulator.ActiveCfg = Release|Any CPU
		{2B083AA4-6C00-4240-9020-0B5182B60C6A}.Release|iPhoneSimulator.Build.0 = Release|Any CPU
		{2B083AA4-6C00-4240-9020-0B5182B60C6A}.Release|iPhoneSimulator.Deploy.0 = Release|Any CPU
		{2B083AA4-6C00-4240-9020-0B5182B60C6A}.Release|x64.ActiveCfg = Release|Any CPU
		{2B083AA4-6C00-4240-9020-0B5182B60C6A}.Release|x64.Build.0 = Release|Any CPU
		{2B083AA4-6C00-4240-9020-0B5182B60C6A}.Release|x64.Deploy.0 = Release|Any CPU
		{2B083AA4-6C00-4240-9020-0B5182B60C6A}.Release|x86.ActiveCfg = Release|Any CPU
		{2B083AA4-6C00-4240-9020-0B5182B60C6A}.Release|x86.Build.0 = Release|Any CPU
		{2B083AA4-6C00-4240-9020-0B5182B60C6A}.Release|x86.Deploy.0 = Release|Any CPU
		{B144E5A3-2366-4541-ABC9-69347EDF814A}.Ad-Hoc|Any CPU.ActiveCfg = Debug|Any CPU
		{B144E5A3-2366-4541-ABC9-69347EDF814A}.Ad-Hoc|Any CPU.Build.0 = Debug|Any CPU
		{B144E5A3-2366-4541-ABC9-69347EDF814A}.Ad-Hoc|ARM.ActiveCfg = Debug|Any CPU
		{B144E5A3-2366-4541-ABC9-69347EDF814A}.Ad-Hoc|ARM.Build.0 = Debug|Any CPU
		{B144E5A3-2366-4541-ABC9-69347EDF814A}.Ad-Hoc|iPhone.ActiveCfg = Debug|Any CPU
		{B144E5A3-2366-4541-ABC9-69347EDF814A}.Ad-Hoc|iPhone.Build.0 = Debug|Any CPU
		{B144E5A3-2366-4541-ABC9-69347EDF814A}.Ad-Hoc|iPhoneSimulator.ActiveCfg = Debug|Any CPU
		{B144E5A3-2366-4541-ABC9-69347EDF814A}.Ad-Hoc|iPhoneSimulator.Build.0 = Debug|Any CPU
		{B144E5A3-2366-4541-ABC9-69347EDF814A}.Ad-Hoc|x64.ActiveCfg = Debug|Any CPU
		{B144E5A3-2366-4541-ABC9-69347EDF814A}.Ad-Hoc|x64.Build.0 = Debug|Any CPU
		{B144E5A3-2366-4541-ABC9-69347EDF814A}.Ad-Hoc|x86.ActiveCfg = Debug|Any CPU
		{B144E5A3-2366-4541-ABC9-69347EDF814A}.Ad-Hoc|x86.Build.0 = Debug|Any CPU
		{B144E5A3-2366-4541-ABC9-69347EDF814A}.AppStore|Any CPU.ActiveCfg = Debug|Any CPU
		{B144E5A3-2366-4541-ABC9-69347EDF814A}.AppStore|Any CPU.Build.0 = Debug|Any CPU
		{B144E5A3-2366-4541-ABC9-69347EDF814A}.AppStore|ARM.ActiveCfg = Debug|Any CPU
		{B144E5A3-2366-4541-ABC9-69347EDF814A}.AppStore|ARM.Build.0 = Debug|Any CPU
		{B144E5A3-2366-4541-ABC9-69347EDF814A}.AppStore|iPhone.ActiveCfg = Debug|Any CPU
		{B144E5A3-2366-4541-ABC9-69347EDF814A}.AppStore|iPhone.Build.0 = Debug|Any CPU
		{B144E5A3-2366-4541-ABC9-69347EDF814A}.AppStore|iPhoneSimulator.ActiveCfg = Debug|Any CPU
		{B144E5A3-2366-4541-ABC9-69347EDF814A}.AppStore|iPhoneSimulator.Build.0 = Debug|Any CPU
		{B144E5A3-2366-4541-ABC9-69347EDF814A}.AppStore|x64.ActiveCfg = Debug|Any CPU
		{B144E5A3-2366-4541-ABC9-69347EDF814A}.AppStore|x64.Build.0 = Debug|Any CPU
		{B144E5A3-2366-4541-ABC9-69347EDF814A}.AppStore|x86.ActiveCfg = Debug|Any CPU
		{B144E5A3-2366-4541-ABC9-69347EDF814A}.AppStore|x86.Build.0 = Debug|Any CPU
		{B144E5A3-2366-4541-ABC9-69347EDF814A}.Debug|Any CPU.ActiveCfg = Debug|Any CPU
		{B144E5A3-2366-4541-ABC9-69347EDF814A}.Debug|Any CPU.Build.0 = Debug|Any CPU
		{B144E5A3-2366-4541-ABC9-69347EDF814A}.Debug|ARM.ActiveCfg = Debug|Any CPU
		{B144E5A3-2366-4541-ABC9-69347EDF814A}.Debug|ARM.Build.0 = Debug|Any CPU
		{B144E5A3-2366-4541-ABC9-69347EDF814A}.Debug|iPhone.ActiveCfg = Debug|Any CPU
		{B144E5A3-2366-4541-ABC9-69347EDF814A}.Debug|iPhone.Build.0 = Debug|Any CPU
		{B144E5A3-2366-4541-ABC9-69347EDF814A}.Debug|iPhoneSimulator.ActiveCfg = Debug|Any CPU
		{B144E5A3-2366-4541-ABC9-69347EDF814A}.Debug|iPhoneSimulator.Build.0 = Debug|Any CPU
		{B144E5A3-2366-4541-ABC9-69347EDF814A}.Debug|x64.ActiveCfg = Debug|Any CPU
		{B144E5A3-2366-4541-ABC9-69347EDF814A}.Debug|x64.Build.0 = Debug|Any CPU
		{B144E5A3-2366-4541-ABC9-69347EDF814A}.Debug|x86.ActiveCfg = Debug|Any CPU
		{B144E5A3-2366-4541-ABC9-69347EDF814A}.Debug|x86.Build.0 = Debug|Any CPU
		{B144E5A3-2366-4541-ABC9-69347EDF814A}.Release|Any CPU.ActiveCfg = Release|Any CPU
		{B144E5A3-2366-4541-ABC9-69347EDF814A}.Release|Any CPU.Build.0 = Release|Any CPU
		{B144E5A3-2366-4541-ABC9-69347EDF814A}.Release|ARM.ActiveCfg = Release|Any CPU
		{B144E5A3-2366-4541-ABC9-69347EDF814A}.Release|ARM.Build.0 = Release|Any CPU
		{B144E5A3-2366-4541-ABC9-69347EDF814A}.Release|iPhone.ActiveCfg = Release|Any CPU
		{B144E5A3-2366-4541-ABC9-69347EDF814A}.Release|iPhone.Build.0 = Release|Any CPU
		{B144E5A3-2366-4541-ABC9-69347EDF814A}.Release|iPhoneSimulator.ActiveCfg = Release|Any CPU
		{B144E5A3-2366-4541-ABC9-69347EDF814A}.Release|iPhoneSimulator.Build.0 = Release|Any CPU
		{B144E5A3-2366-4541-ABC9-69347EDF814A}.Release|x64.ActiveCfg = Release|Any CPU
		{B144E5A3-2366-4541-ABC9-69347EDF814A}.Release|x64.Build.0 = Release|Any CPU
		{B144E5A3-2366-4541-ABC9-69347EDF814A}.Release|x86.ActiveCfg = Release|Any CPU
		{B144E5A3-2366-4541-ABC9-69347EDF814A}.Release|x86.Build.0 = Release|Any CPU
	EndGlobalSection
	GlobalSection(SolutionProperties) = preSolution
		HideSolutionNode = FALSE
	EndGlobalSection
	GlobalSection(ExtensibilityGlobals) = postSolution
		SolutionGuid = {4DD07AC2-0A34-4B95-BBBD-727A6D21346C}
	EndGlobalSection
EndGlobal
