
Microsoft Visual Studio Solution File, Format Version 12.00
# Visual Studio 15
VisualStudioVersion = 15.0.28307.106
MinimumVisualStudioVersion = 10.0.40219.1
Project("{FAE04EC0-301F-11D3-BF4B-00C04F79EFBC}") = "Animation.Android", "Animation\Animation.Android\Animation.Android.csproj", "{DD33FAB2-D2F2-406A-A002-9DA0077B92E4}"
EndProject
Project("{FAE04EC0-301F-11D3-BF4B-00C04F79EFBC}") = "Animation.iOS", "Animation\Animation.iOS\Animation.iOS.csproj", "{B518CC24-1F35-4582-9707-0EB414E42355}"
EndProject
Project("{FAE04EC0-301F-11D3-BF4B-00C04F79EFBC}") = "Animation", "Animation\Animation\Animation.csproj", "{9C464BBE-A6CF-4E9D-B022-7FF10B7741FA}"
EndProject
Global
	GlobalSection(SolutionConfigurationPlatforms) = preSolution
		Ad-Hoc|Any CPU = Ad-Hoc|Any CPU
		Ad-Hoc|iPhone = Ad-Hoc|iPhone
		Ad-Hoc|iPhoneSimulator = Ad-Hoc|iPhoneSimulator
		AppStore|Any CPU = AppStore|Any CPU
		AppStore|iPhone = AppStore|iPhone
		AppStore|iPhoneSimulator = AppStore|iPhoneSimulator
		Debug|Any CPU = Debug|Any CPU
		Debug|iPhone = Debug|iPhone
		Debug|iPhoneSimulator = Debug|iPhoneSimulator
		Release|Any CPU = Release|Any CPU
		Release|iPhone = Release|iPhone
		Release|iPhoneSimulator = Release|iPhoneSimulator
	EndGlobalSection
	GlobalSection(ProjectConfigurationPlatforms) = postSolution
		{DD33FAB2-D2F2-406A-A002-9DA0077B92E4}.Ad-Hoc|Any CPU.ActiveCfg = Release|Any CPU
		{DD33FAB2-D2F2-406A-A002-9DA0077B92E4}.Ad-Hoc|Any CPU.Build.0 = Release|Any CPU
		{DD33FAB2-D2F2-406A-A002-9DA0077B92E4}.Ad-Hoc|Any CPU.Deploy.0 = Release|Any CPU
		{DD33FAB2-D2F2-406A-A002-9DA0077B92E4}.Ad-Hoc|iPhone.ActiveCfg = Release|Any CPU
		{DD33FAB2-D2F2-406A-A002-9DA0077B92E4}.Ad-Hoc|iPhone.Build.0 = Release|Any CPU
		{DD33FAB2-D2F2-406A-A002-9DA0077B92E4}.Ad-Hoc|iPhone.Deploy.0 = Release|Any CPU
		{DD33FAB2-D2F2-406A-A002-9DA0077B92E4}.Ad-Hoc|iPhoneSimulator.ActiveCfg = Release|Any CPU
		{DD33FAB2-D2F2-406A-A002-9DA0077B92E4}.Ad-Hoc|iPhoneSimulator.Build.0 = Release|Any CPU
		{DD33FAB2-D2F2-406A-A002-9DA0077B92E4}.Ad-Hoc|iPhoneSimulator.Deploy.0 = Release|Any CPU
		{DD33FAB2-D2F2-406A-A002-9DA0077B92E4}.AppStore|Any CPU.ActiveCfg = Release|Any CPU
		{DD33FAB2-D2F2-406A-A002-9DA0077B92E4}.AppStore|Any CPU.Build.0 = Release|Any CPU
		{DD33FAB2-D2F2-406A-A002-9DA0077B92E4}.AppStore|Any CPU.Deploy.0 = Release|Any CPU
		{DD33FAB2-D2F2-406A-A002-9DA0077B92E4}.AppStore|iPhone.ActiveCfg = Release|Any CPU
		{DD33FAB2-D2F2-406A-A002-9DA0077B92E4}.AppStore|iPhone.Build.0 = Release|Any CPU
		{DD33FAB2-D2F2-406A-A002-9DA0077B92E4}.AppStore|iPhone.Deploy.0 = Release|Any CPU
		{DD33FAB2-D2F2-406A-A002-9DA0077B92E4}.AppStore|iPhoneSimulator.ActiveCfg = Release|Any CPU
		{DD33FAB2-D2F2-406A-A002-9DA0077B92E4}.AppStore|iPhoneSimulator.Build.0 = Release|Any CPU
		{DD33FAB2-D2F2-406A-A002-9DA0077B92E4}.AppStore|iPhoneSimulator.Deploy.0 = Release|Any CPU
		{DD33FAB2-D2F2-406A-A002-9DA0077B92E4}.Debug|Any CPU.ActiveCfg = Debug|Any CPU
		{DD33FAB2-D2F2-406A-A002-9DA0077B92E4}.Debug|Any CPU.Build.0 = Debug|Any CPU
		{DD33FAB2-D2F2-406A-A002-9DA0077B92E4}.Debug|Any CPU.Deploy.0 = Debug|Any CPU
		{DD33FAB2-D2F2-406A-A002-9DA0077B92E4}.Debug|iPhone.ActiveCfg = Debug|Any CPU
		{DD33FAB2-D2F2-406A-A002-9DA0077B92E4}.Debug|iPhone.Build.0 = Debug|Any CPU
		{DD33FAB2-D2F2-406A-A002-9DA0077B92E4}.Debug|iPhone.Deploy.0 = Debug|Any CPU
		{DD33FAB2-D2F2-406A-A002-9DA0077B92E4}.Debug|iPhoneSimulator.ActiveCfg = Debug|Any CPU
		{DD33FAB2-D2F2-406A-A002-9DA0077B92E4}.Debug|iPhoneSimulator.Build.0 = Debug|Any CPU
		{DD33FAB2-D2F2-406A-A002-9DA0077B92E4}.Debug|iPhoneSimulator.Deploy.0 = Debug|Any CPU
		{DD33FAB2-D2F2-406A-A002-9DA0077B92E4}.Release|Any CPU.ActiveCfg = Release|Any CPU
		{DD33FAB2-D2F2-406A-A002-9DA0077B92E4}.Release|Any CPU.Build.0 = Release|Any CPU
		{DD33FAB2-D2F2-406A-A002-9DA0077B92E4}.Release|Any CPU.Deploy.0 = Release|Any CPU
		{DD33FAB2-D2F2-406A-A002-9DA0077B92E4}.Release|iPhone.ActiveCfg = Release|Any CPU
		{DD33FAB2-D2F2-406A-A002-9DA0077B92E4}.Release|iPhone.Build.0 = Release|Any CPU
		{DD33FAB2-D2F2-406A-A002-9DA0077B92E4}.Release|iPhone.Deploy.0 = Release|Any CPU
		{DD33FAB2-D2F2-406A-A002-9DA0077B92E4}.Release|iPhoneSimulator.ActiveCfg = Release|Any CPU
		{DD33FAB2-D2F2-406A-A002-9DA0077B92E4}.Release|iPhoneSimulator.Build.0 = Release|Any CPU
		{DD33FAB2-D2F2-406A-A002-9DA0077B92E4}.Release|iPhoneSimulator.Deploy.0 = Release|Any CPU
		{B518CC24-1F35-4582-9707-0EB414E42355}.Ad-Hoc|Any CPU.ActiveCfg = Ad-Hoc|iPhone
		{B518CC24-1F35-4582-9707-0EB414E42355}.Ad-Hoc|Any CPU.Build.0 = Ad-Hoc|iPhone
		{B518CC24-1F35-4582-9707-0EB414E42355}.Ad-Hoc|Any CPU.Deploy.0 = Ad-Hoc|iPhone
		{B518CC24-1F35-4582-9707-0EB414E42355}.Ad-Hoc|iPhone.ActiveCfg = Ad-Hoc|iPhone
		{B518CC24-1F35-4582-9707-0EB414E42355}.Ad-Hoc|iPhone.Build.0 = Ad-Hoc|iPhone
		{B518CC24-1F35-4582-9707-0EB414E42355}.Ad-Hoc|iPhone.Deploy.0 = Ad-Hoc|iPhone
		{B518CC24-1F35-4582-9707-0EB414E42355}.Ad-Hoc|iPhoneSimulator.ActiveCfg = Ad-Hoc|iPhoneSimulator
		{B518CC24-1F35-4582-9707-0EB414E42355}.Ad-Hoc|iPhoneSimulator.Build.0 = Ad-Hoc|iPhoneSimulator
		{B518CC24-1F35-4582-9707-0EB414E42355}.Ad-Hoc|iPhoneSimulator.Deploy.0 = Ad-Hoc|iPhoneSimulator
		{B518CC24-1F35-4582-9707-0EB414E42355}.AppStore|Any CPU.ActiveCfg = AppStore|iPhone
		{B518CC24-1F35-4582-9707-0EB414E42355}.AppStore|Any CPU.Build.0 = AppStore|iPhone
		{B518CC24-1F35-4582-9707-0EB414E42355}.AppStore|Any CPU.Deploy.0 = AppStore|iPhone
		{B518CC24-1F35-4582-9707-0EB414E42355}.AppStore|iPhone.ActiveCfg = AppStore|iPhone
		{B518CC24-1F35-4582-9707-0EB414E42355}.AppStore|iPhone.Build.0 = AppStore|iPhone
		{B518CC24-1F35-4582-9707-0EB414E42355}.AppStore|iPhone.Deploy.0 = AppStore|iPhone
		{B518CC24-1F35-4582-9707-0EB414E42355}.AppStore|iPhoneSimulator.ActiveCfg = AppStore|iPhoneSimulator
		{B518CC24-1F35-4582-9707-0EB414E42355}.AppStore|iPhoneSimulator.Build.0 = AppStore|iPhoneSimulator
		{B518CC24-1F35-4582-9707-0EB414E42355}.AppStore|iPhoneSimulator.Deploy.0 = AppStore|iPhoneSimulator
		{B518CC24-1F35-4582-9707-0EB414E42355}.Debug|Any CPU.ActiveCfg = Debug|iPhoneSimulator
		{B518CC24-1F35-4582-9707-0EB414E42355}.Debug|Any CPU.Build.0 = Debug|iPhoneSimulator
		{B518CC24-1F35-4582-9707-0EB414E42355}.Debug|Any CPU.Deploy.0 = Debug|iPhoneSimulator
		{B518CC24-1F35-4582-9707-0EB414E42355}.Debug|iPhone.ActiveCfg = Debug|iPhone
		{B518CC24-1F35-4582-9707-0EB414E42355}.Debug|iPhone.Build.0 = Debug|iPhone
		{B518CC24-1F35-4582-9707-0EB414E42355}.Debug|iPhone.Deploy.0 = Debug|iPhone
		{B518CC24-1F35-4582-9707-0EB414E42355}.Debug|iPhoneSimulator.ActiveCfg = Debug|iPhoneSimulator
		{B518CC24-1F35-4582-9707-0EB414E42355}.Debug|iPhoneSimulator.Build.0 = Debug|iPhoneSimulator
		{B518CC24-1F35-4582-9707-0EB414E42355}.Debug|iPhoneSimulator.Deploy.0 = Debug|iPhoneSimulator
		{B518CC24-1F35-4582-9707-0EB414E42355}.Release|Any CPU.ActiveCfg = Release|iPhone
		{B518CC24-1F35-4582-9707-0EB414E42355}.Release|Any CPU.Build.0 = Release|iPhone
		{B518CC24-1F35-4582-9707-0EB414E42355}.Release|Any CPU.Deploy.0 = Release|iPhone
		{B518CC24-1F35-4582-9707-0EB414E42355}.Release|iPhone.ActiveCfg = Release|iPhone
		{B518CC24-1F35-4582-9707-0EB414E42355}.Release|iPhone.Build.0 = Release|iPhone
		{B518CC24-1F35-4582-9707-0EB414E42355}.Release|iPhone.Deploy.0 = Release|iPhone
		{B518CC24-1F35-4582-9707-0EB414E42355}.Release|iPhoneSimulator.ActiveCfg = Release|iPhoneSimulator
		{B518CC24-1F35-4582-9707-0EB414E42355}.Release|iPhoneSimulator.Build.0 = Release|iPhoneSimulator
		{B518CC24-1F35-4582-9707-0EB414E42355}.Release|iPhoneSimulator.Deploy.0 = Release|iPhoneSimulator
		{9C464BBE-A6CF-4E9D-B022-7FF10B7741FA}.Ad-Hoc|Any CPU.ActiveCfg = Debug|Any CPU
		{9C464BBE-A6CF-4E9D-B022-7FF10B7741FA}.Ad-Hoc|Any CPU.Build.0 = Debug|Any CPU
		{9C464BBE-A6CF-4E9D-B022-7FF10B7741FA}.Ad-Hoc|Any CPU.Deploy.0 = Debug|Any CPU
		{9C464BBE-A6CF-4E9D-B022-7FF10B7741FA}.Ad-Hoc|iPhone.ActiveCfg = Debug|Any CPU
		{9C464BBE-A6CF-4E9D-B022-7FF10B7741FA}.Ad-Hoc|iPhone.Build.0 = Debug|Any CPU
		{9C464BBE-A6CF-4E9D-B022-7FF10B7741FA}.Ad-Hoc|iPhone.Deploy.0 = Debug|Any CPU
		{9C464BBE-A6CF-4E9D-B022-7FF10B7741FA}.Ad-Hoc|iPhoneSimulator.ActiveCfg = Debug|Any CPU
		{9C464BBE-A6CF-4E9D-B022-7FF10B7741FA}.Ad-Hoc|iPhoneSimulator.Build.0 = Debug|Any CPU
		{9C464BBE-A6CF-4E9D-B022-7FF10B7741FA}.Ad-Hoc|iPhoneSimulator.Deploy.0 = Debug|Any CPU
		{9C464BBE-A6CF-4E9D-B022-7FF10B7741FA}.AppStore|Any CPU.ActiveCfg = Debug|Any CPU
		{9C464BBE-A6CF-4E9D-B022-7FF10B7741FA}.AppStore|Any CPU.Build.0 = Debug|Any CPU
		{9C464BBE-A6CF-4E9D-B022-7FF10B7741FA}.AppStore|Any CPU.Deploy.0 = Debug|Any CPU
		{9C464BBE-A6CF-4E9D-B022-7FF10B7741FA}.AppStore|iPhone.ActiveCfg = Debug|Any CPU
		{9C464BBE-A6CF-4E9D-B022-7FF10B7741FA}.AppStore|iPhone.Build.0 = Debug|Any CPU
		{9C464BBE-A6CF-4E9D-B022-7FF10B7741FA}.AppStore|iPhone.Deploy.0 = Debug|Any CPU
		{9C464BBE-A6CF-4E9D-B022-7FF10B7741FA}.AppStore|iPhoneSimulator.ActiveCfg = Debug|Any CPU
		{9C464BBE-A6CF-4E9D-B022-7FF10B7741FA}.AppStore|iPhoneSimulator.Build.0 = Debug|Any CPU
		{9C464BBE-A6CF-4E9D-B022-7FF10B7741FA}.AppStore|iPhoneSimulator.Deploy.0 = Debug|Any CPU
		{9C464BBE-A6CF-4E9D-B022-7FF10B7741FA}.Debug|Any CPU.ActiveCfg = Debug|Any CPU
		{9C464BBE-A6CF-4E9D-B022-7FF10B7741FA}.Debug|Any CPU.Build.0 = Debug|Any CPU
		{9C464BBE-A6CF-4E9D-B022-7FF10B7741FA}.Debug|Any CPU.Deploy.0 = Debug|Any CPU
		{9C464BBE-A6CF-4E9D-B022-7FF10B7741FA}.Debug|iPhone.ActiveCfg = Debug|Any CPU
		{9C464BBE-A6CF-4E9D-B022-7FF10B7741FA}.Debug|iPhone.Build.0 = Debug|Any CPU
		{9C464BBE-A6CF-4E9D-B022-7FF10B7741FA}.Debug|iPhone.Deploy.0 = Debug|Any CPU
		{9C464BBE-A6CF-4E9D-B022-7FF10B7741FA}.Debug|iPhoneSimulator.ActiveCfg = Debug|Any CPU
		{9C464BBE-A6CF-4E9D-B022-7FF10B7741FA}.Debug|iPhoneSimulator.Build.0 = Debug|Any CPU
		{9C464BBE-A6CF-4E9D-B022-7FF10B7741FA}.Debug|iPhoneSimulator.Deploy.0 = Debug|Any CPU
		{9C464BBE-A6CF-4E9D-B022-7FF10B7741FA}.Release|Any CPU.ActiveCfg = Release|Any CPU
		{9C464BBE-A6CF-4E9D-B022-7FF10B7741FA}.Release|Any CPU.Build.0 = Release|Any CPU
		{9C464BBE-A6CF-4E9D-B022-7FF10B7741FA}.Release|Any CPU.Deploy.0 = Release|Any CPU
		{9C464BBE-A6CF-4E9D-B022-7FF10B7741FA}.Release|iPhone.ActiveCfg = Release|Any CPU
		{9C464BBE-A6CF-4E9D-B022-7FF10B7741FA}.Release|iPhone.Build.0 = Release|Any CPU
		{9C464BBE-A6CF-4E9D-B022-7FF10B7741FA}.Release|iPhone.Deploy.0 = Release|Any CPU
		{9C464BBE-A6CF-4E9D-B022-7FF10B7741FA}.Release|iPhoneSimulator.ActiveCfg = Release|Any CPU
		{9C464BBE-A6CF-4E9D-B022-7FF10B7741FA}.Release|iPhoneSimulator.Build.0 = Release|Any CPU
		{9C464BBE-A6CF-4E9D-B022-7FF10B7741FA}.Release|iPhoneSimulator.Deploy.0 = Release|Any CPU
	EndGlobalSection
	GlobalSection(SolutionProperties) = preSolution
		HideSolutionNode = FALSE
	EndGlobalSection
	GlobalSection(ExtensibilityGlobals) = postSolution
		SolutionGuid = {762D7E46-6125-4DF3-81CE-F205465F8C62}
	EndGlobalSection
EndGlobal
