
Microsoft Visual Studio Solution File, Format Version 12.00
# Visual Studio 15
VisualStudioVersion = 15.0.28307.106
MinimumVisualStudioVersion = 10.0.40219.1
Project("{FAE04EC0-301F-11D3-BF4B-00C04F79EFBC}") = "AnalogClock.Android", "AnalogClock\AnalogClock.Android\AnalogClock.Android.csproj", "{717095F1-FD3E-4F91-930B-AD27B45789C7}"
EndProject
Project("{FAE04EC0-301F-11D3-BF4B-00C04F79EFBC}") = "AnalogClock.iOS", "AnalogClock\AnalogClock.iOS\AnalogClock.iOS.csproj", "{330AD009-29A7-4A2D-88D3-1AEFAA533C3E}"
EndProject
Project("{FAE04EC0-301F-11D3-BF4B-00C04F79EFBC}") = "AnalogClock", "AnalogClock\AnalogClock\AnalogClock.csproj", "{7124169F-4CE5-42ED-807F-00F236B31ADD}"
EndProject
Global
	GlobalSection(SolutionConfigurationPlatforms) = preSolution
		Ad-Hoc|Any CPU = Ad-Hoc|Any CPU
		Ad-Hoc|iPhone = Ad-Hoc|iPhone
		Ad-Hoc|iPhoneSimulator = Ad-Hoc|iPhoneSimulator
		AppStore|Any CPU = AppStore|Any CPU
		AppStore|iPhone = AppStore|iPhone
		AppStore|iPhoneSimulator = AppStore|iPhoneSimulator
		Debug|Any CPU = Debug|Any CPU
		Debug|iPhone = Debug|iPhone
		Debug|iPhoneSimulator = Debug|iPhoneSimulator
		Release|Any CPU = Release|Any CPU
		Release|iPhone = Release|iPhone
		Release|iPhoneSimulator = Release|iPhoneSimulator
	EndGlobalSection
	GlobalSection(ProjectConfigurationPlatforms) = postSolution
		{717095F1-FD3E-4F91-930B-AD27B45789C7}.Ad-Hoc|Any CPU.ActiveCfg = Release|Any CPU
		{717095F1-FD3E-4F91-930B-AD27B45789C7}.Ad-Hoc|Any CPU.Build.0 = Release|Any CPU
		{717095F1-FD3E-4F91-930B-AD27B45789C7}.Ad-Hoc|Any CPU.Deploy.0 = Release|Any CPU
		{717095F1-FD3E-4F91-930B-AD27B45789C7}.Ad-Hoc|iPhone.ActiveCfg = Release|Any CPU
		{717095F1-FD3E-4F91-930B-AD27B45789C7}.Ad-Hoc|iPhone.Build.0 = Release|Any CPU
		{717095F1-FD3E-4F91-930B-AD27B45789C7}.Ad-Hoc|iPhone.Deploy.0 = Release|Any CPU
		{717095F1-FD3E-4F91-930B-AD27B45789C7}.Ad-Hoc|iPhoneSimulator.ActiveCfg = Release|Any CPU
		{717095F1-FD3E-4F91-930B-AD27B45789C7}.Ad-Hoc|iPhoneSimulator.Build.0 = Release|Any CPU
		{717095F1-FD3E-4F91-930B-AD27B45789C7}.Ad-Hoc|iPhoneSimulator.Deploy.0 = Release|Any CPU
		{717095F1-FD3E-4F91-930B-AD27B45789C7}.AppStore|Any CPU.ActiveCfg = Release|Any CPU
		{717095F1-FD3E-4F91-930B-AD27B45789C7}.AppStore|Any CPU.Build.0 = Release|Any CPU
		{717095F1-FD3E-4F91-930B-AD27B45789C7}.AppStore|Any CPU.Deploy.0 = Release|Any CPU
		{717095F1-FD3E-4F91-930B-AD27B45789C7}.AppStore|iPhone.ActiveCfg = Release|Any CPU
		{717095F1-FD3E-4F91-930B-AD27B45789C7}.AppStore|iPhone.Build.0 = Release|Any CPU
		{717095F1-FD3E-4F91-930B-AD27B45789C7}.AppStore|iPhone.Deploy.0 = Release|Any CPU
		{717095F1-FD3E-4F91-930B-AD27B45789C7}.AppStore|iPhoneSimulator.ActiveCfg = Release|Any CPU
		{717095F1-FD3E-4F91-930B-AD27B45789C7}.AppStore|iPhoneSimulator.Build.0 = Release|Any CPU
		{717095F1-FD3E-4F91-930B-AD27B45789C7}.AppStore|iPhoneSimulator.Deploy.0 = Release|Any CPU
		{717095F1-FD3E-4F91-930B-AD27B45789C7}.Debug|Any CPU.ActiveCfg = Debug|Any CPU
		{717095F1-FD3E-4F91-930B-AD27B45789C7}.Debug|Any CPU.Build.0 = Debug|Any CPU
		{717095F1-FD3E-4F91-930B-AD27B45789C7}.Debug|Any CPU.Deploy.0 = Debug|Any CPU
		{717095F1-FD3E-4F91-930B-AD27B45789C7}.Debug|iPhone.ActiveCfg = Debug|Any CPU
		{717095F1-FD3E-4F91-930B-AD27B45789C7}.Debug|iPhone.Build.0 = Debug|Any CPU
		{717095F1-FD3E-4F91-930B-AD27B45789C7}.Debug|iPhone.Deploy.0 = Debug|Any CPU
		{717095F1-FD3E-4F91-930B-AD27B45789C7}.Debug|iPhoneSimulator.ActiveCfg = Debug|Any CPU
		{717095F1-FD3E-4F91-930B-AD27B45789C7}.Debug|iPhoneSimulator.Build.0 = Debug|Any CPU
		{717095F1-FD3E-4F91-930B-AD27B45789C7}.Debug|iPhoneSimulator.Deploy.0 = Debug|Any CPU
		{717095F1-FD3E-4F91-930B-AD27B45789C7}.Release|Any CPU.ActiveCfg = Release|Any CPU
		{717095F1-FD3E-4F91-930B-AD27B45789C7}.Release|Any CPU.Build.0 = Release|Any CPU
		{717095F1-FD3E-4F91-930B-AD27B45789C7}.Release|Any CPU.Deploy.0 = Release|Any CPU
		{717095F1-FD3E-4F91-930B-AD27B45789C7}.Release|iPhone.ActiveCfg = Release|Any CPU
		{717095F1-FD3E-4F91-930B-AD27B45789C7}.Release|iPhone.Build.0 = Release|Any CPU
		{717095F1-FD3E-4F91-930B-AD27B45789C7}.Release|iPhone.Deploy.0 = Release|Any CPU
		{717095F1-FD3E-4F91-930B-AD27B45789C7}.Release|iPhoneSimulator.ActiveCfg = Release|Any CPU
		{717095F1-FD3E-4F91-930B-AD27B45789C7}.Release|iPhoneSimulator.Build.0 = Release|Any CPU
		{717095F1-FD3E-4F91-930B-AD27B45789C7}.Release|iPhoneSimulator.Deploy.0 = Release|Any CPU
		{330AD009-29A7-4A2D-88D3-1AEFAA533C3E}.Ad-Hoc|Any CPU.ActiveCfg = Ad-Hoc|iPhone
		{330AD009-29A7-4A2D-88D3-1AEFAA533C3E}.Ad-Hoc|Any CPU.Build.0 = Ad-Hoc|iPhone
		{330AD009-29A7-4A2D-88D3-1AEFAA533C3E}.Ad-Hoc|Any CPU.Deploy.0 = Ad-Hoc|iPhone
		{330AD009-29A7-4A2D-88D3-1AEFAA533C3E}.Ad-Hoc|iPhone.ActiveCfg = Ad-Hoc|iPhone
		{330AD009-29A7-4A2D-88D3-1AEFAA533C3E}.Ad-Hoc|iPhone.Build.0 = Ad-Hoc|iPhone
		{330AD009-29A7-4A2D-88D3-1AEFAA533C3E}.Ad-Hoc|iPhone.Deploy.0 = Ad-Hoc|iPhone
		{330AD009-29A7-4A2D-88D3-1AEFAA533C3E}.Ad-Hoc|iPhoneSimulator.ActiveCfg = Ad-Hoc|iPhoneSimulator
		{330AD009-29A7-4A2D-88D3-1AEFAA533C3E}.Ad-Hoc|iPhoneSimulator.Build.0 = Ad-Hoc|iPhoneSimulator
		{330AD009-29A7-4A2D-88D3-1AEFAA533C3E}.Ad-Hoc|iPhoneSimulator.Deploy.0 = Ad-Hoc|iPhoneSimulator
		{330AD009-29A7-4A2D-88D3-1AEFAA533C3E}.AppStore|Any CPU.ActiveCfg = AppStore|iPhone
		{330AD009-29A7-4A2D-88D3-1AEFAA533C3E}.AppStore|Any CPU.Build.0 = AppStore|iPhone
		{330AD009-29A7-4A2D-88D3-1AEFAA533C3E}.AppStore|Any CPU.Deploy.0 = AppStore|iPhone
		{330AD009-29A7-4A2D-88D3-1AEFAA533C3E}.AppStore|iPhone.ActiveCfg = AppStore|iPhone
		{330AD009-29A7-4A2D-88D3-1AEFAA533C3E}.AppStore|iPhone.Build.0 = AppStore|iPhone
		{330AD009-29A7-4A2D-88D3-1AEFAA533C3E}.AppStore|iPhone.Deploy.0 = AppStore|iPhone
		{330AD009-29A7-4A2D-88D3-1AEFAA533C3E}.AppStore|iPhoneSimulator.ActiveCfg = AppStore|iPhoneSimulator
		{330AD009-29A7-4A2D-88D3-1AEFAA533C3E}.AppStore|iPhoneSimulator.Build.0 = AppStore|iPhoneSimulator
		{330AD009-29A7-4A2D-88D3-1AEFAA533C3E}.AppStore|iPhoneSimulator.Deploy.0 = AppStore|iPhoneSimulator
		{330AD009-29A7-4A2D-88D3-1AEFAA533C3E}.Debug|Any CPU.ActiveCfg = Debug|iPhoneSimulator
		{330AD009-29A7-4A2D-88D3-1AEFAA533C3E}.Debug|Any CPU.Build.0 = Debug|iPhoneSimulator
		{330AD009-29A7-4A2D-88D3-1AEFAA533C3E}.Debug|Any CPU.Deploy.0 = Debug|iPhoneSimulator
		{330AD009-29A7-4A2D-88D3-1AEFAA533C3E}.Debug|iPhone.ActiveCfg = Debug|iPhone
		{330AD009-29A7-4A2D-88D3-1AEFAA533C3E}.Debug|iPhone.Build.0 = Debug|iPhone
		{330AD009-29A7-4A2D-88D3-1AEFAA533C3E}.Debug|iPhone.Deploy.0 = Debug|iPhone
		{330AD009-29A7-4A2D-88D3-1AEFAA533C3E}.Debug|iPhoneSimulator.ActiveCfg = Debug|iPhoneSimulator
		{330AD009-29A7-4A2D-88D3-1AEFAA533C3E}.Debug|iPhoneSimulator.Build.0 = Debug|iPhoneSimulator
		{330AD009-29A7-4A2D-88D3-1AEFAA533C3E}.Debug|iPhoneSimulator.Deploy.0 = Debug|iPhoneSimulator
		{330AD009-29A7-4A2D-88D3-1AEFAA533C3E}.Release|Any CPU.ActiveCfg = Release|iPhone
		{330AD009-29A7-4A2D-88D3-1AEFAA533C3E}.Release|Any CPU.Build.0 = Release|iPhone
		{330AD009-29A7-4A2D-88D3-1AEFAA533C3E}.Release|Any CPU.Deploy.0 = Release|iPhone
		{330AD009-29A7-4A2D-88D3-1AEFAA533C3E}.Release|iPhone.ActiveCfg = Release|iPhone
		{330AD009-29A7-4A2D-88D3-1AEFAA533C3E}.Release|iPhone.Build.0 = Release|iPhone
		{330AD009-29A7-4A2D-88D3-1AEFAA533C3E}.Release|iPhone.Deploy.0 = Release|iPhone
		{330AD009-29A7-4A2D-88D3-1AEFAA533C3E}.Release|iPhoneSimulator.ActiveCfg = Release|iPhoneSimulator
		{330AD009-29A7-4A2D-88D3-1AEFAA533C3E}.Release|iPhoneSimulator.Build.0 = Release|iPhoneSimulator
		{330AD009-29A7-4A2D-88D3-1AEFAA533C3E}.Release|iPhoneSimulator.Deploy.0 = Release|iPhoneSimulator
		{7124169F-4CE5-42ED-807F-00F236B31ADD}.Ad-Hoc|Any CPU.ActiveCfg = Debug|Any CPU
		{7124169F-4CE5-42ED-807F-00F236B31ADD}.Ad-Hoc|Any CPU.Build.0 = Debug|Any CPU
		{7124169F-4CE5-42ED-807F-00F236B31ADD}.Ad-Hoc|Any CPU.Deploy.0 = Debug|Any CPU
		{7124169F-4CE5-42ED-807F-00F236B31ADD}.Ad-Hoc|iPhone.ActiveCfg = Debug|Any CPU
		{7124169F-4CE5-42ED-807F-00F236B31ADD}.Ad-Hoc|iPhone.Build.0 = Debug|Any CPU
		{7124169F-4CE5-42ED-807F-00F236B31ADD}.Ad-Hoc|iPhone.Deploy.0 = Debug|Any CPU
		{7124169F-4CE5-42ED-807F-00F236B31ADD}.Ad-Hoc|iPhoneSimulator.ActiveCfg = Debug|Any CPU
		{7124169F-4CE5-42ED-807F-00F236B31ADD}.Ad-Hoc|iPhoneSimulator.Build.0 = Debug|Any CPU
		{7124169F-4CE5-42ED-807F-00F236B31ADD}.Ad-Hoc|iPhoneSimulator.Deploy.0 = Debug|Any CPU
		{7124169F-4CE5-42ED-807F-00F236B31ADD}.AppStore|Any CPU.ActiveCfg = Debug|Any CPU
		{7124169F-4CE5-42ED-807F-00F236B31ADD}.AppStore|Any CPU.Build.0 = Debug|Any CPU
		{7124169F-4CE5-42ED-807F-00F236B31ADD}.AppStore|Any CPU.Deploy.0 = Debug|Any CPU
		{7124169F-4CE5-42ED-807F-00F236B31ADD}.AppStore|iPhone.ActiveCfg = Debug|Any CPU
		{7124169F-4CE5-42ED-807F-00F236B31ADD}.AppStore|iPhone.Build.0 = Debug|Any CPU
		{7124169F-4CE5-42ED-807F-00F236B31ADD}.AppStore|iPhone.Deploy.0 = Debug|Any CPU
		{7124169F-4CE5-42ED-807F-00F236B31ADD}.AppStore|iPhoneSimulator.ActiveCfg = Debug|Any CPU
		{7124169F-4CE5-42ED-807F-00F236B31ADD}.AppStore|iPhoneSimulator.Build.0 = Debug|Any CPU
		{7124169F-4CE5-42ED-807F-00F236B31ADD}.AppStore|iPhoneSimulator.Deploy.0 = Debug|Any CPU
		{7124169F-4CE5-42ED-807F-00F236B31ADD}.Debug|Any CPU.ActiveCfg = Debug|Any CPU
		{7124169F-4CE5-42ED-807F-00F236B31ADD}.Debug|Any CPU.Build.0 = Debug|Any CPU
		{7124169F-4CE5-42ED-807F-00F236B31ADD}.Debug|Any CPU.Deploy.0 = Debug|Any CPU
		{7124169F-4CE5-42ED-807F-00F236B31ADD}.Debug|iPhone.ActiveCfg = Debug|Any CPU
		{7124169F-4CE5-42ED-807F-00F236B31ADD}.Debug|iPhone.Build.0 = Debug|Any CPU
		{7124169F-4CE5-42ED-807F-00F236B31ADD}.Debug|iPhone.Deploy.0 = Debug|Any CPU
		{7124169F-4CE5-42ED-807F-00F236B31ADD}.Debug|iPhoneSimulator.ActiveCfg = Debug|Any CPU
		{7124169F-4CE5-42ED-807F-00F236B31ADD}.Debug|iPhoneSimulator.Build.0 = Debug|Any CPU
		{7124169F-4CE5-42ED-807F-00F236B31ADD}.Debug|iPhoneSimulator.Deploy.0 = Debug|Any CPU
		{7124169F-4CE5-42ED-807F-00F236B31ADD}.Release|Any CPU.ActiveCfg = Release|Any CPU
		{7124169F-4CE5-42ED-807F-00F236B31ADD}.Release|Any CPU.Build.0 = Release|Any CPU
		{7124169F-4CE5-42ED-807F-00F236B31ADD}.Release|Any CPU.Deploy.0 = Release|Any CPU
		{7124169F-4CE5-42ED-807F-00F236B31ADD}.Release|iPhone.ActiveCfg = Release|Any CPU
		{7124169F-4CE5-42ED-807F-00F236B31ADD}.Release|iPhone.Build.0 = Release|Any CPU
		{7124169F-4CE5-42ED-807F-00F236B31ADD}.Release|iPhone.Deploy.0 = Release|Any CPU
		{7124169F-4CE5-42ED-807F-00F236B31ADD}.Release|iPhoneSimulator.ActiveCfg = Release|Any CPU
		{7124169F-4CE5-42ED-807F-00F236B31ADD}.Release|iPhoneSimulator.Build.0 = Release|Any CPU
		{7124169F-4CE5-42ED-807F-00F236B31ADD}.Release|iPhoneSimulator.Deploy.0 = Release|Any CPU
	EndGlobalSection
	GlobalSection(SolutionProperties) = preSolution
		HideSolutionNode = FALSE
	EndGlobalSection
	GlobalSection(ExtensibilityGlobals) = postSolution
		SolutionGuid = {91F63765-5838-4D65-B34B-DF195F926250}
	EndGlobalSection
EndGlobal
